// !$*UTF8*$!
{
	archiveVersion = 1;
	classes = {
	};
	objectVersion = 46;
	objects = {

/* Begin PBXBuildFile section */
		8A232E181973AB4400E2BEDF /* GISFonts.m in Sources */ = {isa = PBXBuildFile; fileRef = 8A232E141973AB4400E2BEDF /* GISFonts.m */; };
		8A232E191973AB4400E2BEDF /* MyriadPro-Bold.otf in Resources */ = {isa = PBXBuildFile; fileRef = 8A232E151973AB4400E2BEDF /* MyriadPro-Bold.otf */; };
		8A232E1A1973AB4400E2BEDF /* MyriadPro-Regular.otf in Resources */ = {isa = PBXBuildFile; fileRef = 8A232E161973AB4400E2BEDF /* MyriadPro-Regular.otf */; };
		8A232E1B1973AB4400E2BEDF /* MyriadPro-Semibold.otf in Resources */ = {isa = PBXBuildFile; fileRef = 8A232E171973AB4400E2BEDF /* MyriadPro-Semibold.otf */; };
		8A232E791973ABE100E2BEDF /* add.png in Resources */ = {isa = PBXBuildFile; fileRef = 8A232E1E1973ABE100E2BEDF /* add.png */; };
		8A232E7A1973ABE100E2BEDF /* add@2x.png in Resources */ = {isa = PBXBuildFile; fileRef = 8A232E1F1973ABE100E2BEDF /* add@2x.png */; };
		8A232E7B1973ABE100E2BEDF /* arrow.png in Resources */ = {isa = PBXBuildFile; fileRef = 8A232E201973ABE100E2BEDF /* arrow.png */; };
		8A232E7C1973ABE100E2BEDF /* arrow@2x.png in Resources */ = {isa = PBXBuildFile; fileRef = 8A232E211973ABE100E2BEDF /* arrow@2x.png */; };
		8A232E7D1973ABE100E2BEDF /* attendees_pressed.png in Resources */ = {isa = PBXBuildFile; fileRef = 8A232E221973ABE100E2BEDF /* attendees_pressed.png */; };
		8A232E7E1973ABE100E2BEDF /* attendees_pressed@2x.png in Resources */ = {isa = PBXBuildFile; fileRef = 8A232E231973ABE100E2BEDF /* attendees_pressed@2x.png */; };
		8A232E7F1973ABE100E2BEDF /* attendees.png in Resources */ = {isa = PBXBuildFile; fileRef = 8A232E241973ABE100E2BEDF /* attendees.png */; };
		8A232E801973ABE100E2BEDF /* attendees@2x.png in Resources */ = {isa = PBXBuildFile; fileRef = 8A232E251973ABE100E2BEDF /* attendees@2x.png */; };
		8A232E811973ABE100E2BEDF /* calender.png in Resources */ = {isa = PBXBuildFile; fileRef = 8A232E261973ABE100E2BEDF /* calender.png */; };
		8A232E821973ABE100E2BEDF /* calender@2x.png in Resources */ = {isa = PBXBuildFile; fileRef = 8A232E271973ABE100E2BEDF /* calender@2x.png */; };
		8A232E831973ABE100E2BEDF /* check_pressed.png in Resources */ = {isa = PBXBuildFile; fileRef = 8A232E281973ABE100E2BEDF /* check_pressed.png */; };
		8A232E841973ABE100E2BEDF /* check_pressed@2x.png in Resources */ = {isa = PBXBuildFile; fileRef = 8A232E291973ABE100E2BEDF /* check_pressed@2x.png */; };
		8A232E851973ABE100E2BEDF /* check.png in Resources */ = {isa = PBXBuildFile; fileRef = 8A232E2A1973ABE100E2BEDF /* check.png */; };
		8A232E861973ABE100E2BEDF /* check@2x.png in Resources */ = {isa = PBXBuildFile; fileRef = 8A232E2B1973ABE100E2BEDF /* check@2x.png */; };
		8A232E871973ABE100E2BEDF /* clock.png in Resources */ = {isa = PBXBuildFile; fileRef = 8A232E2C1973ABE100E2BEDF /* clock.png */; };
		8A232E881973ABE100E2BEDF /* clock@2x.png in Resources */ = {isa = PBXBuildFile; fileRef = 8A232E2D1973ABE100E2BEDF /* clock@2x.png */; };
		8A232E891973ABE100E2BEDF /* comments_pressed.png in Resources */ = {isa = PBXBuildFile; fileRef = 8A232E2E1973ABE100E2BEDF /* comments_pressed.png */; };
		8A232E8A1973ABE100E2BEDF /* comments_pressed@2x.png in Resources */ = {isa = PBXBuildFile; fileRef = 8A232E2F1973ABE100E2BEDF /* comments_pressed@2x.png */; };
		8A232E8B1973ABE100E2BEDF /* comments.png in Resources */ = {isa = PBXBuildFile; fileRef = 8A232E301973ABE100E2BEDF /* comments.png */; };
		8A232E8C1973ABE100E2BEDF /* comments@2x.png in Resources */ = {isa = PBXBuildFile; fileRef = 8A232E311973ABE100E2BEDF /* comments@2x.png */; };
		8A232E8D1973ABE100E2BEDF /* contact_and_billing_pressed.png in Resources */ = {isa = PBXBuildFile; fileRef = 8A232E321973ABE100E2BEDF /* contact_and_billing_pressed.png */; };
		8A232E8E1973ABE100E2BEDF /* contact_and_billing_pressed@2x.png in Resources */ = {isa = PBXBuildFile; fileRef = 8A232E331973ABE100E2BEDF /* contact_and_billing_pressed@2x.png */; };
		8A232E8F1973ABE100E2BEDF /* contact_and_billing.png in Resources */ = {isa = PBXBuildFile; fileRef = 8A232E341973ABE100E2BEDF /* contact_and_billing.png */; };
		8A232E901973ABE100E2BEDF /* contact_and_billing@2x.png in Resources */ = {isa = PBXBuildFile; fileRef = 8A232E351973ABE100E2BEDF /* contact_and_billing@2x.png */; };
		8A232E911973ABE100E2BEDF /* dashbaord_pressed.png in Resources */ = {isa = PBXBuildFile; fileRef = 8A232E361973ABE100E2BEDF /* dashbaord_pressed.png */; };
		8A232E921973ABE100E2BEDF /* dashboard_pressed@2x.png in Resources */ = {isa = PBXBuildFile; fileRef = 8A232E371973ABE100E2BEDF /* dashboard_pressed@2x.png */; };
		8A232E931973ABE100E2BEDF /* dates_and_times_pressed.png in Resources */ = {isa = PBXBuildFile; fileRef = 8A232E381973ABE100E2BEDF /* dates_and_times_pressed.png */; };
		8A232E941973ABE100E2BEDF /* dates_and_times_pressed@2x.png in Resources */ = {isa = PBXBuildFile; fileRef = 8A232E391973ABE100E2BEDF /* dates_and_times_pressed@2x.png */; };
		8A232E951973ABE100E2BEDF /* dates_and_times.png in Resources */ = {isa = PBXBuildFile; fileRef = 8A232E3A1973ABE100E2BEDF /* dates_and_times.png */; };
		8A232E961973ABE100E2BEDF /* dates_and_times@2x.png in Resources */ = {isa = PBXBuildFile; fileRef = 8A232E3B1973ABE100E2BEDF /* dates_and_times@2x.png */; };
		8A232E971973ABE100E2BEDF /* delete_pressed.png in Resources */ = {isa = PBXBuildFile; fileRef = 8A232E3C1973ABE100E2BEDF /* delete_pressed.png */; };
		8A232E981973ABE100E2BEDF /* delete_pressed@2x.png in Resources */ = {isa = PBXBuildFile; fileRef = 8A232E3D1973ABE100E2BEDF /* delete_pressed@2x.png */; };
		8A232E991973ABE100E2BEDF /* delete.png in Resources */ = {isa = PBXBuildFile; fileRef = 8A232E3E1973ABE100E2BEDF /* delete.png */; };
		8A232E9A1973ABE100E2BEDF /* delete@2x.png in Resources */ = {isa = PBXBuildFile; fileRef = 8A232E3F1973ABE100E2BEDF /* delete@2x.png */; };
		8A232E9B1973ABE100E2BEDF /* edit_pressed.png in Resources */ = {isa = PBXBuildFile; fileRef = 8A232E401973ABE100E2BEDF /* edit_pressed.png */; };
		8A232E9C1973ABE100E2BEDF /* edit_pressed@2x.png in Resources */ = {isa = PBXBuildFile; fileRef = 8A232E411973ABE100E2BEDF /* edit_pressed@2x.png */; };
		8A232E9D1973ABE100E2BEDF /* edit.png in Resources */ = {isa = PBXBuildFile; fileRef = 8A232E421973ABE100E2BEDF /* edit.png */; };
		8A232E9E1973ABE100E2BEDF /* edit@2x.png in Resources */ = {isa = PBXBuildFile; fileRef = 8A232E431973ABE100E2BEDF /* edit@2x.png */; };
		8A232E9F1973ABE100E2BEDF /* event_details_pressed.png in Resources */ = {isa = PBXBuildFile; fileRef = 8A232E441973ABE100E2BEDF /* event_details_pressed.png */; };
		8A232EA01973ABE100E2BEDF /* event_details_pressed@2x.png in Resources */ = {isa = PBXBuildFile; fileRef = 8A232E451973ABE100E2BEDF /* event_details_pressed@2x.png */; };
		8A232EA11973ABE100E2BEDF /* event_details.png in Resources */ = {isa = PBXBuildFile; fileRef = 8A232E461973ABE100E2BEDF /* event_details.png */; };
		8A232EA21973ABE100E2BEDF /* event_details@2x.png in Resources */ = {isa = PBXBuildFile; fileRef = 8A232E471973ABE100E2BEDF /* event_details@2x.png */; };
		8A232EA31973ABE100E2BEDF /* find_requests_jobs_pressed.png in Resources */ = {isa = PBXBuildFile; fileRef = 8A232E481973ABE100E2BEDF /* find_requests_jobs_pressed.png */; };
		8A232EA41973ABE100E2BEDF /* find_requests_jobs_pressed@2x.png in Resources */ = {isa = PBXBuildFile; fileRef = 8A232E491973ABE100E2BEDF /* find_requests_jobs_pressed@2x.png */; };
		8A232EA51973ABE100E2BEDF /* find_requests_jobs.png in Resources */ = {isa = PBXBuildFile; fileRef = 8A232E4A1973ABE100E2BEDF /* find_requests_jobs.png */; };
		8A232EA61973ABE100E2BEDF /* find_requests_jobs@2x.png in Resources */ = {isa = PBXBuildFile; fileRef = 8A232E4B1973ABE100E2BEDF /* find_requests_jobs@2x.png */; };
		8A232EA71973ABE100E2BEDF /* info.png in Resources */ = {isa = PBXBuildFile; fileRef = 8A232E4C1973ABE100E2BEDF /* info.png */; };
		8A232EA81973ABE100E2BEDF /* info@2x.png in Resources */ = {isa = PBXBuildFile; fileRef = 8A232E4D1973ABE100E2BEDF /* info@2x.png */; };
		8A232EA91973ABE100E2BEDF /* job_details_pressed.png in Resources */ = {isa = PBXBuildFile; fileRef = 8A232E4E1973ABE100E2BEDF /* job_details_pressed.png */; };
		8A232EAA1973ABE100E2BEDF /* job_details_pressed@2x.png in Resources */ = {isa = PBXBuildFile; fileRef = 8A232E4F1973ABE100E2BEDF /* job_details_pressed@2x.png */; };
		8A232EAB1973ABE100E2BEDF /* job_details.png in Resources */ = {isa = PBXBuildFile; fileRef = 8A232E501973ABE100E2BEDF /* job_details.png */; };
		8A232EAC1973ABE100E2BEDF /* job_details@2x.png in Resources */ = {isa = PBXBuildFile; fileRef = 8A232E511973ABE100E2BEDF /* job_details@2x.png */; };
		8A232EAD1973ABE100E2BEDF /* location_pressed.png in Resources */ = {isa = PBXBuildFile; fileRef = 8A232E521973ABE100E2BEDF /* location_pressed.png */; };
		8A232EAE1973ABE100E2BEDF /* location_pressed@2x.png in Resources */ = {isa = PBXBuildFile; fileRef = 8A232E531973ABE100E2BEDF /* location_pressed@2x.png */; };
		8A232EAF1973ABE100E2BEDF /* location.png in Resources */ = {isa = PBXBuildFile; fileRef = 8A232E541973ABE100E2BEDF /* location.png */; };
		8A232EB01973ABE100E2BEDF /* location@2x.png in Resources */ = {isa = PBXBuildFile; fileRef = 8A232E551973ABE100E2BEDF /* location@2x.png */; };
		8A232EB11973ABE100E2BEDF /* login_password.png in Resources */ = {isa = PBXBuildFile; fileRef = 8A232E561973ABE100E2BEDF /* login_password.png */; };
		8A232EB21973ABE100E2BEDF /* login_password@2x.png in Resources */ = {isa = PBXBuildFile; fileRef = 8A232E571973ABE100E2BEDF /* login_password@2x.png */; };
		8A232EB31973ABE100E2BEDF /* login_username.png in Resources */ = {isa = PBXBuildFile; fileRef = 8A232E581973ABE100E2BEDF /* login_username.png */; };
		8A232EB41973ABE100E2BEDF /* login_username@2x.png in Resources */ = {isa = PBXBuildFile; fileRef = 8A232E591973ABE100E2BEDF /* login_username@2x.png */; };
		8A232EB51973ABE100E2BEDF /* logout_pressed.png in Resources */ = {isa = PBXBuildFile; fileRef = 8A232E5A1973ABE100E2BEDF /* logout_pressed.png */; };
		8A232EB61973ABE100E2BEDF /* logout_pressed@2x.png in Resources */ = {isa = PBXBuildFile; fileRef = 8A232E5B1973ABE100E2BEDF /* logout_pressed@2x.png */; };
		8A232EB71973ABE100E2BEDF /* logout.png in Resources */ = {isa = PBXBuildFile; fileRef = 8A232E5C1973ABE100E2BEDF /* logout.png */; };
		8A232EB81973ABE100E2BEDF /* logout@2x.png in Resources */ = {isa = PBXBuildFile; fileRef = 8A232E5D1973ABE100E2BEDF /* logout@2x.png */; };
		8A232EB91973ABE100E2BEDF /* requests_jobs_pressed.png in Resources */ = {isa = PBXBuildFile; fileRef = 8A232E5E1973ABE100E2BEDF /* requests_jobs_pressed.png */; };
		8A232EBA1973ABE100E2BEDF /* requests_Jobs_pressed@2x in Resources */ = {isa = PBXBuildFile; fileRef = 8A232E5F1973ABE100E2BEDF /* requests_Jobs_pressed@2x */; };
		8A232EBB1973ABE100E2BEDF /* requests_jobs.png in Resources */ = {isa = PBXBuildFile; fileRef = 8A232E601973ABE100E2BEDF /* requests_jobs.png */; };
		8A232EBC1973ABE100E2BEDF /* requests_Jobs@2x in Resources */ = {isa = PBXBuildFile; fileRef = 8A232E611973ABE100E2BEDF /* requests_Jobs@2x */; };
		8A232EBD1973ABE100E2BEDF /* save.png in Resources */ = {isa = PBXBuildFile; fileRef = 8A232E621973ABE100E2BEDF /* save.png */; };
		8A232EBE1973ABE100E2BEDF /* save@2x.png in Resources */ = {isa = PBXBuildFile; fileRef = 8A232E631973ABE100E2BEDF /* save@2x.png */; };
		8A232EBF1973ABE100E2BEDF /* scheduling_pressed.png in Resources */ = {isa = PBXBuildFile; fileRef = 8A232E641973ABE100E2BEDF /* scheduling_pressed.png */; };
		8A232EC01973ABE100E2BEDF /* scheduling_pressed@2x.png in Resources */ = {isa = PBXBuildFile; fileRef = 8A232E651973ABE100E2BEDF /* scheduling_pressed@2x.png */; };
		8A232EC11973ABE100E2BEDF /* scheduling.png in Resources */ = {isa = PBXBuildFile; fileRef = 8A232E661973ABE100E2BEDF /* scheduling.png */; };
		8A232EC21973ABE100E2BEDF /* scheduling@2x.png in Resources */ = {isa = PBXBuildFile; fileRef = 8A232E671973ABE100E2BEDF /* scheduling@2x.png */; };
		8A232EC31973ABE100E2BEDF /* search.png in Resources */ = {isa = PBXBuildFile; fileRef = 8A232E681973ABE100E2BEDF /* search.png */; };
		8A232EC41973ABE100E2BEDF /* search@2x.png in Resources */ = {isa = PBXBuildFile; fileRef = 8A232E691973ABE100E2BEDF /* search@2x.png */; };
		8A232EC51973ABE100E2BEDF /* service_provider_hollow.png in Resources */ = {isa = PBXBuildFile; fileRef = 8A232E6A1973ABE100E2BEDF /* service_provider_hollow.png */; };
		8A232EC61973ABE100E2BEDF /* service_provider_hollow@2x.png in Resources */ = {isa = PBXBuildFile; fileRef = 8A232E6B1973ABE100E2BEDF /* service_provider_hollow@2x.png */; };
		8A232EC71973ABE100E2BEDF /* service_providers.png in Resources */ = {isa = PBXBuildFile; fileRef = 8A232E6C1973ABE100E2BEDF /* service_providers.png */; };
		8A232EC81973ABE100E2BEDF /* service_providers@2x.png in Resources */ = {isa = PBXBuildFile; fileRef = 8A232E6D1973ABE100E2BEDF /* service_providers@2x.png */; };
		8A232EC91973ABE100E2BEDF /* summary_edit.png in Resources */ = {isa = PBXBuildFile; fileRef = 8A232E6E1973ABE100E2BEDF /* summary_edit.png */; };
		8A232ECA1973ABE100E2BEDF /* summary_edit@2x.png in Resources */ = {isa = PBXBuildFile; fileRef = 8A232E6F1973ABE100E2BEDF /* summary_edit@2x.png */; };
		8A232ECB1973ABE100E2BEDF /* summary_pressed.png in Resources */ = {isa = PBXBuildFile; fileRef = 8A232E701973ABE100E2BEDF /* summary_pressed.png */; };
		8A232ECC1973ABE100E2BEDF /* summary_pressed@2x.png in Resources */ = {isa = PBXBuildFile; fileRef = 8A232E711973ABE100E2BEDF /* summary_pressed@2x.png */; };
		8A232ECD1973ABE100E2BEDF /* summary.png in Resources */ = {isa = PBXBuildFile; fileRef = 8A232E721973ABE100E2BEDF /* summary.png */; };
		8A232ECE1973ABE100E2BEDF /* summary@2x.png in Resources */ = {isa = PBXBuildFile; fileRef = 8A232E731973ABE100E2BEDF /* summary@2x.png */; };
		8A232ECF1973ABE100E2BEDF /* trash@2x.png in Resources */ = {isa = PBXBuildFile; fileRef = 8A232E741973ABE100E2BEDF /* trash@2x.png */; };
		8A232ED01973ABE100E2BEDF /* view_pressed.png in Resources */ = {isa = PBXBuildFile; fileRef = 8A232E751973ABE100E2BEDF /* view_pressed.png */; };
		8A232ED11973ABE100E2BEDF /* view_pressed@2x.png in Resources */ = {isa = PBXBuildFile; fileRef = 8A232E761973ABE100E2BEDF /* view_pressed@2x.png */; };
		8A232ED21973ABE100E2BEDF /* view.png in Resources */ = {isa = PBXBuildFile; fileRef = 8A232E771973ABE100E2BEDF /* view.png */; };
		8A232ED31973ABE100E2BEDF /* view@2x.png in Resources */ = {isa = PBXBuildFile; fileRef = 8A232E781973ABE100E2BEDF /* view@2x.png */; };
		8A232EDE1973AC5B00E2BEDF /* GISDashBoardCell.m in Sources */ = {isa = PBXBuildFile; fileRef = 8A232ED61973AC5B00E2BEDF /* GISDashBoardCell.m */; };
		8A232EDF1973AC5B00E2BEDF /* GISDashBoardCell.xib in Resources */ = {isa = PBXBuildFile; fileRef = 8A232ED71973AC5B00E2BEDF /* GISDashBoardCell.xib */; };
		8A232EE01973AC5B00E2BEDF /* GISDashBoardListViewController.m in Sources */ = {isa = PBXBuildFile; fileRef = 8A232ED91973AC5B00E2BEDF /* GISDashBoardListViewController.m */; };
		8A232EE11973AC5B00E2BEDF /* GISDashBoardListViewController.xib in Resources */ = {isa = PBXBuildFile; fileRef = 8A232EDA1973AC5B00E2BEDF /* GISDashBoardListViewController.xib */; };
		8A232EE21973AC5B00E2BEDF /* GISDashBoardViewController.m in Sources */ = {isa = PBXBuildFile; fileRef = 8A232EDC1973AC5B00E2BEDF /* GISDashBoardViewController.m */; };
		8A232EE31973AC5B00E2BEDF /* GISDashBoardViewController.xib in Resources */ = {isa = PBXBuildFile; fileRef = 8A232EDD1973AC5B00E2BEDF /* GISDashBoardViewController.xib */; };
		8A232EE81973ACD700E2BEDF /* GISLoginViewController.m in Sources */ = {isa = PBXBuildFile; fileRef = 8A232EE61973ACD700E2BEDF /* GISLoginViewController.m */; };
		8A232EE91973ACD700E2BEDF /* GISLoginViewController.xib in Resources */ = {isa = PBXBuildFile; fileRef = 8A232EE71973ACD700E2BEDF /* GISLoginViewController.xib */; };
		8A232EEC1973AE4700E2BEDF /* logo.png in Resources */ = {isa = PBXBuildFile; fileRef = 8A232EEA1973AE4700E2BEDF /* logo.png */; };
		8A232EED1973AE4700E2BEDF /* logo@2x.png in Resources */ = {isa = PBXBuildFile; fileRef = 8A232EEB1973AE4700E2BEDF /* logo@2x.png */; };
		8A232EF01973EBAB00E2BEDF /* dashboard.png in Resources */ = {isa = PBXBuildFile; fileRef = 8A232EEE1973EBAB00E2BEDF /* dashboard.png */; };
		8A232EF11973EBAB00E2BEDF /* dashboard@2x.png in Resources */ = {isa = PBXBuildFile; fileRef = 8A232EEF1973EBAB00E2BEDF /* dashboard@2x.png */; };
		BA25FAEB196FAE7900C22F37 /* incomplete_request.png in Resources */ = {isa = PBXBuildFile; fileRef = BA25FAE7196FAE7900C22F37 /* incomplete_request.png */; };
		BA25FAEC196FAE7900C22F37 /* incomplete_request@2x.png in Resources */ = {isa = PBXBuildFile; fileRef = BA25FAE8196FAE7900C22F37 /* incomplete_request@2x.png */; };
		BA25FAED196FAE7900C22F37 /* slider.png in Resources */ = {isa = PBXBuildFile; fileRef = BA25FAE9196FAE7900C22F37 /* slider.png */; };
		BA25FAEE196FAE7900C22F37 /* slider@2x.png in Resources */ = {isa = PBXBuildFile; fileRef = BA25FAEA196FAE7900C22F37 /* slider@2x.png */; };
		BA25FAF1196FC3FA00C22F37 /* dashboard.png in Resources */ = {isa = PBXBuildFile; fileRef = BA25FAEF196FC3FA00C22F37 /* dashboard.png */; };
		BA25FAF2196FC3FA00C22F37 /* dashboard@2x.png in Resources */ = {isa = PBXBuildFile; fileRef = BA25FAF0196FC3FA00C22F37 /* dashboard@2x.png */; };
		BA3AF210196BBAF7006A1E3B /* Foundation.framework in Frameworks */ = {isa = PBXBuildFile; fileRef = BA3AF20F196BBAF7006A1E3B /* Foundation.framework */; };
		BA3AF212196BBAF7006A1E3B /* CoreGraphics.framework in Frameworks */ = {isa = PBXBuildFile; fileRef = BA3AF211196BBAF7006A1E3B /* CoreGraphics.framework */; };
		BA3AF214196BBAF7006A1E3B /* UIKit.framework in Frameworks */ = {isa = PBXBuildFile; fileRef = BA3AF213196BBAF7006A1E3B /* UIKit.framework */; };
		BA3AF21A196BBAF7006A1E3B /* InfoPlist.strings in Resources */ = {isa = PBXBuildFile; fileRef = BA3AF218196BBAF7006A1E3B /* InfoPlist.strings */; };
		BA3AF21C196BBAF7006A1E3B /* main.m in Sources */ = {isa = PBXBuildFile; fileRef = BA3AF21B196BBAF7006A1E3B /* main.m */; };
		BA3AF220196BBAF7006A1E3B /* GISAppDelegate.m in Sources */ = {isa = PBXBuildFile; fileRef = BA3AF21F196BBAF7006A1E3B /* GISAppDelegate.m */; };
		BA3AF222196BBAF7006A1E3B /* Images.xcassets in Resources */ = {isa = PBXBuildFile; fileRef = BA3AF221196BBAF7006A1E3B /* Images.xcassets */; };
		BA3AF229196BBAF7006A1E3B /* XCTest.framework in Frameworks */ = {isa = PBXBuildFile; fileRef = BA3AF228196BBAF7006A1E3B /* XCTest.framework */; };
		BA3AF22A196BBAF7006A1E3B /* Foundation.framework in Frameworks */ = {isa = PBXBuildFile; fileRef = BA3AF20F196BBAF7006A1E3B /* Foundation.framework */; };
		BA3AF22B196BBAF7006A1E3B /* UIKit.framework in Frameworks */ = {isa = PBXBuildFile; fileRef = BA3AF213196BBAF7006A1E3B /* UIKit.framework */; };
		BA3AF233196BBAF8006A1E3B /* InfoPlist.strings in Resources */ = {isa = PBXBuildFile; fileRef = BA3AF231196BBAF8006A1E3B /* InfoPlist.strings */; };
		BA3AF235196BBAF8006A1E3B /* GIS_SchedulerTests.m in Sources */ = {isa = PBXBuildFile; fileRef = BA3AF234196BBAF8006A1E3B /* GIS_SchedulerTests.m */; };
		BA694A371974EFB100AC8CCC /* GISAttendeesViewController.m in Sources */ = {isa = PBXBuildFile; fileRef = BA694A361974EFB100AC8CCC /* GISAttendeesViewController.m */; };
		BA694A391974EFC400AC8CCC /* GISAttendeesViewController.xib in Resources */ = {isa = PBXBuildFile; fileRef = BA694A381974EFC400AC8CCC /* GISAttendeesViewController.xib */; };
		BA694A3C1974F1D900AC8CCC /* GISAttendeesTopCell.m in Sources */ = {isa = PBXBuildFile; fileRef = BA694A3B1974F1D900AC8CCC /* GISAttendeesTopCell.m */; };
		BA694A3E1974F1EA00AC8CCC /* GISAttendeesTopCell.xib in Resources */ = {isa = PBXBuildFile; fileRef = BA694A3D1974F1EA00AC8CCC /* GISAttendeesTopCell.xib */; };
		BA694A411974F3BD00AC8CCC /* dropdown.png in Resources */ = {isa = PBXBuildFile; fileRef = BA694A3F1974F3BD00AC8CCC /* dropdown.png */; };
		BA694A421974F3BD00AC8CCC /* dropdown@2x.png in Resources */ = {isa = PBXBuildFile; fileRef = BA694A401974F3BD00AC8CCC /* dropdown@2x.png */; };
		BA694A441974FA2200AC8CCC /* GISAttendeesCell.xib in Resources */ = {isa = PBXBuildFile; fileRef = BA694A431974FA2200AC8CCC /* GISAttendeesCell.xib */; };
		BA694A4A1975306000AC8CCC /* GISContactsAndBillingViewController.m in Sources */ = {isa = PBXBuildFile; fileRef = BA694A481975306000AC8CCC /* GISContactsAndBillingViewController.m */; };
		BA694A4B1975306000AC8CCC /* GISContactsAndBillingViewController.xib in Resources */ = {isa = PBXBuildFile; fileRef = BA694A491975306000AC8CCC /* GISContactsAndBillingViewController.xib */; };
		BA694A501975389D00AC8CCC /* GISDatesAndTimesViewController.m in Sources */ = {isa = PBXBuildFile; fileRef = BA694A4E1975389D00AC8CCC /* GISDatesAndTimesViewController.m */; };
		BA694A511975389D00AC8CCC /* GISDatesAndTimesViewController.xib in Resources */ = {isa = PBXBuildFile; fileRef = BA694A4F1975389D00AC8CCC /* GISDatesAndTimesViewController.xib */; };
		BA694A5419753CFF00AC8CCC /* unchecked.png in Resources */ = {isa = PBXBuildFile; fileRef = BA694A5219753CFF00AC8CCC /* unchecked.png */; };
		BA694A5519753CFF00AC8CCC /* unchecked@2x.png in Resources */ = {isa = PBXBuildFile; fileRef = BA694A5319753CFF00AC8CCC /* unchecked@2x.png */; };
		BA694A5819753D0900AC8CCC /* checked.png in Resources */ = {isa = PBXBuildFile; fileRef = BA694A5619753D0900AC8CCC /* checked.png */; };
		BA694A5919753D0900AC8CCC /* checked@2x.png in Resources */ = {isa = PBXBuildFile; fileRef = BA694A5719753D0900AC8CCC /* checked@2x.png */; };
/* End PBXBuildFile section */

/* Begin PBXContainerItemProxy section */
		BA3AF22C196BBAF8006A1E3B /* PBXContainerItemProxy */ = {
			isa = PBXContainerItemProxy;
			containerPortal = BA3AF204196BBAF7006A1E3B /* Project object */;
			proxyType = 1;
			remoteGlobalIDString = BA3AF20B196BBAF7006A1E3B;
			remoteInfo = GIS_Scheduler;
		};
/* End PBXContainerItemProxy section */

/* Begin PBXFileReference section */
		8A232E131973AB4400E2BEDF /* GISFonts.h */ = {isa = PBXFileReference; fileEncoding = 4; lastKnownFileType = sourcecode.c.h; name = GISFonts.h; path = GIS_Scheduler/GISFonts.h; sourceTree = SOURCE_ROOT; };
		8A232E141973AB4400E2BEDF /* GISFonts.m */ = {isa = PBXFileReference; fileEncoding = 4; lastKnownFileType = sourcecode.c.objc; name = GISFonts.m; path = GIS_Scheduler/GISFonts.m; sourceTree = SOURCE_ROOT; };
		8A232E151973AB4400E2BEDF /* MyriadPro-Bold.otf */ = {isa = PBXFileReference; lastKnownFileType = file; name = "MyriadPro-Bold.otf"; path = "GIS_Scheduler/MyriadPro-Bold.otf"; sourceTree = SOURCE_ROOT; };
		8A232E161973AB4400E2BEDF /* MyriadPro-Regular.otf */ = {isa = PBXFileReference; lastKnownFileType = file; name = "MyriadPro-Regular.otf"; path = "GIS_Scheduler/MyriadPro-Regular.otf"; sourceTree = SOURCE_ROOT; };
		8A232E171973AB4400E2BEDF /* MyriadPro-Semibold.otf */ = {isa = PBXFileReference; lastKnownFileType = file; name = "MyriadPro-Semibold.otf"; path = "GIS_Scheduler/MyriadPro-Semibold.otf"; sourceTree = SOURCE_ROOT; };
		8A232E1D1973AB8900E2BEDF /* GISConstants.h */ = {isa = PBXFileReference; fileEncoding = 4; lastKnownFileType = sourcecode.c.h; path = GISConstants.h; sourceTree = "<group>"; };
		8A232E1E1973ABE100E2BEDF /* add.png */ = {isa = PBXFileReference; lastKnownFileType = image.png; path = add.png; sourceTree = "<group>"; };
		8A232E1F1973ABE100E2BEDF /* add@2x.png */ = {isa = PBXFileReference; lastKnownFileType = image.png; path = "add@2x.png"; sourceTree = "<group>"; };
		8A232E201973ABE100E2BEDF /* arrow.png */ = {isa = PBXFileReference; lastKnownFileType = image.png; path = arrow.png; sourceTree = "<group>"; };
		8A232E211973ABE100E2BEDF /* arrow@2x.png */ = {isa = PBXFileReference; lastKnownFileType = image.png; path = "arrow@2x.png"; sourceTree = "<group>"; };
		8A232E221973ABE100E2BEDF /* attendees_pressed.png */ = {isa = PBXFileReference; lastKnownFileType = image.png; path = attendees_pressed.png; sourceTree = "<group>"; };
		8A232E231973ABE100E2BEDF /* attendees_pressed@2x.png */ = {isa = PBXFileReference; lastKnownFileType = image.png; path = "attendees_pressed@2x.png"; sourceTree = "<group>"; };
		8A232E241973ABE100E2BEDF /* attendees.png */ = {isa = PBXFileReference; lastKnownFileType = image.png; path = attendees.png; sourceTree = "<group>"; };
		8A232E251973ABE100E2BEDF /* attendees@2x.png */ = {isa = PBXFileReference; lastKnownFileType = image.png; path = "attendees@2x.png"; sourceTree = "<group>"; };
		8A232E261973ABE100E2BEDF /* calender.png */ = {isa = PBXFileReference; lastKnownFileType = image.png; path = calender.png; sourceTree = "<group>"; };
		8A232E271973ABE100E2BEDF /* calender@2x.png */ = {isa = PBXFileReference; lastKnownFileType = image.png; path = "calender@2x.png"; sourceTree = "<group>"; };
		8A232E281973ABE100E2BEDF /* check_pressed.png */ = {isa = PBXFileReference; lastKnownFileType = image.png; path = check_pressed.png; sourceTree = "<group>"; };
		8A232E291973ABE100E2BEDF /* check_pressed@2x.png */ = {isa = PBXFileReference; lastKnownFileType = image.png; path = "check_pressed@2x.png"; sourceTree = "<group>"; };
		8A232E2A1973ABE100E2BEDF /* check.png */ = {isa = PBXFileReference; lastKnownFileType = image.png; path = check.png; sourceTree = "<group>"; };
		8A232E2B1973ABE100E2BEDF /* check@2x.png */ = {isa = PBXFileReference; lastKnownFileType = image.png; path = "check@2x.png"; sourceTree = "<group>"; };
		8A232E2C1973ABE100E2BEDF /* clock.png */ = {isa = PBXFileReference; lastKnownFileType = image.png; path = clock.png; sourceTree = "<group>"; };
		8A232E2D1973ABE100E2BEDF /* clock@2x.png */ = {isa = PBXFileReference; lastKnownFileType = image.png; path = "clock@2x.png"; sourceTree = "<group>"; };
		8A232E2E1973ABE100E2BEDF /* comments_pressed.png */ = {isa = PBXFileReference; lastKnownFileType = image.png; path = comments_pressed.png; sourceTree = "<group>"; };
		8A232E2F1973ABE100E2BEDF /* comments_pressed@2x.png */ = {isa = PBXFileReference; lastKnownFileType = image.png; path = "comments_pressed@2x.png"; sourceTree = "<group>"; };
		8A232E301973ABE100E2BEDF /* comments.png */ = {isa = PBXFileReference; lastKnownFileType = image.png; path = comments.png; sourceTree = "<group>"; };
		8A232E311973ABE100E2BEDF /* comments@2x.png */ = {isa = PBXFileReference; lastKnownFileType = image.png; path = "comments@2x.png"; sourceTree = "<group>"; };
		8A232E321973ABE100E2BEDF /* contact_and_billing_pressed.png */ = {isa = PBXFileReference; lastKnownFileType = image.png; path = contact_and_billing_pressed.png; sourceTree = "<group>"; };
		8A232E331973ABE100E2BEDF /* contact_and_billing_pressed@2x.png */ = {isa = PBXFileReference; lastKnownFileType = image.png; path = "contact_and_billing_pressed@2x.png"; sourceTree = "<group>"; };
		8A232E341973ABE100E2BEDF /* contact_and_billing.png */ = {isa = PBXFileReference; lastKnownFileType = image.png; path = contact_and_billing.png; sourceTree = "<group>"; };
		8A232E351973ABE100E2BEDF /* contact_and_billing@2x.png */ = {isa = PBXFileReference; lastKnownFileType = image.png; path = "contact_and_billing@2x.png"; sourceTree = "<group>"; };
		8A232E361973ABE100E2BEDF /* dashbaord_pressed.png */ = {isa = PBXFileReference; lastKnownFileType = image.png; path = dashbaord_pressed.png; sourceTree = "<group>"; };
		8A232E371973ABE100E2BEDF /* dashboard_pressed@2x.png */ = {isa = PBXFileReference; lastKnownFileType = image.png; path = "dashboard_pressed@2x.png"; sourceTree = "<group>"; };
		8A232E381973ABE100E2BEDF /* dates_and_times_pressed.png */ = {isa = PBXFileReference; lastKnownFileType = image.png; path = dates_and_times_pressed.png; sourceTree = "<group>"; };
		8A232E391973ABE100E2BEDF /* dates_and_times_pressed@2x.png */ = {isa = PBXFileReference; lastKnownFileType = image.png; path = "dates_and_times_pressed@2x.png"; sourceTree = "<group>"; };
		8A232E3A1973ABE100E2BEDF /* dates_and_times.png */ = {isa = PBXFileReference; lastKnownFileType = image.png; path = dates_and_times.png; sourceTree = "<group>"; };
		8A232E3B1973ABE100E2BEDF /* dates_and_times@2x.png */ = {isa = PBXFileReference; lastKnownFileType = image.png; path = "dates_and_times@2x.png"; sourceTree = "<group>"; };
		8A232E3C1973ABE100E2BEDF /* delete_pressed.png */ = {isa = PBXFileReference; lastKnownFileType = image.png; path = delete_pressed.png; sourceTree = "<group>"; };
		8A232E3D1973ABE100E2BEDF /* delete_pressed@2x.png */ = {isa = PBXFileReference; lastKnownFileType = image.png; path = "delete_pressed@2x.png"; sourceTree = "<group>"; };
		8A232E3E1973ABE100E2BEDF /* delete.png */ = {isa = PBXFileReference; lastKnownFileType = image.png; path = delete.png; sourceTree = "<group>"; };
		8A232E3F1973ABE100E2BEDF /* delete@2x.png */ = {isa = PBXFileReference; lastKnownFileType = image.png; path = "delete@2x.png"; sourceTree = "<group>"; };
		8A232E401973ABE100E2BEDF /* edit_pressed.png */ = {isa = PBXFileReference; lastKnownFileType = image.png; path = edit_pressed.png; sourceTree = "<group>"; };
		8A232E411973ABE100E2BEDF /* edit_pressed@2x.png */ = {isa = PBXFileReference; lastKnownFileType = image.png; path = "edit_pressed@2x.png"; sourceTree = "<group>"; };
		8A232E421973ABE100E2BEDF /* edit.png */ = {isa = PBXFileReference; lastKnownFileType = image.png; path = edit.png; sourceTree = "<group>"; };
		8A232E431973ABE100E2BEDF /* edit@2x.png */ = {isa = PBXFileReference; lastKnownFileType = image.png; path = "edit@2x.png"; sourceTree = "<group>"; };
		8A232E441973ABE100E2BEDF /* event_details_pressed.png */ = {isa = PBXFileReference; lastKnownFileType = image.png; path = event_details_pressed.png; sourceTree = "<group>"; };
		8A232E451973ABE100E2BEDF /* event_details_pressed@2x.png */ = {isa = PBXFileReference; lastKnownFileType = image.png; path = "event_details_pressed@2x.png"; sourceTree = "<group>"; };
		8A232E461973ABE100E2BEDF /* event_details.png */ = {isa = PBXFileReference; lastKnownFileType = image.png; path = event_details.png; sourceTree = "<group>"; };
		8A232E471973ABE100E2BEDF /* event_details@2x.png */ = {isa = PBXFileReference; lastKnownFileType = image.png; path = "event_details@2x.png"; sourceTree = "<group>"; };
		8A232E481973ABE100E2BEDF /* find_requests_jobs_pressed.png */ = {isa = PBXFileReference; lastKnownFileType = image.png; path = find_requests_jobs_pressed.png; sourceTree = "<group>"; };
		8A232E491973ABE100E2BEDF /* find_requests_jobs_pressed@2x.png */ = {isa = PBXFileReference; lastKnownFileType = image.png; path = "find_requests_jobs_pressed@2x.png"; sourceTree = "<group>"; };
		8A232E4A1973ABE100E2BEDF /* find_requests_jobs.png */ = {isa = PBXFileReference; lastKnownFileType = image.png; path = find_requests_jobs.png; sourceTree = "<group>"; };
		8A232E4B1973ABE100E2BEDF /* find_requests_jobs@2x.png */ = {isa = PBXFileReference; lastKnownFileType = image.png; path = "find_requests_jobs@2x.png"; sourceTree = "<group>"; };
		8A232E4C1973ABE100E2BEDF /* info.png */ = {isa = PBXFileReference; lastKnownFileType = image.png; path = info.png; sourceTree = "<group>"; };
		8A232E4D1973ABE100E2BEDF /* info@2x.png */ = {isa = PBXFileReference; lastKnownFileType = image.png; path = "info@2x.png"; sourceTree = "<group>"; };
		8A232E4E1973ABE100E2BEDF /* job_details_pressed.png */ = {isa = PBXFileReference; lastKnownFileType = image.png; path = job_details_pressed.png; sourceTree = "<group>"; };
		8A232E4F1973ABE100E2BEDF /* job_details_pressed@2x.png */ = {isa = PBXFileReference; lastKnownFileType = image.png; path = "job_details_pressed@2x.png"; sourceTree = "<group>"; };
		8A232E501973ABE100E2BEDF /* job_details.png */ = {isa = PBXFileReference; lastKnownFileType = image.png; path = job_details.png; sourceTree = "<group>"; };
		8A232E511973ABE100E2BEDF /* job_details@2x.png */ = {isa = PBXFileReference; lastKnownFileType = image.png; path = "job_details@2x.png"; sourceTree = "<group>"; };
		8A232E521973ABE100E2BEDF /* location_pressed.png */ = {isa = PBXFileReference; lastKnownFileType = image.png; path = location_pressed.png; sourceTree = "<group>"; };
		8A232E531973ABE100E2BEDF /* location_pressed@2x.png */ = {isa = PBXFileReference; lastKnownFileType = image.png; path = "location_pressed@2x.png"; sourceTree = "<group>"; };
		8A232E541973ABE100E2BEDF /* location.png */ = {isa = PBXFileReference; lastKnownFileType = image.png; path = location.png; sourceTree = "<group>"; };
		8A232E551973ABE100E2BEDF /* location@2x.png */ = {isa = PBXFileReference; lastKnownFileType = image.png; path = "location@2x.png"; sourceTree = "<group>"; };
		8A232E561973ABE100E2BEDF /* login_password.png */ = {isa = PBXFileReference; lastKnownFileType = image.png; path = login_password.png; sourceTree = "<group>"; };
		8A232E571973ABE100E2BEDF /* login_password@2x.png */ = {isa = PBXFileReference; lastKnownFileType = image.png; path = "login_password@2x.png"; sourceTree = "<group>"; };
		8A232E581973ABE100E2BEDF /* login_username.png */ = {isa = PBXFileReference; lastKnownFileType = image.png; path = login_username.png; sourceTree = "<group>"; };
		8A232E591973ABE100E2BEDF /* login_username@2x.png */ = {isa = PBXFileReference; lastKnownFileType = image.png; path = "login_username@2x.png"; sourceTree = "<group>"; };
		8A232E5A1973ABE100E2BEDF /* logout_pressed.png */ = {isa = PBXFileReference; lastKnownFileType = image.png; path = logout_pressed.png; sourceTree = "<group>"; };
		8A232E5B1973ABE100E2BEDF /* logout_pressed@2x.png */ = {isa = PBXFileReference; lastKnownFileType = image.png; path = "logout_pressed@2x.png"; sourceTree = "<group>"; };
		8A232E5C1973ABE100E2BEDF /* logout.png */ = {isa = PBXFileReference; lastKnownFileType = image.png; path = logout.png; sourceTree = "<group>"; };
		8A232E5D1973ABE100E2BEDF /* logout@2x.png */ = {isa = PBXFileReference; lastKnownFileType = image.png; path = "logout@2x.png"; sourceTree = "<group>"; };
		8A232E5E1973ABE100E2BEDF /* requests_jobs_pressed.png */ = {isa = PBXFileReference; lastKnownFileType = image.png; path = requests_jobs_pressed.png; sourceTree = "<group>"; };
		8A232E5F1973ABE100E2BEDF /* requests_Jobs_pressed@2x */ = {isa = PBXFileReference; lastKnownFileType = file; path = "requests_Jobs_pressed@2x"; sourceTree = "<group>"; };
		8A232E601973ABE100E2BEDF /* requests_jobs.png */ = {isa = PBXFileReference; lastKnownFileType = image.png; path = requests_jobs.png; sourceTree = "<group>"; };
		8A232E611973ABE100E2BEDF /* requests_Jobs@2x */ = {isa = PBXFileReference; lastKnownFileType = file; path = "requests_Jobs@2x"; sourceTree = "<group>"; };
		8A232E621973ABE100E2BEDF /* save.png */ = {isa = PBXFileReference; lastKnownFileType = image.png; path = save.png; sourceTree = "<group>"; };
		8A232E631973ABE100E2BEDF /* save@2x.png */ = {isa = PBXFileReference; lastKnownFileType = image.png; path = "save@2x.png"; sourceTree = "<group>"; };
		8A232E641973ABE100E2BEDF /* scheduling_pressed.png */ = {isa = PBXFileReference; lastKnownFileType = image.png; path = scheduling_pressed.png; sourceTree = "<group>"; };
		8A232E651973ABE100E2BEDF /* scheduling_pressed@2x.png */ = {isa = PBXFileReference; lastKnownFileType = image.png; path = "scheduling_pressed@2x.png"; sourceTree = "<group>"; };
		8A232E661973ABE100E2BEDF /* scheduling.png */ = {isa = PBXFileReference; lastKnownFileType = image.png; path = scheduling.png; sourceTree = "<group>"; };
		8A232E671973ABE100E2BEDF /* scheduling@2x.png */ = {isa = PBXFileReference; lastKnownFileType = image.png; path = "scheduling@2x.png"; sourceTree = "<group>"; };
		8A232E681973ABE100E2BEDF /* search.png */ = {isa = PBXFileReference; lastKnownFileType = image.png; path = search.png; sourceTree = "<group>"; };
		8A232E691973ABE100E2BEDF /* search@2x.png */ = {isa = PBXFileReference; lastKnownFileType = image.png; path = "search@2x.png"; sourceTree = "<group>"; };
		8A232E6A1973ABE100E2BEDF /* service_provider_hollow.png */ = {isa = PBXFileReference; lastKnownFileType = image.png; path = service_provider_hollow.png; sourceTree = "<group>"; };
		8A232E6B1973ABE100E2BEDF /* service_provider_hollow@2x.png */ = {isa = PBXFileReference; lastKnownFileType = image.png; path = "service_provider_hollow@2x.png"; sourceTree = "<group>"; };
		8A232E6C1973ABE100E2BEDF /* service_providers.png */ = {isa = PBXFileReference; lastKnownFileType = image.png; path = service_providers.png; sourceTree = "<group>"; };
		8A232E6D1973ABE100E2BEDF /* service_providers@2x.png */ = {isa = PBXFileReference; lastKnownFileType = image.png; path = "service_providers@2x.png"; sourceTree = "<group>"; };
		8A232E6E1973ABE100E2BEDF /* summary_edit.png */ = {isa = PBXFileReference; lastKnownFileType = image.png; path = summary_edit.png; sourceTree = "<group>"; };
		8A232E6F1973ABE100E2BEDF /* summary_edit@2x.png */ = {isa = PBXFileReference; lastKnownFileType = image.png; path = "summary_edit@2x.png"; sourceTree = "<group>"; };
		8A232E701973ABE100E2BEDF /* summary_pressed.png */ = {isa = PBXFileReference; lastKnownFileType = image.png; path = summary_pressed.png; sourceTree = "<group>"; };
		8A232E711973ABE100E2BEDF /* summary_pressed@2x.png */ = {isa = PBXFileReference; lastKnownFileType = image.png; path = "summary_pressed@2x.png"; sourceTree = "<group>"; };
		8A232E721973ABE100E2BEDF /* summary.png */ = {isa = PBXFileReference; lastKnownFileType = image.png; path = summary.png; sourceTree = "<group>"; };
		8A232E731973ABE100E2BEDF /* summary@2x.png */ = {isa = PBXFileReference; lastKnownFileType = image.png; path = "summary@2x.png"; sourceTree = "<group>"; };
		8A232E741973ABE100E2BEDF /* trash@2x.png */ = {isa = PBXFileReference; lastKnownFileType = image.png; path = "trash@2x.png"; sourceTree = "<group>"; };
		8A232E751973ABE100E2BEDF /* view_pressed.png */ = {isa = PBXFileReference; lastKnownFileType = image.png; path = view_pressed.png; sourceTree = "<group>"; };
		8A232E761973ABE100E2BEDF /* view_pressed@2x.png */ = {isa = PBXFileReference; lastKnownFileType = image.png; path = "view_pressed@2x.png"; sourceTree = "<group>"; };
		8A232E771973ABE100E2BEDF /* view.png */ = {isa = PBXFileReference; lastKnownFileType = image.png; path = view.png; sourceTree = "<group>"; };
		8A232E781973ABE100E2BEDF /* view@2x.png */ = {isa = PBXFileReference; lastKnownFileType = image.png; path = "view@2x.png"; sourceTree = "<group>"; };
		8A232ED51973AC5B00E2BEDF /* GISDashBoardCell.h */ = {isa = PBXFileReference; fileEncoding = 4; lastKnownFileType = sourcecode.c.h; path = GISDashBoardCell.h; sourceTree = "<group>"; };
		8A232ED61973AC5B00E2BEDF /* GISDashBoardCell.m */ = {isa = PBXFileReference; fileEncoding = 4; lastKnownFileType = sourcecode.c.objc; path = GISDashBoardCell.m; sourceTree = "<group>"; };
		8A232ED71973AC5B00E2BEDF /* GISDashBoardCell.xib */ = {isa = PBXFileReference; fileEncoding = 4; lastKnownFileType = file.xib; path = GISDashBoardCell.xib; sourceTree = "<group>"; };
		8A232ED81973AC5B00E2BEDF /* GISDashBoardListViewController.h */ = {isa = PBXFileReference; fileEncoding = 4; lastKnownFileType = sourcecode.c.h; path = GISDashBoardListViewController.h; sourceTree = "<group>"; };
		8A232ED91973AC5B00E2BEDF /* GISDashBoardListViewController.m */ = {isa = PBXFileReference; fileEncoding = 4; lastKnownFileType = sourcecode.c.objc; path = GISDashBoardListViewController.m; sourceTree = "<group>"; };
		8A232EDA1973AC5B00E2BEDF /* GISDashBoardListViewController.xib */ = {isa = PBXFileReference; fileEncoding = 4; lastKnownFileType = file.xib; path = GISDashBoardListViewController.xib; sourceTree = "<group>"; };
		8A232EDB1973AC5B00E2BEDF /* GISDashBoardViewController.h */ = {isa = PBXFileReference; fileEncoding = 4; lastKnownFileType = sourcecode.c.h; path = GISDashBoardViewController.h; sourceTree = "<group>"; };
		8A232EDC1973AC5B00E2BEDF /* GISDashBoardViewController.m */ = {isa = PBXFileReference; fileEncoding = 4; lastKnownFileType = sourcecode.c.objc; path = GISDashBoardViewController.m; sourceTree = "<group>"; };
		8A232EDD1973AC5B00E2BEDF /* GISDashBoardViewController.xib */ = {isa = PBXFileReference; fileEncoding = 4; lastKnownFileType = file.xib; path = GISDashBoardViewController.xib; sourceTree = "<group>"; };
		8A232EE51973ACD700E2BEDF /* GISLoginViewController.h */ = {isa = PBXFileReference; fileEncoding = 4; lastKnownFileType = sourcecode.c.h; path = GISLoginViewController.h; sourceTree = "<group>"; };
		8A232EE61973ACD700E2BEDF /* GISLoginViewController.m */ = {isa = PBXFileReference; fileEncoding = 4; lastKnownFileType = sourcecode.c.objc; path = GISLoginViewController.m; sourceTree = "<group>"; };
		8A232EE71973ACD700E2BEDF /* GISLoginViewController.xib */ = {isa = PBXFileReference; fileEncoding = 4; lastKnownFileType = file.xib; path = GISLoginViewController.xib; sourceTree = "<group>"; };
		8A232EEA1973AE4700E2BEDF /* logo.png */ = {isa = PBXFileReference; lastKnownFileType = image.png; path = logo.png; sourceTree = "<group>"; };
		8A232EEB1973AE4700E2BEDF /* logo@2x.png */ = {isa = PBXFileReference; lastKnownFileType = image.png; path = "logo@2x.png"; sourceTree = "<group>"; };
		8A232EEE1973EBAB00E2BEDF /* dashboard.png */ = {isa = PBXFileReference; lastKnownFileType = image.png; path = dashboard.png; sourceTree = "<group>"; };
		8A232EEF1973EBAB00E2BEDF /* dashboard@2x.png */ = {isa = PBXFileReference; lastKnownFileType = image.png; path = "dashboard@2x.png"; sourceTree = "<group>"; };
		BA25FAE7196FAE7900C22F37 /* incomplete_request.png */ = {isa = PBXFileReference; lastKnownFileType = image.png; name = incomplete_request.png; path = ../incomplete_request.png; sourceTree = "<group>"; };
		BA25FAE8196FAE7900C22F37 /* incomplete_request@2x.png */ = {isa = PBXFileReference; lastKnownFileType = image.png; name = "incomplete_request@2x.png"; path = "../incomplete_request@2x.png"; sourceTree = "<group>"; };
		BA25FAE9196FAE7900C22F37 /* slider.png */ = {isa = PBXFileReference; lastKnownFileType = image.png; name = slider.png; path = ../slider.png; sourceTree = "<group>"; };
		BA25FAEA196FAE7900C22F37 /* slider@2x.png */ = {isa = PBXFileReference; lastKnownFileType = image.png; name = "slider@2x.png"; path = "../slider@2x.png"; sourceTree = "<group>"; };
		BA25FAEF196FC3FA00C22F37 /* dashboard.png */ = {isa = PBXFileReference; lastKnownFileType = image.png; name = dashboard.png; path = ../dashboard.png; sourceTree = "<group>"; };
		BA25FAF0196FC3FA00C22F37 /* dashboard@2x.png */ = {isa = PBXFileReference; lastKnownFileType = image.png; name = "dashboard@2x.png"; path = "../dashboard@2x.png"; sourceTree = "<group>"; };
		BA3AF20C196BBAF7006A1E3B /* GIS_Scheduler.app */ = {isa = PBXFileReference; explicitFileType = wrapper.application; includeInIndex = 0; path = GIS_Scheduler.app; sourceTree = BUILT_PRODUCTS_DIR; };
		BA3AF20F196BBAF7006A1E3B /* Foundation.framework */ = {isa = PBXFileReference; lastKnownFileType = wrapper.framework; name = Foundation.framework; path = System/Library/Frameworks/Foundation.framework; sourceTree = SDKROOT; };
		BA3AF211196BBAF7006A1E3B /* CoreGraphics.framework */ = {isa = PBXFileReference; lastKnownFileType = wrapper.framework; name = CoreGraphics.framework; path = System/Library/Frameworks/CoreGraphics.framework; sourceTree = SDKROOT; };
		BA3AF213196BBAF7006A1E3B /* UIKit.framework */ = {isa = PBXFileReference; lastKnownFileType = wrapper.framework; name = UIKit.framework; path = System/Library/Frameworks/UIKit.framework; sourceTree = SDKROOT; };
		BA3AF217196BBAF7006A1E3B /* GIS_Scheduler-Info.plist */ = {isa = PBXFileReference; lastKnownFileType = text.plist.xml; path = "GIS_Scheduler-Info.plist"; sourceTree = "<group>"; };
		BA3AF219196BBAF7006A1E3B /* en */ = {isa = PBXFileReference; lastKnownFileType = text.plist.strings; name = en; path = en.lproj/InfoPlist.strings; sourceTree = "<group>"; };
		BA3AF21B196BBAF7006A1E3B /* main.m */ = {isa = PBXFileReference; lastKnownFileType = sourcecode.c.objc; path = main.m; sourceTree = "<group>"; };
		BA3AF21D196BBAF7006A1E3B /* GIS_Scheduler-Prefix.pch */ = {isa = PBXFileReference; lastKnownFileType = sourcecode.c.h; path = "GIS_Scheduler-Prefix.pch"; sourceTree = "<group>"; };
		BA3AF21E196BBAF7006A1E3B /* GISAppDelegate.h */ = {isa = PBXFileReference; lastKnownFileType = sourcecode.c.h; path = GISAppDelegate.h; sourceTree = "<group>"; };
		BA3AF21F196BBAF7006A1E3B /* GISAppDelegate.m */ = {isa = PBXFileReference; lastKnownFileType = sourcecode.c.objc; path = GISAppDelegate.m; sourceTree = "<group>"; };
		BA3AF221196BBAF7006A1E3B /* Images.xcassets */ = {isa = PBXFileReference; lastKnownFileType = folder.assetcatalog; path = Images.xcassets; sourceTree = "<group>"; };
		BA3AF227196BBAF7006A1E3B /* GIS_SchedulerTests.xctest */ = {isa = PBXFileReference; explicitFileType = wrapper.cfbundle; includeInIndex = 0; path = GIS_SchedulerTests.xctest; sourceTree = BUILT_PRODUCTS_DIR; };
		BA3AF228196BBAF7006A1E3B /* XCTest.framework */ = {isa = PBXFileReference; lastKnownFileType = wrapper.framework; name = XCTest.framework; path = Library/Frameworks/XCTest.framework; sourceTree = DEVELOPER_DIR; };
		BA3AF230196BBAF8006A1E3B /* GIS_SchedulerTests-Info.plist */ = {isa = PBXFileReference; lastKnownFileType = text.plist.xml; path = "GIS_SchedulerTests-Info.plist"; sourceTree = "<group>"; };
		BA3AF232196BBAF8006A1E3B /* en */ = {isa = PBXFileReference; lastKnownFileType = text.plist.strings; name = en; path = en.lproj/InfoPlist.strings; sourceTree = "<group>"; };
		BA3AF234196BBAF8006A1E3B /* GIS_SchedulerTests.m */ = {isa = PBXFileReference; lastKnownFileType = sourcecode.c.objc; path = GIS_SchedulerTests.m; sourceTree = "<group>"; };
		BA694A351974EFB100AC8CCC /* GISAttendeesViewController.h */ = {isa = PBXFileReference; fileEncoding = 4; lastKnownFileType = sourcecode.c.h; name = GISAttendeesViewController.h; path = ../DashBoardViews/GISAttendeesViewController.h; sourceTree = "<group>"; };
		BA694A361974EFB100AC8CCC /* GISAttendeesViewController.m */ = {isa = PBXFileReference; fileEncoding = 4; lastKnownFileType = sourcecode.c.objc; name = GISAttendeesViewController.m; path = ../DashBoardViews/GISAttendeesViewController.m; sourceTree = "<group>"; };
		BA694A381974EFC400AC8CCC /* GISAttendeesViewController.xib */ = {isa = PBXFileReference; fileEncoding = 4; lastKnownFileType = file.xib; name = GISAttendeesViewController.xib; path = ../DashBoardViews/GISAttendeesViewController.xib; sourceTree = "<group>"; };
		BA694A3A1974F1D900AC8CCC /* GISAttendeesTopCell.h */ = {isa = PBXFileReference; fileEncoding = 4; lastKnownFileType = sourcecode.c.h; name = GISAttendeesTopCell.h; path = ../DashBoardViews/GISAttendeesTopCell.h; sourceTree = "<group>"; };
		BA694A3B1974F1D900AC8CCC /* GISAttendeesTopCell.m */ = {isa = PBXFileReference; fileEncoding = 4; lastKnownFileType = sourcecode.c.objc; name = GISAttendeesTopCell.m; path = ../DashBoardViews/GISAttendeesTopCell.m; sourceTree = "<group>"; };
		BA694A3D1974F1EA00AC8CCC /* GISAttendeesTopCell.xib */ = {isa = PBXFileReference; fileEncoding = 4; lastKnownFileType = file.xib; name = GISAttendeesTopCell.xib; path = ../DashBoardViews/GISAttendeesTopCell.xib; sourceTree = "<group>"; };
		BA694A3F1974F3BD00AC8CCC /* dropdown.png */ = {isa = PBXFileReference; lastKnownFileType = image.png; path = dropdown.png; sourceTree = "<group>"; };
		BA694A401974F3BD00AC8CCC /* dropdown@2x.png */ = {isa = PBXFileReference; lastKnownFileType = image.png; path = "dropdown@2x.png"; sourceTree = "<group>"; };
		BA694A431974FA2200AC8CCC /* GISAttendeesCell.xib */ = {isa = PBXFileReference; fileEncoding = 4; lastKnownFileType = file.xib; name = GISAttendeesCell.xib; path = ../DashBoardViews/GISAttendeesCell.xib; sourceTree = "<group>"; };
		BA694A471975306000AC8CCC /* GISContactsAndBillingViewController.h */ = {isa = PBXFileReference; fileEncoding = 4; lastKnownFileType = sourcecode.c.h; path = GISContactsAndBillingViewController.h; sourceTree = "<group>"; };
		BA694A481975306000AC8CCC /* GISContactsAndBillingViewController.m */ = {isa = PBXFileReference; fileEncoding = 4; lastKnownFileType = sourcecode.c.objc; path = GISContactsAndBillingViewController.m; sourceTree = "<group>"; };
		BA694A491975306000AC8CCC /* GISContactsAndBillingViewController.xib */ = {isa = PBXFileReference; fileEncoding = 4; lastKnownFileType = file.xib; path = GISContactsAndBillingViewController.xib; sourceTree = "<group>"; };
		BA694A4D1975389D00AC8CCC /* GISDatesAndTimesViewController.h */ = {isa = PBXFileReference; fileEncoding = 4; lastKnownFileType = sourcecode.c.h; path = GISDatesAndTimesViewController.h; sourceTree = "<group>"; };
		BA694A4E1975389D00AC8CCC /* GISDatesAndTimesViewController.m */ = {isa = PBXFileReference; fileEncoding = 4; lastKnownFileType = sourcecode.c.objc; path = GISDatesAndTimesViewController.m; sourceTree = "<group>"; };
		BA694A4F1975389D00AC8CCC /* GISDatesAndTimesViewController.xib */ = {isa = PBXFileReference; fileEncoding = 4; lastKnownFileType = file.xib; path = GISDatesAndTimesViewController.xib; sourceTree = "<group>"; };
		BA694A5219753CFF00AC8CCC /* unchecked.png */ = {isa = PBXFileReference; lastKnownFileType = image.png; path = unchecked.png; sourceTree = "<group>"; };
		BA694A5319753CFF00AC8CCC /* unchecked@2x.png */ = {isa = PBXFileReference; lastKnownFileType = image.png; path = "unchecked@2x.png"; sourceTree = "<group>"; };
		BA694A5619753D0900AC8CCC /* checked.png */ = {isa = PBXFileReference; lastKnownFileType = image.png; path = checked.png; sourceTree = "<group>"; };
		BA694A5719753D0900AC8CCC /* checked@2x.png */ = {isa = PBXFileReference; lastKnownFileType = image.png; path = "checked@2x.png"; sourceTree = "<group>"; };
/* End PBXFileReference section */

/* Begin PBXFrameworksBuildPhase section */
		BA3AF209196BBAF7006A1E3B /* Frameworks */ = {
			isa = PBXFrameworksBuildPhase;
			buildActionMask = 2147483647;
			files = (
				BA3AF212196BBAF7006A1E3B /* CoreGraphics.framework in Frameworks */,
				BA3AF214196BBAF7006A1E3B /* UIKit.framework in Frameworks */,
				BA3AF210196BBAF7006A1E3B /* Foundation.framework in Frameworks */,
			);
			runOnlyForDeploymentPostprocessing = 0;
		};
		BA3AF224196BBAF7006A1E3B /* Frameworks */ = {
			isa = PBXFrameworksBuildPhase;
			buildActionMask = 2147483647;
			files = (
				BA3AF229196BBAF7006A1E3B /* XCTest.framework in Frameworks */,
				BA3AF22B196BBAF7006A1E3B /* UIKit.framework in Frameworks */,
				BA3AF22A196BBAF7006A1E3B /* Foundation.framework in Frameworks */,
			);
			runOnlyForDeploymentPostprocessing = 0;
		};
/* End PBXFrameworksBuildPhase section */

/* Begin PBXGroup section */
		8A232E1C1973AB8900E2BEDF /* GIS_Constants */ = {
			isa = PBXGroup;
			children = (
				BA25FAE7196FAE7900C22F37 /* incomplete_request.png */,
				BA25FAE8196FAE7900C22F37 /* incomplete_request@2x.png */,
				BA25FAE9196FAE7900C22F37 /* slider.png */,
				BA25FAEA196FAE7900C22F37 /* slider@2x.png */,
				BA25FAEF196FC3FA00C22F37 /* dashboard.png */,
				BA25FAF0196FC3FA00C22F37 /* dashboard@2x.png */,
				8A232E1D1973AB8900E2BEDF /* GISConstants.h */,
				8A232E1D1973AB8900E2BEDF /* GISConstants.h */,
			);
			path = GIS_Constants;
			sourceTree = "<group>";
		};
		8A232ED41973AC5B00E2BEDF /* DashBoardViews */ = {
			isa = PBXGroup;
			children = (
				8A232ED51973AC5B00E2BEDF /* GISDashBoardCell.h */,
				8A232ED61973AC5B00E2BEDF /* GISDashBoardCell.m */,
				8A232ED71973AC5B00E2BEDF /* GISDashBoardCell.xib */,
				8A232ED81973AC5B00E2BEDF /* GISDashBoardListViewController.h */,
				8A232ED91973AC5B00E2BEDF /* GISDashBoardListViewController.m */,
				8A232EDA1973AC5B00E2BEDF /* GISDashBoardListViewController.xib */,
				8A232EDB1973AC5B00E2BEDF /* GISDashBoardViewController.h */,
				8A232EDC1973AC5B00E2BEDF /* GISDashBoardViewController.m */,
				8A232EDD1973AC5B00E2BEDF /* GISDashBoardViewController.xib */,
			);
			path = DashBoardViews;
			sourceTree = "<group>";
		};
		8A232EE41973ACC100E2BEDF /* GIS Login */ = {
			isa = PBXGroup;
			children = (
				8A232EE51973ACD700E2BEDF /* GISLoginViewController.h */,
				8A232EE61973ACD700E2BEDF /* GISLoginViewController.m */,
				8A232EE71973ACD700E2BEDF /* GISLoginViewController.xib */,
			);
			path = "GIS Login";
			sourceTree = "<group>";
		};
		BA25FAF3196FC47C00C22F37 /* Images */ = {
			isa = PBXGroup;
			children = (
				BA694A5619753D0900AC8CCC /* checked.png */,
				BA694A5719753D0900AC8CCC /* checked@2x.png */,
				BA694A5219753CFF00AC8CCC /* unchecked.png */,
				BA694A5319753CFF00AC8CCC /* unchecked@2x.png */,
				BA694A3F1974F3BD00AC8CCC /* dropdown.png */,
				BA694A401974F3BD00AC8CCC /* dropdown@2x.png */,
				8A232E1E1973ABE100E2BEDF /* add.png */,
				8A232E1F1973ABE100E2BEDF /* add@2x.png */,
				8A232EEE1973EBAB00E2BEDF /* dashboard.png */,
				8A232EEF1973EBAB00E2BEDF /* dashboard@2x.png */,
				8A232EEA1973AE4700E2BEDF /* logo.png */,
				8A232EEB1973AE4700E2BEDF /* logo@2x.png */,
				8A232E201973ABE100E2BEDF /* arrow.png */,
				8A232E211973ABE100E2BEDF /* arrow@2x.png */,
				8A232E221973ABE100E2BEDF /* attendees_pressed.png */,
				8A232E231973ABE100E2BEDF /* attendees_pressed@2x.png */,
				8A232E241973ABE100E2BEDF /* attendees.png */,
				8A232E251973ABE100E2BEDF /* attendees@2x.png */,
				8A232E261973ABE100E2BEDF /* calender.png */,
				8A232E271973ABE100E2BEDF /* calender@2x.png */,
				8A232E281973ABE100E2BEDF /* check_pressed.png */,
				8A232E291973ABE100E2BEDF /* check_pressed@2x.png */,
				8A232E2A1973ABE100E2BEDF /* check.png */,
				8A232E2B1973ABE100E2BEDF /* check@2x.png */,
				8A232E2C1973ABE100E2BEDF /* clock.png */,
				8A232E2D1973ABE100E2BEDF /* clock@2x.png */,
				8A232E2E1973ABE100E2BEDF /* comments_pressed.png */,
				8A232E2F1973ABE100E2BEDF /* comments_pressed@2x.png */,
				8A232E301973ABE100E2BEDF /* comments.png */,
				8A232E311973ABE100E2BEDF /* comments@2x.png */,
				8A232E321973ABE100E2BEDF /* contact_and_billing_pressed.png */,
				8A232E331973ABE100E2BEDF /* contact_and_billing_pressed@2x.png */,
				8A232E341973ABE100E2BEDF /* contact_and_billing.png */,
				8A232E351973ABE100E2BEDF /* contact_and_billing@2x.png */,
				8A232E361973ABE100E2BEDF /* dashbaord_pressed.png */,
				8A232E371973ABE100E2BEDF /* dashboard_pressed@2x.png */,
				8A232E381973ABE100E2BEDF /* dates_and_times_pressed.png */,
				8A232E391973ABE100E2BEDF /* dates_and_times_pressed@2x.png */,
				8A232E3A1973ABE100E2BEDF /* dates_and_times.png */,
				8A232E3B1973ABE100E2BEDF /* dates_and_times@2x.png */,
				8A232E3C1973ABE100E2BEDF /* delete_pressed.png */,
				8A232E3D1973ABE100E2BEDF /* delete_pressed@2x.png */,
				8A232E3E1973ABE100E2BEDF /* delete.png */,
				8A232E3F1973ABE100E2BEDF /* delete@2x.png */,
				8A232E401973ABE100E2BEDF /* edit_pressed.png */,
				8A232E411973ABE100E2BEDF /* edit_pressed@2x.png */,
				8A232E421973ABE100E2BEDF /* edit.png */,
				8A232E431973ABE100E2BEDF /* edit@2x.png */,
				8A232E441973ABE100E2BEDF /* event_details_pressed.png */,
				8A232E451973ABE100E2BEDF /* event_details_pressed@2x.png */,
				8A232E461973ABE100E2BEDF /* event_details.png */,
				8A232E471973ABE100E2BEDF /* event_details@2x.png */,
				8A232E481973ABE100E2BEDF /* find_requests_jobs_pressed.png */,
				8A232E491973ABE100E2BEDF /* find_requests_jobs_pressed@2x.png */,
				8A232E4A1973ABE100E2BEDF /* find_requests_jobs.png */,
				8A232E4B1973ABE100E2BEDF /* find_requests_jobs@2x.png */,
				8A232E4C1973ABE100E2BEDF /* info.png */,
				8A232E4D1973ABE100E2BEDF /* info@2x.png */,
				8A232E4E1973ABE100E2BEDF /* job_details_pressed.png */,
				8A232E4F1973ABE100E2BEDF /* job_details_pressed@2x.png */,
				8A232E501973ABE100E2BEDF /* job_details.png */,
				8A232E511973ABE100E2BEDF /* job_details@2x.png */,
				8A232E521973ABE100E2BEDF /* location_pressed.png */,
				8A232E531973ABE100E2BEDF /* location_pressed@2x.png */,
				8A232E541973ABE100E2BEDF /* location.png */,
				8A232E551973ABE100E2BEDF /* location@2x.png */,
				8A232E561973ABE100E2BEDF /* login_password.png */,
				8A232E571973ABE100E2BEDF /* login_password@2x.png */,
				8A232E581973ABE100E2BEDF /* login_username.png */,
				8A232E591973ABE100E2BEDF /* login_username@2x.png */,
				8A232E5A1973ABE100E2BEDF /* logout_pressed.png */,
				8A232E5B1973ABE100E2BEDF /* logout_pressed@2x.png */,
				8A232E5C1973ABE100E2BEDF /* logout.png */,
				8A232E5D1973ABE100E2BEDF /* logout@2x.png */,
				8A232E5E1973ABE100E2BEDF /* requests_jobs_pressed.png */,
				8A232E5F1973ABE100E2BEDF /* requests_Jobs_pressed@2x */,
				8A232E601973ABE100E2BEDF /* requests_jobs.png */,
				8A232E611973ABE100E2BEDF /* requests_Jobs@2x */,
				8A232E621973ABE100E2BEDF /* save.png */,
				8A232E631973ABE100E2BEDF /* save@2x.png */,
				8A232E641973ABE100E2BEDF /* scheduling_pressed.png */,
				8A232E651973ABE100E2BEDF /* scheduling_pressed@2x.png */,
				8A232E661973ABE100E2BEDF /* scheduling.png */,
				8A232E671973ABE100E2BEDF /* scheduling@2x.png */,
				8A232E681973ABE100E2BEDF /* search.png */,
				8A232E691973ABE100E2BEDF /* search@2x.png */,
				8A232E6A1973ABE100E2BEDF /* service_provider_hollow.png */,
				8A232E6B1973ABE100E2BEDF /* service_provider_hollow@2x.png */,
				8A232E6C1973ABE100E2BEDF /* service_providers.png */,
				8A232E6D1973ABE100E2BEDF /* service_providers@2x.png */,
				8A232E6E1973ABE100E2BEDF /* summary_edit.png */,
				8A232E6F1973ABE100E2BEDF /* summary_edit@2x.png */,
				8A232E701973ABE100E2BEDF /* summary_pressed.png */,
				8A232E711973ABE100E2BEDF /* summary_pressed@2x.png */,
				8A232E721973ABE100E2BEDF /* summary.png */,
				8A232E731973ABE100E2BEDF /* summary@2x.png */,
				8A232E741973ABE100E2BEDF /* trash@2x.png */,
				8A232E751973ABE100E2BEDF /* view_pressed.png */,
				8A232E761973ABE100E2BEDF /* view_pressed@2x.png */,
				8A232E771973ABE100E2BEDF /* view.png */,
				8A232E781973ABE100E2BEDF /* view@2x.png */,
			);
			path = Images;
			sourceTree = "<group>";
		};
		BA25FBAB196FC8B600C22F37 /* Fonts */ = {
			isa = PBXGroup;
			children = (
				8A232E131973AB4400E2BEDF /* GISFonts.h */,
				8A232E141973AB4400E2BEDF /* GISFonts.m */,
				8A232E151973AB4400E2BEDF /* MyriadPro-Bold.otf */,
				8A232E161973AB4400E2BEDF /* MyriadPro-Regular.otf */,
				8A232E171973AB4400E2BEDF /* MyriadPro-Semibold.otf */,
			);
			path = Fonts;
			sourceTree = "<group>";
		};
		BA3AF203196BBAF7006A1E3B = {
			isa = PBXGroup;
			children = (
				BA3AF215196BBAF7006A1E3B /* GIS_Scheduler */,
				BA3AF22E196BBAF8006A1E3B /* GIS_SchedulerTests */,
				BA3AF20E196BBAF7006A1E3B /* Frameworks */,
				BA3AF20D196BBAF7006A1E3B /* Products */,
			);
			sourceTree = "<group>";
		};
		BA3AF20D196BBAF7006A1E3B /* Products */ = {
			isa = PBXGroup;
			children = (
				BA3AF20C196BBAF7006A1E3B /* GIS_Scheduler.app */,
				BA3AF227196BBAF7006A1E3B /* GIS_SchedulerTests.xctest */,
			);
			name = Products;
			sourceTree = "<group>";
		};
		BA3AF20E196BBAF7006A1E3B /* Frameworks */ = {
			isa = PBXGroup;
			children = (
				BA3AF20F196BBAF7006A1E3B /* Foundation.framework */,
				BA3AF211196BBAF7006A1E3B /* CoreGraphics.framework */,
				BA3AF213196BBAF7006A1E3B /* UIKit.framework */,
				BA3AF228196BBAF7006A1E3B /* XCTest.framework */,
			);
			name = Frameworks;
			sourceTree = "<group>";
		};
		BA3AF215196BBAF7006A1E3B /* GIS_Scheduler */ = {
			isa = PBXGroup;
			children = (
				BA3AF21E196BBAF7006A1E3B /* GISAppDelegate.h */,
				BA3AF21F196BBAF7006A1E3B /* GISAppDelegate.m */,
				8A232EE41973ACC100E2BEDF /* GIS Login */,
				8A232ED41973AC5B00E2BEDF /* DashBoardViews */,
				BA694A4619751F6B00AC8CCC /* Contacts and Billing */,
				BA694A4519751F6B00AC8CCC /* Attendees */,
				BA694A4C1975387300AC8CCC /* DatesAndTimes */,
				8A232E1C1973AB8900E2BEDF /* GIS_Constants */,
				BA25FBAB196FC8B600C22F37 /* Fonts */,
				BA25FAF3196FC47C00C22F37 /* Images */,
				BA3AF221196BBAF7006A1E3B /* Images.xcassets */,
				BA3AF216196BBAF7006A1E3B /* Supporting Files */,
			);
			path = GIS_Scheduler;
			sourceTree = "<group>";
		};
		BA3AF216196BBAF7006A1E3B /* Supporting Files */ = {
			isa = PBXGroup;
			children = (
				BA3AF217196BBAF7006A1E3B /* GIS_Scheduler-Info.plist */,
				BA3AF218196BBAF7006A1E3B /* InfoPlist.strings */,
				BA3AF21B196BBAF7006A1E3B /* main.m */,
				BA3AF21D196BBAF7006A1E3B /* GIS_Scheduler-Prefix.pch */,
			);
			name = "Supporting Files";
			sourceTree = "<group>";
		};
		BA3AF22E196BBAF8006A1E3B /* GIS_SchedulerTests */ = {
			isa = PBXGroup;
			children = (
				BA3AF234196BBAF8006A1E3B /* GIS_SchedulerTests.m */,
				BA3AF22F196BBAF8006A1E3B /* Supporting Files */,
			);
			path = GIS_SchedulerTests;
			sourceTree = "<group>";
		};
		BA3AF22F196BBAF8006A1E3B /* Supporting Files */ = {
			isa = PBXGroup;
			children = (
				BA3AF230196BBAF8006A1E3B /* GIS_SchedulerTests-Info.plist */,
				BA3AF231196BBAF8006A1E3B /* InfoPlist.strings */,
			);
			name = "Supporting Files";
			sourceTree = "<group>";
		};
		BA694A4519751F6B00AC8CCC /* Attendees */ = {
			isa = PBXGroup;
			children = (
				BA694A351974EFB100AC8CCC /* GISAttendeesViewController.h */,
				BA694A361974EFB100AC8CCC /* GISAttendeesViewController.m */,
				BA694A381974EFC400AC8CCC /* GISAttendeesViewController.xib */,
				BA694A3A1974F1D900AC8CCC /* GISAttendeesTopCell.h */,
				BA694A3B1974F1D900AC8CCC /* GISAttendeesTopCell.m */,
				BA694A3D1974F1EA00AC8CCC /* GISAttendeesTopCell.xib */,
				BA694A431974FA2200AC8CCC /* GISAttendeesCell.xib */,
			);
			path = Attendees;
			sourceTree = "<group>";
		};
		BA694A4619751F6B00AC8CCC /* Contacts and Billing */ = {
			isa = PBXGroup;
			children = (
				BA694A471975306000AC8CCC /* GISContactsAndBillingViewController.h */,
				BA694A481975306000AC8CCC /* GISContactsAndBillingViewController.m */,
				BA694A491975306000AC8CCC /* GISContactsAndBillingViewController.xib */,
			);
			path = "Contacts and Billing";
			sourceTree = "<group>";
		};
		BA694A4C1975387300AC8CCC /* DatesAndTimes */ = {
			isa = PBXGroup;
			children = (
				BA694A4D1975389D00AC8CCC /* GISDatesAndTimesViewController.h */,
				BA694A4E1975389D00AC8CCC /* GISDatesAndTimesViewController.m */,
				BA694A4F1975389D00AC8CCC /* GISDatesAndTimesViewController.xib */,
			);
			path = DatesAndTimes;
			sourceTree = "<group>";
		};
/* End PBXGroup section */

/* Begin PBXNativeTarget section */
		BA3AF20B196BBAF7006A1E3B /* GIS_Scheduler */ = {
			isa = PBXNativeTarget;
			buildConfigurationList = BA3AF238196BBAF8006A1E3B /* Build configuration list for PBXNativeTarget "GIS_Scheduler" */;
			buildPhases = (
				BA3AF208196BBAF7006A1E3B /* Sources */,
				BA3AF209196BBAF7006A1E3B /* Frameworks */,
				BA3AF20A196BBAF7006A1E3B /* Resources */,
			);
			buildRules = (
			);
			dependencies = (
			);
			name = GIS_Scheduler;
			productName = GIS_Scheduler;
			productReference = BA3AF20C196BBAF7006A1E3B /* GIS_Scheduler.app */;
			productType = "com.apple.product-type.application";
		};
		BA3AF226196BBAF7006A1E3B /* GIS_SchedulerTests */ = {
			isa = PBXNativeTarget;
			buildConfigurationList = BA3AF23B196BBAF8006A1E3B /* Build configuration list for PBXNativeTarget "GIS_SchedulerTests" */;
			buildPhases = (
				BA3AF223196BBAF7006A1E3B /* Sources */,
				BA3AF224196BBAF7006A1E3B /* Frameworks */,
				BA3AF225196BBAF7006A1E3B /* Resources */,
			);
			buildRules = (
			);
			dependencies = (
				BA3AF22D196BBAF8006A1E3B /* PBXTargetDependency */,
			);
			name = GIS_SchedulerTests;
			productName = GIS_SchedulerTests;
			productReference = BA3AF227196BBAF7006A1E3B /* GIS_SchedulerTests.xctest */;
			productType = "com.apple.product-type.bundle.unit-test";
		};
/* End PBXNativeTarget section */

/* Begin PBXProject section */
		BA3AF204196BBAF7006A1E3B /* Project object */ = {
			isa = PBXProject;
			attributes = {
				LastUpgradeCheck = 0500;
				ORGANIZATIONNAME = Paradigm;
				TargetAttributes = {
					BA3AF226196BBAF7006A1E3B = {
						TestTargetID = BA3AF20B196BBAF7006A1E3B;
					};
				};
			};
			buildConfigurationList = BA3AF207196BBAF7006A1E3B /* Build configuration list for PBXProject "GIS_Scheduler" */;
			compatibilityVersion = "Xcode 3.2";
			developmentRegion = English;
			hasScannedForEncodings = 0;
			knownRegions = (
				en,
			);
			mainGroup = BA3AF203196BBAF7006A1E3B;
			productRefGroup = BA3AF20D196BBAF7006A1E3B /* Products */;
			projectDirPath = "";
			projectRoot = "";
			targets = (
				BA3AF20B196BBAF7006A1E3B /* GIS_Scheduler */,
				BA3AF226196BBAF7006A1E3B /* GIS_SchedulerTests */,
			);
		};
/* End PBXProject section */

/* Begin PBXResourcesBuildPhase section */
		BA3AF20A196BBAF7006A1E3B /* Resources */ = {
			isa = PBXResourcesBuildPhase;
			buildActionMask = 2147483647;
			files = (
				BA694A421974F3BD00AC8CCC /* dropdown@2x.png in Resources */,
				BA694A5819753D0900AC8CCC /* checked.png in Resources */,
				BA25FAEE196FAE7900C22F37 /* slider@2x.png in Resources */,
				BA25FAED196FAE7900C22F37 /* slider.png in Resources */,
				BA25FAF2196FC3FA00C22F37 /* dashboard@2x.png in Resources */,
				BA3AF21A196BBAF7006A1E3B /* InfoPlist.strings in Resources */,
				BA25FAEB196FAE7900C22F37 /* incomplete_request.png in Resources */,
				BA25FAF1196FC3FA00C22F37 /* dashboard.png in Resources */,
				BA25FAEC196FAE7900C22F37 /* incomplete_request@2x.png in Resources */,
				BA25FAEE196FAE7900C22F37 /* slider@2x.png in Resources */,
				BA25FAED196FAE7900C22F37 /* slider.png in Resources */,
				BA25FAF2196FC3FA00C22F37 /* dashboard@2x.png in Resources */,
				BA3AF21A196BBAF7006A1E3B /* InfoPlist.strings in Resources */,
				BA25FAEB196FAE7900C22F37 /* incomplete_request.png in Resources */,
				BA25FAF1196FC3FA00C22F37 /* dashboard.png in Resources */,
				BA25FAEC196FAE7900C22F37 /* incomplete_request@2x.png in Resources */,
				8A232E941973ABE100E2BEDF /* dates_and_times_pressed@2x.png in Resources */,
				8A232E851973ABE100E2BEDF /* check.png in Resources */,
				8A232EAB1973ABE100E2BEDF /* job_details.png in Resources */,
				8A232E8E1973ABE100E2BEDF /* contact_and_billing_pressed@2x.png in Resources */,
				8A232EB91973ABE100E2BEDF /* requests_jobs_pressed.png in Resources */,
				BA3AF21A196BBAF7006A1E3B /* InfoPlist.strings in Resources */,
				8A232EA01973ABE100E2BEDF /* event_details_pressed@2x.png in Resources */,
				8A232EED1973AE4700E2BEDF /* logo@2x.png in Resources */,
				8A232EC11973ABE100E2BEDF /* scheduling.png in Resources */,
				8A232E9F1973ABE100E2BEDF /* event_details_pressed.png in Resources */,
				BA694A3E1974F1EA00AC8CCC /* GISAttendeesTopCell.xib in Resources */,
				8A232EB71973ABE100E2BEDF /* logout.png in Resources */,
				8A232EC61973ABE100E2BEDF /* service_provider_hollow@2x.png in Resources */,
				BA694A441974FA2200AC8CCC /* GISAttendeesCell.xib in Resources */,
				8A232EB71973ABE100E2BEDF /* logout.png in Resources */,
				8A232EC61973ABE100E2BEDF /* service_provider_hollow@2x.png in Resources */,
				8A232ECA1973ABE100E2BEDF /* summary_edit@2x.png in Resources */,
				8A232EC21973ABE100E2BEDF /* scheduling@2x.png in Resources */,
				8A232EC51973ABE100E2BEDF /* service_provider_hollow.png in Resources */,
				8A232EE91973ACD700E2BEDF /* GISLoginViewController.xib in Resources */,
				8A232E801973ABE100E2BEDF /* attendees@2x.png in Resources */,
				8A232EAA1973ABE100E2BEDF /* job_details_pressed@2x.png in Resources */,
				8A232EAC1973ABE100E2BEDF /* job_details@2x.png in Resources */,
				8A232E8F1973ABE100E2BEDF /* contact_and_billing.png in Resources */,
				8A232EBE1973ABE100E2BEDF /* save@2x.png in Resources */,
				8A232E9B1973ABE100E2BEDF /* edit_pressed.png in Resources */,
				8A232E8D1973ABE100E2BEDF /* contact_and_billing_pressed.png in Resources */,
				8A232EAD1973ABE100E2BEDF /* location_pressed.png in Resources */,
				8A232E191973AB4400E2BEDF /* MyriadPro-Bold.otf in Resources */,
				8A232EA71973ABE100E2BEDF /* info.png in Resources */,
				8A232E931973ABE100E2BEDF /* dates_and_times_pressed.png in Resources */,
				8A232E971973ABE100E2BEDF /* delete_pressed.png in Resources */,
				8A232E7D1973ABE100E2BEDF /* attendees_pressed.png in Resources */,
				8A232EBC1973ABE100E2BEDF /* requests_Jobs@2x in Resources */,
				8A232EA91973ABE100E2BEDF /* job_details_pressed.png in Resources */,
				BA694A5419753CFF00AC8CCC /* unchecked.png in Resources */,
				8A232E841973ABE100E2BEDF /* check_pressed@2x.png in Resources */,
				BA694A411974F3BD00AC8CCC /* dropdown.png in Resources */,
				8A232E841973ABE100E2BEDF /* check_pressed@2x.png in Resources */,
				8A232EA31973ABE100E2BEDF /* find_requests_jobs_pressed.png in Resources */,
				8A232ED21973ABE100E2BEDF /* view.png in Resources */,
				8A232ED01973ABE100E2BEDF /* view_pressed.png in Resources */,
				8A232E1B1973AB4400E2BEDF /* MyriadPro-Semibold.otf in Resources */,
				8A232E921973ABE100E2BEDF /* dashboard_pressed@2x.png in Resources */,
				8A232EC81973ABE100E2BEDF /* service_providers@2x.png in Resources */,
				8A232EBF1973ABE100E2BEDF /* scheduling_pressed.png in Resources */,
				8A232EB01973ABE100E2BEDF /* location@2x.png in Resources */,
				8A232ECD1973ABE100E2BEDF /* summary.png in Resources */,
				8A232ED11973ABE100E2BEDF /* view_pressed@2x.png in Resources */,
				8A232ECC1973ABE100E2BEDF /* summary_pressed@2x.png in Resources */,
				8A232E791973ABE100E2BEDF /* add.png in Resources */,
				BA694A4B1975306000AC8CCC /* GISContactsAndBillingViewController.xib in Resources */,
				8A232ECF1973ABE100E2BEDF /* trash@2x.png in Resources */,
				8A232EB11973ABE100E2BEDF /* login_password.png in Resources */,
				8A232EBD1973ABE100E2BEDF /* save.png in Resources */,
				8A232EC31973ABE100E2BEDF /* search.png in Resources */,
				8A232E1A1973AB4400E2BEDF /* MyriadPro-Regular.otf in Resources */,
				8A232ECE1973ABE100E2BEDF /* summary@2x.png in Resources */,
				8A232E991973ABE100E2BEDF /* delete.png in Resources */,
				8A232EB31973ABE100E2BEDF /* login_username.png in Resources */,
				8A232E9C1973ABE100E2BEDF /* edit_pressed@2x.png in Resources */,
				8A232EB81973ABE100E2BEDF /* logout@2x.png in Resources */,
				8A232EC01973ABE100E2BEDF /* scheduling_pressed@2x.png in Resources */,
				8A232E8C1973ABE100E2BEDF /* comments@2x.png in Resources */,
				8A232E951973ABE100E2BEDF /* dates_and_times.png in Resources */,
				8A232E861973ABE100E2BEDF /* check@2x.png in Resources */,
				8A232EC41973ABE100E2BEDF /* search@2x.png in Resources */,
				8A232EA81973ABE100E2BEDF /* info@2x.png in Resources */,
				8A232EC91973ABE100E2BEDF /* summary_edit.png in Resources */,
				8A232E831973ABE100E2BEDF /* check_pressed.png in Resources */,
				8A232EB41973ABE100E2BEDF /* login_username@2x.png in Resources */,
				BA3AF222196BBAF7006A1E3B /* Images.xcassets in Resources */,
				8A232E891973ABE100E2BEDF /* comments_pressed.png in Resources */,
				8A232E7A1973ABE100E2BEDF /* add@2x.png in Resources */,
				8A232EC71973ABE100E2BEDF /* service_providers.png in Resources */,
				8A232E7B1973ABE100E2BEDF /* arrow.png in Resources */,
				8A232EF01973EBAB00E2BEDF /* dashboard.png in Resources */,
				8A232E7F1973ABE100E2BEDF /* attendees.png in Resources */,
				8A232ED31973ABE100E2BEDF /* view@2x.png in Resources */,
				BA694A391974EFC400AC8CCC /* GISAttendeesViewController.xib in Resources */,
				8A232E811973ABE100E2BEDF /* calender.png in Resources */,
				8A232EB21973ABE100E2BEDF /* login_password@2x.png in Resources */,
				BA694A5519753CFF00AC8CCC /* unchecked@2x.png in Resources */,
				8A232E901973ABE100E2BEDF /* contact_and_billing@2x.png in Resources */,
				8A232E9E1973ABE100E2BEDF /* edit@2x.png in Resources */,
				8A232E9A1973ABE100E2BEDF /* delete@2x.png in Resources */,
				BA694A5919753D0900AC8CCC /* checked@2x.png in Resources */,
				BA694A511975389D00AC8CCC /* GISDatesAndTimesViewController.xib in Resources */,
				8A232E871973ABE100E2BEDF /* clock.png in Resources */,
				8A232E961973ABE100E2BEDF /* dates_and_times@2x.png in Resources */,
				8A232EE11973AC5B00E2BEDF /* GISDashBoardListViewController.xib in Resources */,
				8A232EE31973AC5B00E2BEDF /* GISDashBoardViewController.xib in Resources */,
				8A232E821973ABE100E2BEDF /* calender@2x.png in Resources */,
				8A232EB51973ABE100E2BEDF /* logout_pressed.png in Resources */,
				8A232EA11973ABE100E2BEDF /* event_details.png in Resources */,
				8A232EA41973ABE100E2BEDF /* find_requests_jobs_pressed@2x.png in Resources */,
				8A232EDF1973AC5B00E2BEDF /* GISDashBoardCell.xib in Resources */,
				8A232E881973ABE100E2BEDF /* clock@2x.png in Resources */,
				8A232E9D1973ABE100E2BEDF /* edit.png in Resources */,
				8A232EAE1973ABE100E2BEDF /* location_pressed@2x.png in Resources */,
				8A232E7E1973ABE100E2BEDF /* attendees_pressed@2x.png in Resources */,
				8A232EBA1973ABE100E2BEDF /* requests_Jobs_pressed@2x in Resources */,
				8A232EBB1973ABE100E2BEDF /* requests_jobs.png in Resources */,
				8A232EA21973ABE100E2BEDF /* event_details@2x.png in Resources */,
				8A232EAF1973ABE100E2BEDF /* location.png in Resources */,
				8A232EF11973EBAB00E2BEDF /* dashboard@2x.png in Resources */,
				8A232EA51973ABE100E2BEDF /* find_requests_jobs.png in Resources */,
				8A232EA61973ABE100E2BEDF /* find_requests_jobs@2x.png in Resources */,
				8A232ECB1973ABE100E2BEDF /* summary_pressed.png in Resources */,
				8A232E8B1973ABE100E2BEDF /* comments.png in Resources */,
				8A232E7C1973ABE100E2BEDF /* arrow@2x.png in Resources */,
				8A232EEC1973AE4700E2BEDF /* logo.png in Resources */,
				8A232EB61973ABE100E2BEDF /* logout_pressed@2x.png in Resources */,
				8A232E981973ABE100E2BEDF /* delete_pressed@2x.png in Resources */,
				8A232E8A1973ABE100E2BEDF /* comments_pressed@2x.png in Resources */,
				8A232E911973ABE100E2BEDF /* dashbaord_pressed.png in Resources */,
			);
			runOnlyForDeploymentPostprocessing = 0;
		};
		BA3AF225196BBAF7006A1E3B /* Resources */ = {
			isa = PBXResourcesBuildPhase;
			buildActionMask = 2147483647;
			files = (
				BA3AF233196BBAF8006A1E3B /* InfoPlist.strings in Resources */,
			);
			runOnlyForDeploymentPostprocessing = 0;
		};
/* End PBXResourcesBuildPhase section */

/* Begin PBXSourcesBuildPhase section */
		BA3AF208196BBAF7006A1E3B /* Sources */ = {
			isa = PBXSourcesBuildPhase;
			buildActionMask = 2147483647;
			files = (
				8A232EE81973ACD700E2BEDF /* GISLoginViewController.m in Sources */,
				8A232EDE1973AC5B00E2BEDF /* GISDashBoardCell.m in Sources */,
				BA3AF220196BBAF7006A1E3B /* GISAppDelegate.m in Sources */,
				BA694A3C1974F1D900AC8CCC /* GISAttendeesTopCell.m in Sources */,
				8A232EE01973AC5B00E2BEDF /* GISDashBoardListViewController.m in Sources */,
				8A232E181973AB4400E2BEDF /* GISFonts.m in Sources */,
				BA3AF21C196BBAF7006A1E3B /* main.m in Sources */,
				BA694A371974EFB100AC8CCC /* GISAttendeesViewController.m in Sources */,
				8A232EE21973AC5B00E2BEDF /* GISDashBoardViewController.m in Sources */,
				BA694A4A1975306000AC8CCC /* GISContactsAndBillingViewController.m in Sources */,
				BA694A501975389D00AC8CCC /* GISDatesAndTimesViewController.m in Sources */,
			);
			runOnlyForDeploymentPostprocessing = 0;
		};
		BA3AF223196BBAF7006A1E3B /* Sources */ = {
			isa = PBXSourcesBuildPhase;
			buildActionMask = 2147483647;
			files = (
				BA3AF235196BBAF8006A1E3B /* GIS_SchedulerTests.m in Sources */,
			);
			runOnlyForDeploymentPostprocessing = 0;
		};
/* End PBXSourcesBuildPhase section */

/* Begin PBXTargetDependency section */
		BA3AF22D196BBAF8006A1E3B /* PBXTargetDependency */ = {
			isa = PBXTargetDependency;
			target = BA3AF20B196BBAF7006A1E3B /* GIS_Scheduler */;
			targetProxy = BA3AF22C196BBAF8006A1E3B /* PBXContainerItemProxy */;
		};
/* End PBXTargetDependency section */

/* Begin PBXVariantGroup section */
		BA3AF218196BBAF7006A1E3B /* InfoPlist.strings */ = {
			isa = PBXVariantGroup;
			children = (
				BA3AF219196BBAF7006A1E3B /* en */,
			);
			name = InfoPlist.strings;
			sourceTree = "<group>";
		};
		BA3AF231196BBAF8006A1E3B /* InfoPlist.strings */ = {
			isa = PBXVariantGroup;
			children = (
				BA3AF232196BBAF8006A1E3B /* en */,
			);
			name = InfoPlist.strings;
			sourceTree = "<group>";
		};
/* End PBXVariantGroup section */

/* Begin XCBuildConfiguration section */
		BA3AF236196BBAF8006A1E3B /* Debug */ = {
			isa = XCBuildConfiguration;
			buildSettings = {
				ALWAYS_SEARCH_USER_PATHS = NO;
				ARCHS = "$(ARCHS_STANDARD_INCLUDING_64_BIT)";
				CLANG_CXX_LANGUAGE_STANDARD = "gnu++0x";
				CLANG_CXX_LIBRARY = "libc++";
				CLANG_ENABLE_MODULES = YES;
				CLANG_ENABLE_OBJC_ARC = YES;
				CLANG_WARN_BOOL_CONVERSION = YES;
				CLANG_WARN_CONSTANT_CONVERSION = YES;
				CLANG_WARN_DIRECT_OBJC_ISA_USAGE = YES_ERROR;
				CLANG_WARN_EMPTY_BODY = YES;
				CLANG_WARN_ENUM_CONVERSION = YES;
				CLANG_WARN_INT_CONVERSION = YES;
				CLANG_WARN_OBJC_ROOT_CLASS = YES_ERROR;
				CLANG_WARN__DUPLICATE_METHOD_MATCH = YES;
				"CODE_SIGN_IDENTITY[sdk=iphoneos*]" = "iPhone Developer";
				COPY_PHASE_STRIP = NO;
				GCC_C_LANGUAGE_STANDARD = gnu99;
				GCC_DYNAMIC_NO_PIC = NO;
				GCC_OPTIMIZATION_LEVEL = 0;
				GCC_PREPROCESSOR_DEFINITIONS = (
					"DEBUG=1",
					"$(inherited)",
				);
				GCC_SYMBOLS_PRIVATE_EXTERN = NO;
				GCC_WARN_64_TO_32_BIT_CONVERSION = YES;
				GCC_WARN_ABOUT_RETURN_TYPE = YES_ERROR;
				GCC_WARN_UNDECLARED_SELECTOR = YES;
				GCC_WARN_UNINITIALIZED_AUTOS = YES;
				GCC_WARN_UNUSED_FUNCTION = YES;
				GCC_WARN_UNUSED_VARIABLE = YES;
				IPHONEOS_DEPLOYMENT_TARGET = 7.0;
				ONLY_ACTIVE_ARCH = YES;
				SDKROOT = iphoneos;
				TARGETED_DEVICE_FAMILY = 2;
			};
			name = Debug;
		};
		BA3AF237196BBAF8006A1E3B /* Release */ = {
			isa = XCBuildConfiguration;
			buildSettings = {
				ALWAYS_SEARCH_USER_PATHS = NO;
				ARCHS = "$(ARCHS_STANDARD_INCLUDING_64_BIT)";
				CLANG_CXX_LANGUAGE_STANDARD = "gnu++0x";
				CLANG_CXX_LIBRARY = "libc++";
				CLANG_ENABLE_MODULES = YES;
				CLANG_ENABLE_OBJC_ARC = YES;
				CLANG_WARN_BOOL_CONVERSION = YES;
				CLANG_WARN_CONSTANT_CONVERSION = YES;
				CLANG_WARN_DIRECT_OBJC_ISA_USAGE = YES_ERROR;
				CLANG_WARN_EMPTY_BODY = YES;
				CLANG_WARN_ENUM_CONVERSION = YES;
				CLANG_WARN_INT_CONVERSION = YES;
				CLANG_WARN_OBJC_ROOT_CLASS = YES_ERROR;
				CLANG_WARN__DUPLICATE_METHOD_MATCH = YES;
				"CODE_SIGN_IDENTITY[sdk=iphoneos*]" = "iPhone Developer";
				COPY_PHASE_STRIP = YES;
				ENABLE_NS_ASSERTIONS = NO;
				GCC_C_LANGUAGE_STANDARD = gnu99;
				GCC_WARN_64_TO_32_BIT_CONVERSION = YES;
				GCC_WARN_ABOUT_RETURN_TYPE = YES_ERROR;
				GCC_WARN_UNDECLARED_SELECTOR = YES;
				GCC_WARN_UNINITIALIZED_AUTOS = YES;
				GCC_WARN_UNUSED_FUNCTION = YES;
				GCC_WARN_UNUSED_VARIABLE = YES;
				IPHONEOS_DEPLOYMENT_TARGET = 7.0;
				SDKROOT = iphoneos;
				TARGETED_DEVICE_FAMILY = 2;
				VALIDATE_PRODUCT = YES;
			};
			name = Release;
		};
		BA3AF239196BBAF8006A1E3B /* Debug */ = {
			isa = XCBuildConfiguration;
			buildSettings = {
				ASSETCATALOG_COMPILER_APPICON_NAME = AppIcon;
				ASSETCATALOG_COMPILER_LAUNCHIMAGE_NAME = LaunchImage;
				GCC_PRECOMPILE_PREFIX_HEADER = YES;
				GCC_PREFIX_HEADER = "GIS_Scheduler/GIS_Scheduler-Prefix.pch";
				INFOPLIST_FILE = "GIS_Scheduler/GIS_Scheduler-Info.plist";
				PRODUCT_NAME = "$(TARGET_NAME)";
				WRAPPER_EXTENSION = app;
			};
			name = Debug;
		};
		BA3AF23A196BBAF8006A1E3B /* Release */ = {
			isa = XCBuildConfiguration;
			buildSettings = {
				ASSETCATALOG_COMPILER_APPICON_NAME = AppIcon;
				ASSETCATALOG_COMPILER_LAUNCHIMAGE_NAME = LaunchImage;
				GCC_PRECOMPILE_PREFIX_HEADER = YES;
				GCC_PREFIX_HEADER = "GIS_Scheduler/GIS_Scheduler-Prefix.pch";
				INFOPLIST_FILE = "GIS_Scheduler/GIS_Scheduler-Info.plist";
				PRODUCT_NAME = "$(TARGET_NAME)";
				WRAPPER_EXTENSION = app;
			};
			name = Release;
		};
		BA3AF23C196BBAF8006A1E3B /* Debug */ = {
			isa = XCBuildConfiguration;
			buildSettings = {
				ARCHS = "$(ARCHS_STANDARD_INCLUDING_64_BIT)";
				BUNDLE_LOADER = "$(BUILT_PRODUCTS_DIR)/GIS_Scheduler.app/GIS_Scheduler";
				FRAMEWORK_SEARCH_PATHS = (
					"$(SDKROOT)/Developer/Library/Frameworks",
					"$(inherited)",
					"$(DEVELOPER_FRAMEWORKS_DIR)",
				);
				GCC_PRECOMPILE_PREFIX_HEADER = YES;
				GCC_PREFIX_HEADER = "GIS_Scheduler/GIS_Scheduler-Prefix.pch";
				GCC_PREPROCESSOR_DEFINITIONS = (
					"DEBUG=1",
					"$(inherited)",
				);
				INFOPLIST_FILE = "GIS_SchedulerTests/GIS_SchedulerTests-Info.plist";
				PRODUCT_NAME = "$(TARGET_NAME)";
				TEST_HOST = "$(BUNDLE_LOADER)";
				WRAPPER_EXTENSION = xctest;
			};
			name = Debug;
		};
		BA3AF23D196BBAF8006A1E3B /* Release */ = {
			isa = XCBuildConfiguration;
			buildSettings = {
				ARCHS = "$(ARCHS_STANDARD_INCLUDING_64_BIT)";
				BUNDLE_LOADER = "$(BUILT_PRODUCTS_DIR)/GIS_Scheduler.app/GIS_Scheduler";
				FRAMEWORK_SEARCH_PATHS = (
					"$(SDKROOT)/Developer/Library/Frameworks",
					"$(inherited)",
					"$(DEVELOPER_FRAMEWORKS_DIR)",
				);
				GCC_PRECOMPILE_PREFIX_HEADER = YES;
				GCC_PREFIX_HEADER = "GIS_Scheduler/GIS_Scheduler-Prefix.pch";
				INFOPLIST_FILE = "GIS_SchedulerTests/GIS_SchedulerTests-Info.plist";
				PRODUCT_NAME = "$(TARGET_NAME)";
				TEST_HOST = "$(BUNDLE_LOADER)";
				WRAPPER_EXTENSION = xctest;
			};
			name = Release;
		};
/* End XCBuildConfiguration section */

/* Begin XCConfigurationList section */
		BA3AF207196BBAF7006A1E3B /* Build configuration list for PBXProject "GIS_Scheduler" */ = {
			isa = XCConfigurationList;
			buildConfigurations = (
				BA3AF236196BBAF8006A1E3B /* Debug */,
				BA3AF237196BBAF8006A1E3B /* Release */,
			);
			defaultConfigurationIsVisible = 0;
			defaultConfigurationName = Release;
		};
		BA3AF238196BBAF8006A1E3B /* Build configuration list for PBXNativeTarget "GIS_Scheduler" */ = {
			isa = XCConfigurationList;
			buildConfigurations = (
				BA3AF239196BBAF8006A1E3B /* Debug */,
				BA3AF23A196BBAF8006A1E3B /* Release */,
			);
			defaultConfigurationIsVisible = 0;
			defaultConfigurationName = Release;
		};
		BA3AF23B196BBAF8006A1E3B /* Build configuration list for PBXNativeTarget "GIS_SchedulerTests" */ = {
			isa = XCConfigurationList;
			buildConfigurations = (
				BA3AF23C196BBAF8006A1E3B /* Debug */,
				BA3AF23D196BBAF8006A1E3B /* Release */,
			);
			defaultConfigurationIsVisible = 0;
			defaultConfigurationName = Release;
		};
/* End XCConfigurationList section */
	};
	rootObject = BA3AF204196BBAF7006A1E3B /* Project object */;
}
