// !$*UTF8*$!
{
	archiveVersion = 1;
	classes = {
	};
	objectVersion = 46;
	objects = {

/* Begin PBXBuildFile section */
		8A232EE81973ACD700E2BEDF /* GISLoginViewController.m in Sources */ = {isa = PBXBuildFile; fileRef = 8A232EE61973ACD700E2BEDF /* GISLoginViewController.m */; };
		8A232EE91973ACD700E2BEDF /* GISLoginViewController.xib in Resources */ = {isa = PBXBuildFile; fileRef = 8A232EE71973ACD700E2BEDF /* GISLoginViewController.xib */; };
		8A5052B519779CFD007288F5 /* GISPreparationMaterialCell.m in Sources */ = {isa = PBXBuildFile; fileRef = 8A5052B419779CFD007288F5 /* GISPreparationMaterialCell.m */; };
		8A5052B719779D2A007288F5 /* GISPreparationMaterialCell.xib in Resources */ = {isa = PBXBuildFile; fileRef = 8A5052B619779D2A007288F5 /* GISPreparationMaterialCell.xib */; };
		8A5052C61977D76F007288F5 /* GISDashBoardViewController.xib in Resources */ = {isa = PBXBuildFile; fileRef = 8A5052C21977D76F007288F5 /* GISDashBoardViewController.xib */; };
		8A5052CA1977D77E007288F5 /* GISDashBoardCell.m in Sources */ = {isa = PBXBuildFile; fileRef = 8A5052C81977D77E007288F5 /* GISDashBoardCell.m */; };
		8A5052CB1977D77E007288F5 /* GISDashBoardCell.xib in Resources */ = {isa = PBXBuildFile; fileRef = 8A5052C91977D77E007288F5 /* GISDashBoardCell.xib */; };
		8A5052D21977DB91007288F5 /* GISFonts.m in Sources */ = {isa = PBXBuildFile; fileRef = 8A5052CE1977DB91007288F5 /* GISFonts.m */; };
		8A5052D31977DB91007288F5 /* MyriadPro-Bold.otf in Resources */ = {isa = PBXBuildFile; fileRef = 8A5052CF1977DB91007288F5 /* MyriadPro-Bold.otf */; };
		8A5052D41977DB91007288F5 /* MyriadPro-Regular.otf in Resources */ = {isa = PBXBuildFile; fileRef = 8A5052D01977DB91007288F5 /* MyriadPro-Regular.otf */; };
		8A5052D51977DB91007288F5 /* MyriadPro-Semibold.otf in Resources */ = {isa = PBXBuildFile; fileRef = 8A5052D11977DB91007288F5 /* MyriadPro-Semibold.otf */; };
		8A5E2E271974F9F000BE3C04 /* GISVIewEditRequestViewController.m in Sources */ = {isa = PBXBuildFile; fileRef = 8A5E2E251974F9F000BE3C04 /* GISVIewEditRequestViewController.m */; };
		8A5E2E281974F9F000BE3C04 /* GISVIewEditRequestViewController.xib in Resources */ = {isa = PBXBuildFile; fileRef = 8A5E2E261974F9F000BE3C04 /* GISVIewEditRequestViewController.xib */; };
		8A5E2E2D19753B5D00BE3C04 /* GISEventDetailsViewController.m in Sources */ = {isa = PBXBuildFile; fileRef = 8A5E2E2B19753B5D00BE3C04 /* GISEventDetailsViewController.m */; };
		8A5E2E2E19753B5D00BE3C04 /* GISEventDetailsViewController.xib in Resources */ = {isa = PBXBuildFile; fileRef = 8A5E2E2C19753B5D00BE3C04 /* GISEventDetailsViewController.xib */; };
		8A5E2E3219753C2200BE3C04 /* GISEventDetailsCell.m in Sources */ = {isa = PBXBuildFile; fileRef = 8A5E2E3119753C2200BE3C04 /* GISEventDetailsCell.m */; };
		8A5E2E3419753C8100BE3C04 /* GISEventDetailsCell.xib in Resources */ = {isa = PBXBuildFile; fileRef = 8A5E2E3319753C8100BE3C04 /* GISEventDetailsCell.xib */; };
		8A9B25AA197676CE002F1AC0 /* GISUtility.m in Sources */ = {isa = PBXBuildFile; fileRef = 8A9B25A5197676CE002F1AC0 /* GISUtility.m */; };
		8A9B25AB197676CE002F1AC0 /* GISNetworkUtility.m in Sources */ = {isa = PBXBuildFile; fileRef = 8A9B25A8197676CE002F1AC0 /* GISNetworkUtility.m */; };
		8A9B25AE19767701002F1AC0 /* GISBaseViewController.m in Sources */ = {isa = PBXBuildFile; fileRef = 8A9B25AC19767701002F1AC0 /* GISBaseViewController.m */; };
		8A9B25B21976796F002F1AC0 /* Reachability.m in Sources */ = {isa = PBXBuildFile; fileRef = 8A9B25B11976796F002F1AC0 /* Reachability.m */; settings = {COMPILER_FLAGS = "-fno-objc-arc"; }; };
		BA3AF210196BBAF7006A1E3B /* Foundation.framework in Frameworks */ = {isa = PBXBuildFile; fileRef = BA3AF20F196BBAF7006A1E3B /* Foundation.framework */; };
		BA3AF212196BBAF7006A1E3B /* CoreGraphics.framework in Frameworks */ = {isa = PBXBuildFile; fileRef = BA3AF211196BBAF7006A1E3B /* CoreGraphics.framework */; };
		BA3AF214196BBAF7006A1E3B /* UIKit.framework in Frameworks */ = {isa = PBXBuildFile; fileRef = BA3AF213196BBAF7006A1E3B /* UIKit.framework */; };
		BA3AF21A196BBAF7006A1E3B /* InfoPlist.strings in Resources */ = {isa = PBXBuildFile; fileRef = BA3AF218196BBAF7006A1E3B /* InfoPlist.strings */; };
		BA3AF21C196BBAF7006A1E3B /* main.m in Sources */ = {isa = PBXBuildFile; fileRef = BA3AF21B196BBAF7006A1E3B /* main.m */; };
		BA3AF222196BBAF7006A1E3B /* Images.xcassets in Resources */ = {isa = PBXBuildFile; fileRef = BA3AF221196BBAF7006A1E3B /* Images.xcassets */; };
		BA3AF229196BBAF7006A1E3B /* XCTest.framework in Frameworks */ = {isa = PBXBuildFile; fileRef = BA3AF228196BBAF7006A1E3B /* XCTest.framework */; };
		BA3AF22A196BBAF7006A1E3B /* Foundation.framework in Frameworks */ = {isa = PBXBuildFile; fileRef = BA3AF20F196BBAF7006A1E3B /* Foundation.framework */; };
		BA3AF22B196BBAF7006A1E3B /* UIKit.framework in Frameworks */ = {isa = PBXBuildFile; fileRef = BA3AF213196BBAF7006A1E3B /* UIKit.framework */; };
		BA3AF233196BBAF8006A1E3B /* InfoPlist.strings in Resources */ = {isa = PBXBuildFile; fileRef = BA3AF231196BBAF8006A1E3B /* InfoPlist.strings */; };
		BA3AF235196BBAF8006A1E3B /* GIS_SchedulerTests.m in Sources */ = {isa = PBXBuildFile; fileRef = BA3AF234196BBAF8006A1E3B /* GIS_SchedulerTests.m */; };
		BA59EC411977EC530083864D /* GISDashBoardListViewController.m in Sources */ = {isa = PBXBuildFile; fileRef = BA59EC3F1977EC530083864D /* GISDashBoardListViewController.m */; };
		BA59EC421977EC530083864D /* GISDashBoardListViewController.xib in Resources */ = {isa = PBXBuildFile; fileRef = BA59EC401977EC530083864D /* GISDashBoardListViewController.xib */; };
		BA694A4A1975306000AC8CCC /* GISContactsAndBillingViewController.m in Sources */ = {isa = PBXBuildFile; fileRef = BA694A481975306000AC8CCC /* GISContactsAndBillingViewController.m */; };
		BA694A4B1975306000AC8CCC /* GISContactsAndBillingViewController.xib in Resources */ = {isa = PBXBuildFile; fileRef = BA694A491975306000AC8CCC /* GISContactsAndBillingViewController.xib */; };
		BA694A501975389D00AC8CCC /* GISDatesAndTimesViewController.m in Sources */ = {isa = PBXBuildFile; fileRef = BA694A4E1975389D00AC8CCC /* GISDatesAndTimesViewController.m */; };
		BA694A511975389D00AC8CCC /* GISDatesAndTimesViewController.xib in Resources */ = {isa = PBXBuildFile; fileRef = BA694A4F1975389D00AC8CCC /* GISDatesAndTimesViewController.xib */; };
		BA7D6A031977EE720014C505 /* GISDashBoardViewController.m in Sources */ = {isa = PBXBuildFile; fileRef = 8A5052C11977D76F007288F5 /* GISDashBoardViewController.m */; };
		BA9E6AE71977E88400609E69 /* GISAppDelegate.m in Sources */ = {isa = PBXBuildFile; fileRef = BA9E6A601977E88400609E69 /* GISAppDelegate.m */; };
		BA9E6AE81977E88400609E69 /* GISAttendeesCell.xib in Resources */ = {isa = PBXBuildFile; fileRef = BA9E6A621977E88400609E69 /* GISAttendeesCell.xib */; };
		BA9E6AE91977E88400609E69 /* GISAttendeesTopCell.m in Sources */ = {isa = PBXBuildFile; fileRef = BA9E6A641977E88400609E69 /* GISAttendeesTopCell.m */; };
		BA9E6AEA1977E88400609E69 /* GISAttendeesTopCell.xib in Resources */ = {isa = PBXBuildFile; fileRef = BA9E6A651977E88400609E69 /* GISAttendeesTopCell.xib */; };
		BA9E6AEB1977E88400609E69 /* GISAttendeesViewController.m in Sources */ = {isa = PBXBuildFile; fileRef = BA9E6A671977E88400609E69 /* GISAttendeesViewController.m */; };
		BA9E6AEC1977E88400609E69 /* GISAttendeesViewController.xib in Resources */ = {isa = PBXBuildFile; fileRef = BA9E6A681977E88400609E69 /* GISAttendeesViewController.xib */; };
		BA9E6AED1977E88400609E69 /* add.png in Resources */ = {isa = PBXBuildFile; fileRef = BA9E6A6A1977E88400609E69 /* add.png */; };
		BA9E6AEE1977E88400609E69 /* add@2x.png in Resources */ = {isa = PBXBuildFile; fileRef = BA9E6A6B1977E88400609E69 /* add@2x.png */; };
		BA9E6AEF1977E88400609E69 /* arrow.png in Resources */ = {isa = PBXBuildFile; fileRef = BA9E6A6C1977E88400609E69 /* arrow.png */; };
		BA9E6AF01977E88400609E69 /* arrow@2x.png in Resources */ = {isa = PBXBuildFile; fileRef = BA9E6A6D1977E88400609E69 /* arrow@2x.png */; };
		BA9E6AF11977E88400609E69 /* attendees.png in Resources */ = {isa = PBXBuildFile; fileRef = BA9E6A6E1977E88400609E69 /* attendees.png */; };
		BA9E6AF21977E88400609E69 /* attendees@2x.png in Resources */ = {isa = PBXBuildFile; fileRef = BA9E6A6F1977E88400609E69 /* attendees@2x.png */; };
		BA9E6AF31977E88400609E69 /* attendees_pressed.png in Resources */ = {isa = PBXBuildFile; fileRef = BA9E6A701977E88400609E69 /* attendees_pressed.png */; };
		BA9E6AF41977E88400609E69 /* attendees_pressed@2x.png in Resources */ = {isa = PBXBuildFile; fileRef = BA9E6A711977E88400609E69 /* attendees_pressed@2x.png */; };
		BA9E6AF51977E88400609E69 /* calender.png in Resources */ = {isa = PBXBuildFile; fileRef = BA9E6A721977E88400609E69 /* calender.png */; };
		BA9E6AF61977E88400609E69 /* calender@2x.png in Resources */ = {isa = PBXBuildFile; fileRef = BA9E6A731977E88400609E69 /* calender@2x.png */; };
		BA9E6AF71977E88400609E69 /* check.png in Resources */ = {isa = PBXBuildFile; fileRef = BA9E6A741977E88400609E69 /* check.png */; };
		BA9E6AF81977E88400609E69 /* check@2x.png in Resources */ = {isa = PBXBuildFile; fileRef = BA9E6A751977E88400609E69 /* check@2x.png */; };
		BA9E6AF91977E88400609E69 /* check_pressed.png in Resources */ = {isa = PBXBuildFile; fileRef = BA9E6A761977E88400609E69 /* check_pressed.png */; };
		BA9E6AFA1977E88400609E69 /* check_pressed@2x.png in Resources */ = {isa = PBXBuildFile; fileRef = BA9E6A771977E88400609E69 /* check_pressed@2x.png */; };
		BA9E6AFB1977E88400609E69 /* checked.png in Resources */ = {isa = PBXBuildFile; fileRef = BA9E6A781977E88400609E69 /* checked.png */; };
		BA9E6AFC1977E88400609E69 /* checked@2x.png in Resources */ = {isa = PBXBuildFile; fileRef = BA9E6A791977E88400609E69 /* checked@2x.png */; };
		BA9E6AFD1977E88400609E69 /* choose_request_bg.png in Resources */ = {isa = PBXBuildFile; fileRef = BA9E6A7A1977E88400609E69 /* choose_request_bg.png */; };
		BA9E6AFE1977E88400609E69 /* choose_request_bg@2x.png in Resources */ = {isa = PBXBuildFile; fileRef = BA9E6A7B1977E88400609E69 /* choose_request_bg@2x.png */; };
		BA9E6AFF1977E88400609E69 /* clock.png in Resources */ = {isa = PBXBuildFile; fileRef = BA9E6A7C1977E88400609E69 /* clock.png */; };
		BA9E6B001977E88400609E69 /* clock@2x.png in Resources */ = {isa = PBXBuildFile; fileRef = BA9E6A7D1977E88400609E69 /* clock@2x.png */; };
		BA9E6B011977E88400609E69 /* comments.png in Resources */ = {isa = PBXBuildFile; fileRef = BA9E6A7E1977E88400609E69 /* comments.png */; };
		BA9E6B021977E88400609E69 /* comments@2x.png in Resources */ = {isa = PBXBuildFile; fileRef = BA9E6A7F1977E88400609E69 /* comments@2x.png */; };
		BA9E6B031977E88400609E69 /* comments_pressed.png in Resources */ = {isa = PBXBuildFile; fileRef = BA9E6A801977E88400609E69 /* comments_pressed.png */; };
		BA9E6B041977E88400609E69 /* comments_pressed@2x.png in Resources */ = {isa = PBXBuildFile; fileRef = BA9E6A811977E88400609E69 /* comments_pressed@2x.png */; };
		BA9E6B051977E88400609E69 /* contact_and_billing.png in Resources */ = {isa = PBXBuildFile; fileRef = BA9E6A821977E88400609E69 /* contact_and_billing.png */; };
		BA9E6B061977E88400609E69 /* contact_and_billing@2x.png in Resources */ = {isa = PBXBuildFile; fileRef = BA9E6A831977E88400609E69 /* contact_and_billing@2x.png */; };
		BA9E6B071977E88400609E69 /* contact_and_billing_pressed.png in Resources */ = {isa = PBXBuildFile; fileRef = BA9E6A841977E88400609E69 /* contact_and_billing_pressed.png */; };
		BA9E6B081977E88400609E69 /* contact_and_billing_pressed@2x.png in Resources */ = {isa = PBXBuildFile; fileRef = BA9E6A851977E88400609E69 /* contact_and_billing_pressed@2x.png */; };
		BA9E6B091977E88400609E69 /* dashbaord_pressed.png in Resources */ = {isa = PBXBuildFile; fileRef = BA9E6A861977E88400609E69 /* dashbaord_pressed.png */; };
		BA9E6B0A1977E88400609E69 /* dashboard.png in Resources */ = {isa = PBXBuildFile; fileRef = BA9E6A871977E88400609E69 /* dashboard.png */; };
		BA9E6B0B1977E88400609E69 /* dashboard@2x.png in Resources */ = {isa = PBXBuildFile; fileRef = BA9E6A881977E88400609E69 /* dashboard@2x.png */; };
		BA9E6B0C1977E88400609E69 /* dashboard_pressed@2x.png in Resources */ = {isa = PBXBuildFile; fileRef = BA9E6A891977E88400609E69 /* dashboard_pressed@2x.png */; };
		BA9E6B131977E88400609E69 /* dates_and_times.png in Resources */ = {isa = PBXBuildFile; fileRef = BA9E6A941977E88400609E69 /* dates_and_times.png */; };
		BA9E6B141977E88400609E69 /* dates_and_times@2x.png in Resources */ = {isa = PBXBuildFile; fileRef = BA9E6A951977E88400609E69 /* dates_and_times@2x.png */; };
		BA9E6B151977E88400609E69 /* dates_and_times_pressed.png in Resources */ = {isa = PBXBuildFile; fileRef = BA9E6A961977E88400609E69 /* dates_and_times_pressed.png */; };
		BA9E6B161977E88400609E69 /* dates_and_times_pressed@2x.png in Resources */ = {isa = PBXBuildFile; fileRef = BA9E6A971977E88400609E69 /* dates_and_times_pressed@2x.png */; };
		BA9E6B171977E88400609E69 /* delete.png in Resources */ = {isa = PBXBuildFile; fileRef = BA9E6A981977E88400609E69 /* delete.png */; };
		BA9E6B181977E88400609E69 /* delete@2x.png in Resources */ = {isa = PBXBuildFile; fileRef = BA9E6A991977E88400609E69 /* delete@2x.png */; };
		BA9E6B191977E88400609E69 /* delete_pressed.png in Resources */ = {isa = PBXBuildFile; fileRef = BA9E6A9A1977E88400609E69 /* delete_pressed.png */; };
		BA9E6B1A1977E88400609E69 /* delete_pressed@2x.png in Resources */ = {isa = PBXBuildFile; fileRef = BA9E6A9B1977E88400609E69 /* delete_pressed@2x.png */; };
		BA9E6B1B1977E88400609E69 /* dropdown.png in Resources */ = {isa = PBXBuildFile; fileRef = BA9E6A9C1977E88400609E69 /* dropdown.png */; };
		BA9E6B1C1977E88400609E69 /* dropdown@2x.png in Resources */ = {isa = PBXBuildFile; fileRef = BA9E6A9D1977E88400609E69 /* dropdown@2x.png */; };
		BA9E6B1D1977E88400609E69 /* edit.png in Resources */ = {isa = PBXBuildFile; fileRef = BA9E6A9E1977E88400609E69 /* edit.png */; };
		BA9E6B1E1977E88400609E69 /* edit@2x.png in Resources */ = {isa = PBXBuildFile; fileRef = BA9E6A9F1977E88400609E69 /* edit@2x.png */; };
		BA9E6B1F1977E88400609E69 /* edit_pressed.png in Resources */ = {isa = PBXBuildFile; fileRef = BA9E6AA01977E88400609E69 /* edit_pressed.png */; };
		BA9E6B201977E88400609E69 /* edit_pressed@2x.png in Resources */ = {isa = PBXBuildFile; fileRef = BA9E6AA11977E88400609E69 /* edit_pressed@2x.png */; };
		BA9E6B211977E88400609E69 /* event_details.png in Resources */ = {isa = PBXBuildFile; fileRef = BA9E6AA21977E88400609E69 /* event_details.png */; };
		BA9E6B221977E88400609E69 /* event_details@2x.png in Resources */ = {isa = PBXBuildFile; fileRef = BA9E6AA31977E88400609E69 /* event_details@2x.png */; };
		BA9E6B231977E88400609E69 /* event_details_pressed.png in Resources */ = {isa = PBXBuildFile; fileRef = BA9E6AA41977E88400609E69 /* event_details_pressed.png */; };
		BA9E6B241977E88400609E69 /* event_details_pressed@2x.png in Resources */ = {isa = PBXBuildFile; fileRef = BA9E6AA51977E88400609E69 /* event_details_pressed@2x.png */; };
		BA9E6B251977E88400609E69 /* find_requests_jobs.png in Resources */ = {isa = PBXBuildFile; fileRef = BA9E6AA61977E88400609E69 /* find_requests_jobs.png */; };
		BA9E6B261977E88400609E69 /* find_requests_jobs@2x.png in Resources */ = {isa = PBXBuildFile; fileRef = BA9E6AA71977E88400609E69 /* find_requests_jobs@2x.png */; };
		BA9E6B271977E88400609E69 /* find_requests_jobs_pressed.png in Resources */ = {isa = PBXBuildFile; fileRef = BA9E6AA81977E88400609E69 /* find_requests_jobs_pressed.png */; };
		BA9E6B281977E88400609E69 /* find_requests_jobs_pressed@2x.png in Resources */ = {isa = PBXBuildFile; fileRef = BA9E6AA91977E88400609E69 /* find_requests_jobs_pressed@2x.png */; };
		BA9E6B291977E88400609E69 /* incomplete_request.png in Resources */ = {isa = PBXBuildFile; fileRef = BA9E6AAA1977E88400609E69 /* incomplete_request.png */; };
		BA9E6B2A1977E88400609E69 /* incomplete_request@2x.png in Resources */ = {isa = PBXBuildFile; fileRef = BA9E6AAB1977E88400609E69 /* incomplete_request@2x.png */; };
		BA9E6B2B1977E88400609E69 /* info.png in Resources */ = {isa = PBXBuildFile; fileRef = BA9E6AAC1977E88400609E69 /* info.png */; };
		BA9E6B2C1977E88400609E69 /* info@2x.png in Resources */ = {isa = PBXBuildFile; fileRef = BA9E6AAD1977E88400609E69 /* info@2x.png */; };
		BA9E6B2D1977E88400609E69 /* job_details.png in Resources */ = {isa = PBXBuildFile; fileRef = BA9E6AAE1977E88400609E69 /* job_details.png */; };
		BA9E6B2E1977E88400609E69 /* job_details@2x.png in Resources */ = {isa = PBXBuildFile; fileRef = BA9E6AAF1977E88400609E69 /* job_details@2x.png */; };
		BA9E6B2F1977E88400609E69 /* job_details_pressed.png in Resources */ = {isa = PBXBuildFile; fileRef = BA9E6AB01977E88400609E69 /* job_details_pressed.png */; };
		BA9E6B301977E88400609E69 /* job_details_pressed@2x.png in Resources */ = {isa = PBXBuildFile; fileRef = BA9E6AB11977E88400609E69 /* job_details_pressed@2x.png */; };
		BA9E6B311977E88400609E69 /* location.png in Resources */ = {isa = PBXBuildFile; fileRef = BA9E6AB21977E88400609E69 /* location.png */; };
		BA9E6B321977E88400609E69 /* location@2x.png in Resources */ = {isa = PBXBuildFile; fileRef = BA9E6AB31977E88400609E69 /* location@2x.png */; };
		BA9E6B331977E88400609E69 /* location_pressed.png in Resources */ = {isa = PBXBuildFile; fileRef = BA9E6AB41977E88400609E69 /* location_pressed.png */; };
		BA9E6B341977E88400609E69 /* location_pressed@2x.png in Resources */ = {isa = PBXBuildFile; fileRef = BA9E6AB51977E88400609E69 /* location_pressed@2x.png */; };
		BA9E6B351977E88400609E69 /* login_password.png in Resources */ = {isa = PBXBuildFile; fileRef = BA9E6AB61977E88400609E69 /* login_password.png */; };
		BA9E6B361977E88400609E69 /* login_password@2x.png in Resources */ = {isa = PBXBuildFile; fileRef = BA9E6AB71977E88400609E69 /* login_password@2x.png */; };
		BA9E6B371977E88400609E69 /* login_username.png in Resources */ = {isa = PBXBuildFile; fileRef = BA9E6AB81977E88400609E69 /* login_username.png */; };
		BA9E6B381977E88400609E69 /* login_username@2x.png in Resources */ = {isa = PBXBuildFile; fileRef = BA9E6AB91977E88400609E69 /* login_username@2x.png */; };
		BA9E6B391977E88400609E69 /* logo.png in Resources */ = {isa = PBXBuildFile; fileRef = BA9E6ABA1977E88400609E69 /* logo.png */; };
		BA9E6B3A1977E88400609E69 /* logo@2x.png in Resources */ = {isa = PBXBuildFile; fileRef = BA9E6ABB1977E88400609E69 /* logo@2x.png */; };
		BA9E6B3B1977E88400609E69 /* logout.png in Resources */ = {isa = PBXBuildFile; fileRef = BA9E6ABC1977E88400609E69 /* logout.png */; };
		BA9E6B3C1977E88400609E69 /* logout@2x.png in Resources */ = {isa = PBXBuildFile; fileRef = BA9E6ABD1977E88400609E69 /* logout@2x.png */; };
		BA9E6B3D1977E88400609E69 /* logout_pressed.png in Resources */ = {isa = PBXBuildFile; fileRef = BA9E6ABE1977E88400609E69 /* logout_pressed.png */; };
		BA9E6B3E1977E88400609E69 /* logout_pressed@2x.png in Resources */ = {isa = PBXBuildFile; fileRef = BA9E6ABF1977E88400609E69 /* logout_pressed@2x.png */; };
		BA9E6B3F1977E88400609E69 /* radio_button_empty.png in Resources */ = {isa = PBXBuildFile; fileRef = BA9E6AC01977E88400609E69 /* radio_button_empty.png */; };
		BA9E6B401977E88400609E69 /* radio_button_empty@2x.png in Resources */ = {isa = PBXBuildFile; fileRef = BA9E6AC11977E88400609E69 /* radio_button_empty@2x.png */; };
		BA9E6B411977E88400609E69 /* radio_button_filled.png in Resources */ = {isa = PBXBuildFile; fileRef = BA9E6AC21977E88400609E69 /* radio_button_filled.png */; };
		BA9E6B421977E88400609E69 /* radio_button_filled@2x.png in Resources */ = {isa = PBXBuildFile; fileRef = BA9E6AC31977E88400609E69 /* radio_button_filled@2x.png */; };
		BA9E6B431977E88400609E69 /* requests_jobs.png in Resources */ = {isa = PBXBuildFile; fileRef = BA9E6AC41977E88400609E69 /* requests_jobs.png */; };
		BA9E6B441977E88400609E69 /* requests_Jobs@2x in Resources */ = {isa = PBXBuildFile; fileRef = BA9E6AC51977E88400609E69 /* requests_Jobs@2x */; };
		BA9E6B451977E88400609E69 /* requests_jobs_pressed.png in Resources */ = {isa = PBXBuildFile; fileRef = BA9E6AC61977E88400609E69 /* requests_jobs_pressed.png */; };
		BA9E6B461977E88400609E69 /* requests_Jobs_pressed@2x in Resources */ = {isa = PBXBuildFile; fileRef = BA9E6AC71977E88400609E69 /* requests_Jobs_pressed@2x */; };
		BA9E6B471977E88400609E69 /* save.png in Resources */ = {isa = PBXBuildFile; fileRef = BA9E6AC81977E88400609E69 /* save.png */; };
		BA9E6B481977E88400609E69 /* save@2x.png in Resources */ = {isa = PBXBuildFile; fileRef = BA9E6AC91977E88400609E69 /* save@2x.png */; };
		BA9E6B491977E88400609E69 /* scheduling.png in Resources */ = {isa = PBXBuildFile; fileRef = BA9E6ACA1977E88400609E69 /* scheduling.png */; };
		BA9E6B4A1977E88400609E69 /* scheduling@2x.png in Resources */ = {isa = PBXBuildFile; fileRef = BA9E6ACB1977E88400609E69 /* scheduling@2x.png */; };
		BA9E6B4B1977E88400609E69 /* scheduling_pressed.png in Resources */ = {isa = PBXBuildFile; fileRef = BA9E6ACC1977E88400609E69 /* scheduling_pressed.png */; };
		BA9E6B4C1977E88400609E69 /* scheduling_pressed@2x.png in Resources */ = {isa = PBXBuildFile; fileRef = BA9E6ACD1977E88400609E69 /* scheduling_pressed@2x.png */; };
		BA9E6B4D1977E88400609E69 /* search.png in Resources */ = {isa = PBXBuildFile; fileRef = BA9E6ACE1977E88400609E69 /* search.png */; };
		BA9E6B4E1977E88400609E69 /* search@2x.png in Resources */ = {isa = PBXBuildFile; fileRef = BA9E6ACF1977E88400609E69 /* search@2x.png */; };
		BA9E6B4F1977E88400609E69 /* service_provider_hollow.png in Resources */ = {isa = PBXBuildFile; fileRef = BA9E6AD01977E88400609E69 /* service_provider_hollow.png */; };
		BA9E6B501977E88400609E69 /* service_provider_hollow@2x.png in Resources */ = {isa = PBXBuildFile; fileRef = BA9E6AD11977E88400609E69 /* service_provider_hollow@2x.png */; };
		BA9E6B511977E88400609E69 /* service_providers.png in Resources */ = {isa = PBXBuildFile; fileRef = BA9E6AD21977E88400609E69 /* service_providers.png */; };
		BA9E6B521977E88400609E69 /* service_providers@2x.png in Resources */ = {isa = PBXBuildFile; fileRef = BA9E6AD31977E88400609E69 /* service_providers@2x.png */; };
		BA9E6B531977E88400609E69 /* slider.png in Resources */ = {isa = PBXBuildFile; fileRef = BA9E6AD41977E88400609E69 /* slider.png */; };
		BA9E6B541977E88400609E69 /* slider@2x.png in Resources */ = {isa = PBXBuildFile; fileRef = BA9E6AD51977E88400609E69 /* slider@2x.png */; };
		BA9E6B551977E88400609E69 /* summary.png in Resources */ = {isa = PBXBuildFile; fileRef = BA9E6AD61977E88400609E69 /* summary.png */; };
		BA9E6B561977E88400609E69 /* summary@2x.png in Resources */ = {isa = PBXBuildFile; fileRef = BA9E6AD71977E88400609E69 /* summary@2x.png */; };
		BA9E6B571977E88400609E69 /* summary_edit.png in Resources */ = {isa = PBXBuildFile; fileRef = BA9E6AD81977E88400609E69 /* summary_edit.png */; };
		BA9E6B581977E88400609E69 /* summary_edit@2x.png in Resources */ = {isa = PBXBuildFile; fileRef = BA9E6AD91977E88400609E69 /* summary_edit@2x.png */; };
		BA9E6B591977E88400609E69 /* summary_pressed.png in Resources */ = {isa = PBXBuildFile; fileRef = BA9E6ADA1977E88400609E69 /* summary_pressed.png */; };
		BA9E6B5A1977E88400609E69 /* summary_pressed@2x.png in Resources */ = {isa = PBXBuildFile; fileRef = BA9E6ADB1977E88400609E69 /* summary_pressed@2x.png */; };
		BA9E6B5B1977E88400609E69 /* text_field_bg.png in Resources */ = {isa = PBXBuildFile; fileRef = BA9E6ADC1977E88400609E69 /* text_field_bg.png */; };
		BA9E6B5C1977E88400609E69 /* text_field_bg@2x.png in Resources */ = {isa = PBXBuildFile; fileRef = BA9E6ADD1977E88400609E69 /* text_field_bg@2x.png */; };
		BA9E6B5D1977E88400609E69 /* text_field_bg_with_btn.png in Resources */ = {isa = PBXBuildFile; fileRef = BA9E6ADE1977E88400609E69 /* text_field_bg_with_btn.png */; };
		BA9E6B5E1977E88400609E69 /* text_field_bg_with_btn@2x.png in Resources */ = {isa = PBXBuildFile; fileRef = BA9E6ADF1977E88400609E69 /* text_field_bg_with_btn@2x.png */; };
		BA9E6B5F1977E88400609E69 /* trash@2x.png in Resources */ = {isa = PBXBuildFile; fileRef = BA9E6AE01977E88400609E69 /* trash@2x.png */; };
		BA9E6B601977E88400609E69 /* unchecked.png in Resources */ = {isa = PBXBuildFile; fileRef = BA9E6AE11977E88400609E69 /* unchecked.png */; };
		BA9E6B611977E88400609E69 /* unchecked@2x.png in Resources */ = {isa = PBXBuildFile; fileRef = BA9E6AE21977E88400609E69 /* unchecked@2x.png */; };
		BA9E6B621977E88400609E69 /* view.png in Resources */ = {isa = PBXBuildFile; fileRef = BA9E6AE31977E88400609E69 /* view.png */; };
		BA9E6B631977E88400609E69 /* view@2x.png in Resources */ = {isa = PBXBuildFile; fileRef = BA9E6AE41977E88400609E69 /* view@2x.png */; };
		BA9E6B641977E88400609E69 /* view_pressed.png in Resources */ = {isa = PBXBuildFile; fileRef = BA9E6AE51977E88400609E69 /* view_pressed.png */; };
		BA9E6B651977E88400609E69 /* view_pressed@2x.png in Resources */ = {isa = PBXBuildFile; fileRef = BA9E6AE61977E88400609E69 /* view_pressed@2x.png */; };
/* End PBXBuildFile section */

/* Begin PBXContainerItemProxy section */
		BA3AF22C196BBAF8006A1E3B /* PBXContainerItemProxy */ = {
			isa = PBXContainerItemProxy;
			containerPortal = BA3AF204196BBAF7006A1E3B /* Project object */;
			proxyType = 1;
			remoteGlobalIDString = BA3AF20B196BBAF7006A1E3B;
			remoteInfo = GIS_Scheduler;
		};
/* End PBXContainerItemProxy section */

/* Begin PBXFileReference section */
		8A232EE51973ACD700E2BEDF /* GISLoginViewController.h */ = {isa = PBXFileReference; fileEncoding = 4; lastKnownFileType = sourcecode.c.h; path = GISLoginViewController.h; sourceTree = "<group>"; };
		8A232EE61973ACD700E2BEDF /* GISLoginViewController.m */ = {isa = PBXFileReference; fileEncoding = 4; lastKnownFileType = sourcecode.c.objc; path = GISLoginViewController.m; sourceTree = "<group>"; };
		8A232EE71973ACD700E2BEDF /* GISLoginViewController.xib */ = {isa = PBXFileReference; fileEncoding = 4; lastKnownFileType = file.xib; path = GISLoginViewController.xib; sourceTree = "<group>"; };
		8A5052B319779CFD007288F5 /* GISPreparationMaterialCell.h */ = {isa = PBXFileReference; fileEncoding = 4; lastKnownFileType = sourcecode.c.h; path = GISPreparationMaterialCell.h; sourceTree = "<group>"; };
		8A5052B419779CFD007288F5 /* GISPreparationMaterialCell.m */ = {isa = PBXFileReference; fileEncoding = 4; lastKnownFileType = sourcecode.c.objc; path = GISPreparationMaterialCell.m; sourceTree = "<group>"; };
		8A5052B619779D2A007288F5 /* GISPreparationMaterialCell.xib */ = {isa = PBXFileReference; fileEncoding = 4; lastKnownFileType = file.xib; path = GISPreparationMaterialCell.xib; sourceTree = "<group>"; };
		8A5052C01977D76F007288F5 /* GISDashBoardViewController.h */ = {isa = PBXFileReference; fileEncoding = 4; lastKnownFileType = sourcecode.c.h; path = GISDashBoardViewController.h; sourceTree = "<group>"; };
		8A5052C11977D76F007288F5 /* GISDashBoardViewController.m */ = {isa = PBXFileReference; fileEncoding = 4; lastKnownFileType = sourcecode.c.objc; path = GISDashBoardViewController.m; sourceTree = "<group>"; };
		8A5052C21977D76F007288F5 /* GISDashBoardViewController.xib */ = {isa = PBXFileReference; fileEncoding = 4; lastKnownFileType = file.xib; path = GISDashBoardViewController.xib; sourceTree = "<group>"; };
		8A5052C71977D77E007288F5 /* GISDashBoardCell.h */ = {isa = PBXFileReference; fileEncoding = 4; lastKnownFileType = sourcecode.c.h; path = GISDashBoardCell.h; sourceTree = "<group>"; };
		8A5052C81977D77E007288F5 /* GISDashBoardCell.m */ = {isa = PBXFileReference; fileEncoding = 4; lastKnownFileType = sourcecode.c.objc; path = GISDashBoardCell.m; sourceTree = "<group>"; };
		8A5052C91977D77E007288F5 /* GISDashBoardCell.xib */ = {isa = PBXFileReference; fileEncoding = 4; lastKnownFileType = file.xib; path = GISDashBoardCell.xib; sourceTree = "<group>"; };
		8A5052CD1977DB91007288F5 /* GISFonts.h */ = {isa = PBXFileReference; fileEncoding = 4; lastKnownFileType = sourcecode.c.h; path = GISFonts.h; sourceTree = "<group>"; };
		8A5052CE1977DB91007288F5 /* GISFonts.m */ = {isa = PBXFileReference; fileEncoding = 4; lastKnownFileType = sourcecode.c.objc; path = GISFonts.m; sourceTree = "<group>"; };
		8A5052CF1977DB91007288F5 /* MyriadPro-Bold.otf */ = {isa = PBXFileReference; lastKnownFileType = file; path = "MyriadPro-Bold.otf"; sourceTree = "<group>"; };
		8A5052D01977DB91007288F5 /* MyriadPro-Regular.otf */ = {isa = PBXFileReference; lastKnownFileType = file; path = "MyriadPro-Regular.otf"; sourceTree = "<group>"; };
		8A5052D11977DB91007288F5 /* MyriadPro-Semibold.otf */ = {isa = PBXFileReference; lastKnownFileType = file; path = "MyriadPro-Semibold.otf"; sourceTree = "<group>"; };
		8A5E2E241974F9F000BE3C04 /* GISVIewEditRequestViewController.h */ = {isa = PBXFileReference; fileEncoding = 4; lastKnownFileType = sourcecode.c.h; path = GISVIewEditRequestViewController.h; sourceTree = "<group>"; };
		8A5E2E251974F9F000BE3C04 /* GISVIewEditRequestViewController.m */ = {isa = PBXFileReference; fileEncoding = 4; lastKnownFileType = sourcecode.c.objc; path = GISVIewEditRequestViewController.m; sourceTree = "<group>"; };
		8A5E2E261974F9F000BE3C04 /* GISVIewEditRequestViewController.xib */ = {isa = PBXFileReference; fileEncoding = 4; lastKnownFileType = file.xib; path = GISVIewEditRequestViewController.xib; sourceTree = "<group>"; };
		8A5E2E2A19753B5D00BE3C04 /* GISEventDetailsViewController.h */ = {isa = PBXFileReference; fileEncoding = 4; lastKnownFileType = sourcecode.c.h; path = GISEventDetailsViewController.h; sourceTree = "<group>"; };
		8A5E2E2B19753B5D00BE3C04 /* GISEventDetailsViewController.m */ = {isa = PBXFileReference; fileEncoding = 4; lastKnownFileType = sourcecode.c.objc; path = GISEventDetailsViewController.m; sourceTree = "<group>"; };
		8A5E2E2C19753B5D00BE3C04 /* GISEventDetailsViewController.xib */ = {isa = PBXFileReference; fileEncoding = 4; lastKnownFileType = file.xib; path = GISEventDetailsViewController.xib; sourceTree = "<group>"; };
		8A5E2E3019753C2200BE3C04 /* GISEventDetailsCell.h */ = {isa = PBXFileReference; fileEncoding = 4; lastKnownFileType = sourcecode.c.h; path = GISEventDetailsCell.h; sourceTree = "<group>"; };
		8A5E2E3119753C2200BE3C04 /* GISEventDetailsCell.m */ = {isa = PBXFileReference; fileEncoding = 4; lastKnownFileType = sourcecode.c.objc; path = GISEventDetailsCell.m; sourceTree = "<group>"; };
		8A5E2E3319753C8100BE3C04 /* GISEventDetailsCell.xib */ = {isa = PBXFileReference; fileEncoding = 4; lastKnownFileType = file.xib; path = GISEventDetailsCell.xib; sourceTree = "<group>"; };
		8A9B25A4197676CE002F1AC0 /* GISUtility.h */ = {isa = PBXFileReference; fileEncoding = 4; lastKnownFileType = sourcecode.c.h; path = GISUtility.h; sourceTree = "<group>"; };
		8A9B25A5197676CE002F1AC0 /* GISUtility.m */ = {isa = PBXFileReference; fileEncoding = 4; lastKnownFileType = sourcecode.c.objc; path = GISUtility.m; sourceTree = "<group>"; };
		8A9B25A6197676CE002F1AC0 /* GISDatabaseConstants.h */ = {isa = PBXFileReference; fileEncoding = 4; lastKnownFileType = sourcecode.c.h; path = GISDatabaseConstants.h; sourceTree = "<group>"; };
		8A9B25A7197676CE002F1AC0 /* GISNetworkUtility.h */ = {isa = PBXFileReference; fileEncoding = 4; lastKnownFileType = sourcecode.c.h; path = GISNetworkUtility.h; sourceTree = "<group>"; };
		8A9B25A8197676CE002F1AC0 /* GISNetworkUtility.m */ = {isa = PBXFileReference; fileEncoding = 4; lastKnownFileType = sourcecode.c.objc; path = GISNetworkUtility.m; sourceTree = "<group>"; };
		8A9B25A9197676CE002F1AC0 /* GISDatabaseMnager.h */ = {isa = PBXFileReference; fileEncoding = 4; lastKnownFileType = sourcecode.c.h; path = GISDatabaseMnager.h; sourceTree = "<group>"; };
		8A9B25AC19767701002F1AC0 /* GISBaseViewController.m */ = {isa = PBXFileReference; fileEncoding = 4; lastKnownFileType = sourcecode.c.objc; path = GISBaseViewController.m; sourceTree = "<group>"; };
		8A9B25AD19767701002F1AC0 /* GISBaseViewController.h */ = {isa = PBXFileReference; fileEncoding = 4; lastKnownFileType = sourcecode.c.h; path = GISBaseViewController.h; sourceTree = "<group>"; };
		8A9B25B01976796F002F1AC0 /* Reachability.h */ = {isa = PBXFileReference; fileEncoding = 4; lastKnownFileType = sourcecode.c.h; path = Reachability.h; sourceTree = "<group>"; };
		8A9B25B11976796F002F1AC0 /* Reachability.m */ = {isa = PBXFileReference; fileEncoding = 4; lastKnownFileType = sourcecode.c.objc; path = Reachability.m; sourceTree = "<group>"; };
		BA3AF20C196BBAF7006A1E3B /* GIS_Scheduler.app */ = {isa = PBXFileReference; explicitFileType = wrapper.application; includeInIndex = 0; path = GIS_Scheduler.app; sourceTree = BUILT_PRODUCTS_DIR; };
		BA3AF20F196BBAF7006A1E3B /* Foundation.framework */ = {isa = PBXFileReference; lastKnownFileType = wrapper.framework; name = Foundation.framework; path = System/Library/Frameworks/Foundation.framework; sourceTree = SDKROOT; };
		BA3AF211196BBAF7006A1E3B /* CoreGraphics.framework */ = {isa = PBXFileReference; lastKnownFileType = wrapper.framework; name = CoreGraphics.framework; path = System/Library/Frameworks/CoreGraphics.framework; sourceTree = SDKROOT; };
		BA3AF213196BBAF7006A1E3B /* UIKit.framework */ = {isa = PBXFileReference; lastKnownFileType = wrapper.framework; name = UIKit.framework; path = System/Library/Frameworks/UIKit.framework; sourceTree = SDKROOT; };
		BA3AF217196BBAF7006A1E3B /* GIS_Scheduler-Info.plist */ = {isa = PBXFileReference; lastKnownFileType = text.plist.xml; path = "GIS_Scheduler-Info.plist"; sourceTree = "<group>"; };
		BA3AF219196BBAF7006A1E3B /* en */ = {isa = PBXFileReference; lastKnownFileType = text.plist.strings; name = en; path = en.lproj/InfoPlist.strings; sourceTree = "<group>"; };
		BA3AF21B196BBAF7006A1E3B /* main.m */ = {isa = PBXFileReference; lastKnownFileType = sourcecode.c.objc; path = main.m; sourceTree = "<group>"; };
		BA3AF21D196BBAF7006A1E3B /* GIS_Scheduler-Prefix.pch */ = {isa = PBXFileReference; lastKnownFileType = sourcecode.c.h; path = "GIS_Scheduler-Prefix.pch"; sourceTree = "<group>"; };
		BA3AF221196BBAF7006A1E3B /* Images.xcassets */ = {isa = PBXFileReference; lastKnownFileType = folder.assetcatalog; path = Images.xcassets; sourceTree = "<group>"; };
		BA3AF227196BBAF7006A1E3B /* GIS_SchedulerTests.xctest */ = {isa = PBXFileReference; explicitFileType = wrapper.cfbundle; includeInIndex = 0; path = GIS_SchedulerTests.xctest; sourceTree = BUILT_PRODUCTS_DIR; };
		BA3AF228196BBAF7006A1E3B /* XCTest.framework */ = {isa = PBXFileReference; lastKnownFileType = wrapper.framework; name = XCTest.framework; path = Library/Frameworks/XCTest.framework; sourceTree = DEVELOPER_DIR; };
		BA3AF230196BBAF8006A1E3B /* GIS_SchedulerTests-Info.plist */ = {isa = PBXFileReference; lastKnownFileType = text.plist.xml; path = "GIS_SchedulerTests-Info.plist"; sourceTree = "<group>"; };
		BA3AF232196BBAF8006A1E3B /* en */ = {isa = PBXFileReference; lastKnownFileType = text.plist.strings; name = en; path = en.lproj/InfoPlist.strings; sourceTree = "<group>"; };
		BA3AF234196BBAF8006A1E3B /* GIS_SchedulerTests.m */ = {isa = PBXFileReference; lastKnownFileType = sourcecode.c.objc; path = GIS_SchedulerTests.m; sourceTree = "<group>"; };
		BA59EC3E1977EC530083864D /* GISDashBoardListViewController.h */ = {isa = PBXFileReference; fileEncoding = 4; lastKnownFileType = sourcecode.c.h; path = GISDashBoardListViewController.h; sourceTree = "<group>"; };
		BA59EC3F1977EC530083864D /* GISDashBoardListViewController.m */ = {isa = PBXFileReference; fileEncoding = 4; lastKnownFileType = sourcecode.c.objc; path = GISDashBoardListViewController.m; sourceTree = "<group>"; };
		BA59EC401977EC530083864D /* GISDashBoardListViewController.xib */ = {isa = PBXFileReference; fileEncoding = 4; lastKnownFileType = file.xib; path = GISDashBoardListViewController.xib; sourceTree = "<group>"; };
		BA694A471975306000AC8CCC /* GISContactsAndBillingViewController.h */ = {isa = PBXFileReference; fileEncoding = 4; lastKnownFileType = sourcecode.c.h; path = GISContactsAndBillingViewController.h; sourceTree = "<group>"; };
		BA694A481975306000AC8CCC /* GISContactsAndBillingViewController.m */ = {isa = PBXFileReference; fileEncoding = 4; lastKnownFileType = sourcecode.c.objc; path = GISContactsAndBillingViewController.m; sourceTree = "<group>"; };
		BA694A491975306000AC8CCC /* GISContactsAndBillingViewController.xib */ = {isa = PBXFileReference; fileEncoding = 4; lastKnownFileType = file.xib; path = GISContactsAndBillingViewController.xib; sourceTree = "<group>"; };
		BA694A4D1975389D00AC8CCC /* GISDatesAndTimesViewController.h */ = {isa = PBXFileReference; fileEncoding = 4; lastKnownFileType = sourcecode.c.h; path = GISDatesAndTimesViewController.h; sourceTree = "<group>"; };
		BA694A4E1975389D00AC8CCC /* GISDatesAndTimesViewController.m */ = {isa = PBXFileReference; fileEncoding = 4; lastKnownFileType = sourcecode.c.objc; path = GISDatesAndTimesViewController.m; sourceTree = "<group>"; };
		BA694A4F1975389D00AC8CCC /* GISDatesAndTimesViewController.xib */ = {isa = PBXFileReference; fileEncoding = 4; lastKnownFileType = file.xib; path = GISDatesAndTimesViewController.xib; sourceTree = "<group>"; };
		BA9E6A5F1977E88400609E69 /* GISAppDelegate.h */ = {isa = PBXFileReference; fileEncoding = 4; lastKnownFileType = sourcecode.c.h; path = GISAppDelegate.h; sourceTree = "<group>"; };
		BA9E6A601977E88400609E69 /* GISAppDelegate.m */ = {isa = PBXFileReference; fileEncoding = 4; lastKnownFileType = sourcecode.c.objc; path = GISAppDelegate.m; sourceTree = "<group>"; };
		BA9E6A621977E88400609E69 /* GISAttendeesCell.xib */ = {isa = PBXFileReference; fileEncoding = 4; lastKnownFileType = file.xib; path = GISAttendeesCell.xib; sourceTree = "<group>"; };
		BA9E6A631977E88400609E69 /* GISAttendeesTopCell.h */ = {isa = PBXFileReference; fileEncoding = 4; lastKnownFileType = sourcecode.c.h; path = GISAttendeesTopCell.h; sourceTree = "<group>"; };
		BA9E6A641977E88400609E69 /* GISAttendeesTopCell.m */ = {isa = PBXFileReference; fileEncoding = 4; lastKnownFileType = sourcecode.c.objc; path = GISAttendeesTopCell.m; sourceTree = "<group>"; };
		BA9E6A651977E88400609E69 /* GISAttendeesTopCell.xib */ = {isa = PBXFileReference; fileEncoding = 4; lastKnownFileType = file.xib; path = GISAttendeesTopCell.xib; sourceTree = "<group>"; };
		BA9E6A661977E88400609E69 /* GISAttendeesViewController.h */ = {isa = PBXFileReference; fileEncoding = 4; lastKnownFileType = sourcecode.c.h; path = GISAttendeesViewController.h; sourceTree = "<group>"; };
		BA9E6A671977E88400609E69 /* GISAttendeesViewController.m */ = {isa = PBXFileReference; fileEncoding = 4; lastKnownFileType = sourcecode.c.objc; path = GISAttendeesViewController.m; sourceTree = "<group>"; };
		BA9E6A681977E88400609E69 /* GISAttendeesViewController.xib */ = {isa = PBXFileReference; fileEncoding = 4; lastKnownFileType = file.xib; path = GISAttendeesViewController.xib; sourceTree = "<group>"; };
		BA9E6A6A1977E88400609E69 /* add.png */ = {isa = PBXFileReference; lastKnownFileType = image.png; path = add.png; sourceTree = "<group>"; };
		BA9E6A6B1977E88400609E69 /* add@2x.png */ = {isa = PBXFileReference; lastKnownFileType = image.png; path = "add@2x.png"; sourceTree = "<group>"; };
		BA9E6A6C1977E88400609E69 /* arrow.png */ = {isa = PBXFileReference; lastKnownFileType = image.png; path = arrow.png; sourceTree = "<group>"; };
		BA9E6A6D1977E88400609E69 /* arrow@2x.png */ = {isa = PBXFileReference; lastKnownFileType = image.png; path = "arrow@2x.png"; sourceTree = "<group>"; };
		BA9E6A6E1977E88400609E69 /* attendees.png */ = {isa = PBXFileReference; lastKnownFileType = image.png; path = attendees.png; sourceTree = "<group>"; };
		BA9E6A6F1977E88400609E69 /* attendees@2x.png */ = {isa = PBXFileReference; lastKnownFileType = image.png; path = "attendees@2x.png"; sourceTree = "<group>"; };
		BA9E6A701977E88400609E69 /* attendees_pressed.png */ = {isa = PBXFileReference; lastKnownFileType = image.png; path = attendees_pressed.png; sourceTree = "<group>"; };
		BA9E6A711977E88400609E69 /* attendees_pressed@2x.png */ = {isa = PBXFileReference; lastKnownFileType = image.png; path = "attendees_pressed@2x.png"; sourceTree = "<group>"; };
		BA9E6A721977E88400609E69 /* calender.png */ = {isa = PBXFileReference; lastKnownFileType = image.png; path = calender.png; sourceTree = "<group>"; };
		BA9E6A731977E88400609E69 /* calender@2x.png */ = {isa = PBXFileReference; lastKnownFileType = image.png; path = "calender@2x.png"; sourceTree = "<group>"; };
		BA9E6A741977E88400609E69 /* check.png */ = {isa = PBXFileReference; lastKnownFileType = image.png; path = check.png; sourceTree = "<group>"; };
		BA9E6A751977E88400609E69 /* check@2x.png */ = {isa = PBXFileReference; lastKnownFileType = image.png; path = "check@2x.png"; sourceTree = "<group>"; };
		BA9E6A761977E88400609E69 /* check_pressed.png */ = {isa = PBXFileReference; lastKnownFileType = image.png; path = check_pressed.png; sourceTree = "<group>"; };
		BA9E6A771977E88400609E69 /* check_pressed@2x.png */ = {isa = PBXFileReference; lastKnownFileType = image.png; path = "check_pressed@2x.png"; sourceTree = "<group>"; };
		BA9E6A781977E88400609E69 /* checked.png */ = {isa = PBXFileReference; lastKnownFileType = image.png; path = checked.png; sourceTree = "<group>"; };
		BA9E6A791977E88400609E69 /* checked@2x.png */ = {isa = PBXFileReference; lastKnownFileType = image.png; path = "checked@2x.png"; sourceTree = "<group>"; };
		BA9E6A7A1977E88400609E69 /* choose_request_bg.png */ = {isa = PBXFileReference; lastKnownFileType = image.png; path = choose_request_bg.png; sourceTree = "<group>"; };
		BA9E6A7B1977E88400609E69 /* choose_request_bg@2x.png */ = {isa = PBXFileReference; lastKnownFileType = image.png; path = "choose_request_bg@2x.png"; sourceTree = "<group>"; };
		BA9E6A7C1977E88400609E69 /* clock.png */ = {isa = PBXFileReference; lastKnownFileType = image.png; path = clock.png; sourceTree = "<group>"; };
		BA9E6A7D1977E88400609E69 /* clock@2x.png */ = {isa = PBXFileReference; lastKnownFileType = image.png; path = "clock@2x.png"; sourceTree = "<group>"; };
		BA9E6A7E1977E88400609E69 /* comments.png */ = {isa = PBXFileReference; lastKnownFileType = image.png; path = comments.png; sourceTree = "<group>"; };
		BA9E6A7F1977E88400609E69 /* comments@2x.png */ = {isa = PBXFileReference; lastKnownFileType = image.png; path = "comments@2x.png"; sourceTree = "<group>"; };
		BA9E6A801977E88400609E69 /* comments_pressed.png */ = {isa = PBXFileReference; lastKnownFileType = image.png; path = comments_pressed.png; sourceTree = "<group>"; };
		BA9E6A811977E88400609E69 /* comments_pressed@2x.png */ = {isa = PBXFileReference; lastKnownFileType = image.png; path = "comments_pressed@2x.png"; sourceTree = "<group>"; };
		BA9E6A821977E88400609E69 /* contact_and_billing.png */ = {isa = PBXFileReference; lastKnownFileType = image.png; path = contact_and_billing.png; sourceTree = "<group>"; };
		BA9E6A831977E88400609E69 /* contact_and_billing@2x.png */ = {isa = PBXFileReference; lastKnownFileType = image.png; path = "contact_and_billing@2x.png"; sourceTree = "<group>"; };
		BA9E6A841977E88400609E69 /* contact_and_billing_pressed.png */ = {isa = PBXFileReference; lastKnownFileType = image.png; path = contact_and_billing_pressed.png; sourceTree = "<group>"; };
		BA9E6A851977E88400609E69 /* contact_and_billing_pressed@2x.png */ = {isa = PBXFileReference; lastKnownFileType = image.png; path = "contact_and_billing_pressed@2x.png"; sourceTree = "<group>"; };
		BA9E6A861977E88400609E69 /* dashbaord_pressed.png */ = {isa = PBXFileReference; lastKnownFileType = image.png; path = dashbaord_pressed.png; sourceTree = "<group>"; };
		BA9E6A871977E88400609E69 /* dashboard.png */ = {isa = PBXFileReference; lastKnownFileType = image.png; path = dashboard.png; sourceTree = "<group>"; };
		BA9E6A881977E88400609E69 /* dashboard@2x.png */ = {isa = PBXFileReference; lastKnownFileType = image.png; path = "dashboard@2x.png"; sourceTree = "<group>"; };
		BA9E6A891977E88400609E69 /* dashboard_pressed@2x.png */ = {isa = PBXFileReference; lastKnownFileType = image.png; path = "dashboard_pressed@2x.png"; sourceTree = "<group>"; };
		BA9E6A941977E88400609E69 /* dates_and_times.png */ = {isa = PBXFileReference; lastKnownFileType = image.png; path = dates_and_times.png; sourceTree = "<group>"; };
		BA9E6A951977E88400609E69 /* dates_and_times@2x.png */ = {isa = PBXFileReference; lastKnownFileType = image.png; path = "dates_and_times@2x.png"; sourceTree = "<group>"; };
		BA9E6A961977E88400609E69 /* dates_and_times_pressed.png */ = {isa = PBXFileReference; lastKnownFileType = image.png; path = dates_and_times_pressed.png; sourceTree = "<group>"; };
		BA9E6A971977E88400609E69 /* dates_and_times_pressed@2x.png */ = {isa = PBXFileReference; lastKnownFileType = image.png; path = "dates_and_times_pressed@2x.png"; sourceTree = "<group>"; };
		BA9E6A981977E88400609E69 /* delete.png */ = {isa = PBXFileReference; lastKnownFileType = image.png; path = delete.png; sourceTree = "<group>"; };
		BA9E6A991977E88400609E69 /* delete@2x.png */ = {isa = PBXFileReference; lastKnownFileType = image.png; path = "delete@2x.png"; sourceTree = "<group>"; };
		BA9E6A9A1977E88400609E69 /* delete_pressed.png */ = {isa = PBXFileReference; lastKnownFileType = image.png; path = delete_pressed.png; sourceTree = "<group>"; };
		BA9E6A9B1977E88400609E69 /* delete_pressed@2x.png */ = {isa = PBXFileReference; lastKnownFileType = image.png; path = "delete_pressed@2x.png"; sourceTree = "<group>"; };
		BA9E6A9C1977E88400609E69 /* dropdown.png */ = {isa = PBXFileReference; lastKnownFileType = image.png; path = dropdown.png; sourceTree = "<group>"; };
		BA9E6A9D1977E88400609E69 /* dropdown@2x.png */ = {isa = PBXFileReference; lastKnownFileType = image.png; path = "dropdown@2x.png"; sourceTree = "<group>"; };
		BA9E6A9E1977E88400609E69 /* edit.png */ = {isa = PBXFileReference; lastKnownFileType = image.png; path = edit.png; sourceTree = "<group>"; };
		BA9E6A9F1977E88400609E69 /* edit@2x.png */ = {isa = PBXFileReference; lastKnownFileType = image.png; path = "edit@2x.png"; sourceTree = "<group>"; };
		BA9E6AA01977E88400609E69 /* edit_pressed.png */ = {isa = PBXFileReference; lastKnownFileType = image.png; path = edit_pressed.png; sourceTree = "<group>"; };
		BA9E6AA11977E88400609E69 /* edit_pressed@2x.png */ = {isa = PBXFileReference; lastKnownFileType = image.png; path = "edit_pressed@2x.png"; sourceTree = "<group>"; };
		BA9E6AA21977E88400609E69 /* event_details.png */ = {isa = PBXFileReference; lastKnownFileType = image.png; path = event_details.png; sourceTree = "<group>"; };
		BA9E6AA31977E88400609E69 /* event_details@2x.png */ = {isa = PBXFileReference; lastKnownFileType = image.png; path = "event_details@2x.png"; sourceTree = "<group>"; };
		BA9E6AA41977E88400609E69 /* event_details_pressed.png */ = {isa = PBXFileReference; lastKnownFileType = image.png; path = event_details_pressed.png; sourceTree = "<group>"; };
		BA9E6AA51977E88400609E69 /* event_details_pressed@2x.png */ = {isa = PBXFileReference; lastKnownFileType = image.png; path = "event_details_pressed@2x.png"; sourceTree = "<group>"; };
		BA9E6AA61977E88400609E69 /* find_requests_jobs.png */ = {isa = PBXFileReference; lastKnownFileType = image.png; path = find_requests_jobs.png; sourceTree = "<group>"; };
		BA9E6AA71977E88400609E69 /* find_requests_jobs@2x.png */ = {isa = PBXFileReference; lastKnownFileType = image.png; path = "find_requests_jobs@2x.png"; sourceTree = "<group>"; };
		BA9E6AA81977E88400609E69 /* find_requests_jobs_pressed.png */ = {isa = PBXFileReference; lastKnownFileType = image.png; path = find_requests_jobs_pressed.png; sourceTree = "<group>"; };
		BA9E6AA91977E88400609E69 /* find_requests_jobs_pressed@2x.png */ = {isa = PBXFileReference; lastKnownFileType = image.png; path = "find_requests_jobs_pressed@2x.png"; sourceTree = "<group>"; };
		BA9E6AAA1977E88400609E69 /* incomplete_request.png */ = {isa = PBXFileReference; lastKnownFileType = image.png; path = incomplete_request.png; sourceTree = "<group>"; };
		BA9E6AAB1977E88400609E69 /* incomplete_request@2x.png */ = {isa = PBXFileReference; lastKnownFileType = image.png; path = "incomplete_request@2x.png"; sourceTree = "<group>"; };
		BA9E6AAC1977E88400609E69 /* info.png */ = {isa = PBXFileReference; lastKnownFileType = image.png; path = info.png; sourceTree = "<group>"; };
		BA9E6AAD1977E88400609E69 /* info@2x.png */ = {isa = PBXFileReference; lastKnownFileType = image.png; path = "info@2x.png"; sourceTree = "<group>"; };
		BA9E6AAE1977E88400609E69 /* job_details.png */ = {isa = PBXFileReference; lastKnownFileType = image.png; path = job_details.png; sourceTree = "<group>"; };
		BA9E6AAF1977E88400609E69 /* job_details@2x.png */ = {isa = PBXFileReference; lastKnownFileType = image.png; path = "job_details@2x.png"; sourceTree = "<group>"; };
		BA9E6AB01977E88400609E69 /* job_details_pressed.png */ = {isa = PBXFileReference; lastKnownFileType = image.png; path = job_details_pressed.png; sourceTree = "<group>"; };
		BA9E6AB11977E88400609E69 /* job_details_pressed@2x.png */ = {isa = PBXFileReference; lastKnownFileType = image.png; path = "job_details_pressed@2x.png"; sourceTree = "<group>"; };
		BA9E6AB21977E88400609E69 /* location.png */ = {isa = PBXFileReference; lastKnownFileType = image.png; path = location.png; sourceTree = "<group>"; };
		BA9E6AB31977E88400609E69 /* location@2x.png */ = {isa = PBXFileReference; lastKnownFileType = image.png; path = "location@2x.png"; sourceTree = "<group>"; };
		BA9E6AB41977E88400609E69 /* location_pressed.png */ = {isa = PBXFileReference; lastKnownFileType = image.png; path = location_pressed.png; sourceTree = "<group>"; };
		BA9E6AB51977E88400609E69 /* location_pressed@2x.png */ = {isa = PBXFileReference; lastKnownFileType = image.png; path = "location_pressed@2x.png"; sourceTree = "<group>"; };
		BA9E6AB61977E88400609E69 /* login_password.png */ = {isa = PBXFileReference; lastKnownFileType = image.png; path = login_password.png; sourceTree = "<group>"; };
		BA9E6AB71977E88400609E69 /* login_password@2x.png */ = {isa = PBXFileReference; lastKnownFileType = image.png; path = "login_password@2x.png"; sourceTree = "<group>"; };
		BA9E6AB81977E88400609E69 /* login_username.png */ = {isa = PBXFileReference; lastKnownFileType = image.png; path = login_username.png; sourceTree = "<group>"; };
		BA9E6AB91977E88400609E69 /* login_username@2x.png */ = {isa = PBXFileReference; lastKnownFileType = image.png; path = "login_username@2x.png"; sourceTree = "<group>"; };
		BA9E6ABA1977E88400609E69 /* logo.png */ = {isa = PBXFileReference; lastKnownFileType = image.png; path = logo.png; sourceTree = "<group>"; };
		BA9E6ABB1977E88400609E69 /* logo@2x.png */ = {isa = PBXFileReference; lastKnownFileType = image.png; path = "logo@2x.png"; sourceTree = "<group>"; };
		BA9E6ABC1977E88400609E69 /* logout.png */ = {isa = PBXFileReference; lastKnownFileType = image.png; path = logout.png; sourceTree = "<group>"; };
		BA9E6ABD1977E88400609E69 /* logout@2x.png */ = {isa = PBXFileReference; lastKnownFileType = image.png; path = "logout@2x.png"; sourceTree = "<group>"; };
		BA9E6ABE1977E88400609E69 /* logout_pressed.png */ = {isa = PBXFileReference; lastKnownFileType = image.png; path = logout_pressed.png; sourceTree = "<group>"; };
		BA9E6ABF1977E88400609E69 /* logout_pressed@2x.png */ = {isa = PBXFileReference; lastKnownFileType = image.png; path = "logout_pressed@2x.png"; sourceTree = "<group>"; };
		BA9E6AC01977E88400609E69 /* radio_button_empty.png */ = {isa = PBXFileReference; lastKnownFileType = image.png; path = radio_button_empty.png; sourceTree = "<group>"; };
		BA9E6AC11977E88400609E69 /* radio_button_empty@2x.png */ = {isa = PBXFileReference; lastKnownFileType = image.png; path = "radio_button_empty@2x.png"; sourceTree = "<group>"; };
		BA9E6AC21977E88400609E69 /* radio_button_filled.png */ = {isa = PBXFileReference; lastKnownFileType = image.png; path = radio_button_filled.png; sourceTree = "<group>"; };
		BA9E6AC31977E88400609E69 /* radio_button_filled@2x.png */ = {isa = PBXFileReference; lastKnownFileType = image.png; path = "radio_button_filled@2x.png"; sourceTree = "<group>"; };
		BA9E6AC41977E88400609E69 /* requests_jobs.png */ = {isa = PBXFileReference; lastKnownFileType = image.png; path = requests_jobs.png; sourceTree = "<group>"; };
		BA9E6AC51977E88400609E69 /* requests_Jobs@2x */ = {isa = PBXFileReference; lastKnownFileType = file; path = "requests_Jobs@2x"; sourceTree = "<group>"; };
		BA9E6AC61977E88400609E69 /* requests_jobs_pressed.png */ = {isa = PBXFileReference; lastKnownFileType = image.png; path = requests_jobs_pressed.png; sourceTree = "<group>"; };
		BA9E6AC71977E88400609E69 /* requests_Jobs_pressed@2x */ = {isa = PBXFileReference; lastKnownFileType = file; path = "requests_Jobs_pressed@2x"; sourceTree = "<group>"; };
		BA9E6AC81977E88400609E69 /* save.png */ = {isa = PBXFileReference; lastKnownFileType = image.png; path = save.png; sourceTree = "<group>"; };
		BA9E6AC91977E88400609E69 /* save@2x.png */ = {isa = PBXFileReference; lastKnownFileType = image.png; path = "save@2x.png"; sourceTree = "<group>"; };
		BA9E6ACA1977E88400609E69 /* scheduling.png */ = {isa = PBXFileReference; lastKnownFileType = image.png; path = scheduling.png; sourceTree = "<group>"; };
		BA9E6ACB1977E88400609E69 /* scheduling@2x.png */ = {isa = PBXFileReference; lastKnownFileType = image.png; path = "scheduling@2x.png"; sourceTree = "<group>"; };
		BA9E6ACC1977E88400609E69 /* scheduling_pressed.png */ = {isa = PBXFileReference; lastKnownFileType = image.png; path = scheduling_pressed.png; sourceTree = "<group>"; };
		BA9E6ACD1977E88400609E69 /* scheduling_pressed@2x.png */ = {isa = PBXFileReference; lastKnownFileType = image.png; path = "scheduling_pressed@2x.png"; sourceTree = "<group>"; };
		BA9E6ACE1977E88400609E69 /* search.png */ = {isa = PBXFileReference; lastKnownFileType = image.png; path = search.png; sourceTree = "<group>"; };
		BA9E6ACF1977E88400609E69 /* search@2x.png */ = {isa = PBXFileReference; lastKnownFileType = image.png; path = "search@2x.png"; sourceTree = "<group>"; };
		BA9E6AD01977E88400609E69 /* service_provider_hollow.png */ = {isa = PBXFileReference; lastKnownFileType = image.png; path = service_provider_hollow.png; sourceTree = "<group>"; };
		BA9E6AD11977E88400609E69 /* service_provider_hollow@2x.png */ = {isa = PBXFileReference; lastKnownFileType = image.png; path = "service_provider_hollow@2x.png"; sourceTree = "<group>"; };
		BA9E6AD21977E88400609E69 /* service_providers.png */ = {isa = PBXFileReference; lastKnownFileType = image.png; path = service_providers.png; sourceTree = "<group>"; };
		BA9E6AD31977E88400609E69 /* service_providers@2x.png */ = {isa = PBXFileReference; lastKnownFileType = image.png; path = "service_providers@2x.png"; sourceTree = "<group>"; };
		BA9E6AD41977E88400609E69 /* slider.png */ = {isa = PBXFileReference; lastKnownFileType = image.png; path = slider.png; sourceTree = "<group>"; };
		BA9E6AD51977E88400609E69 /* slider@2x.png */ = {isa = PBXFileReference; lastKnownFileType = image.png; path = "slider@2x.png"; sourceTree = "<group>"; };
		BA9E6AD61977E88400609E69 /* summary.png */ = {isa = PBXFileReference; lastKnownFileType = image.png; path = summary.png; sourceTree = "<group>"; };
		BA9E6AD71977E88400609E69 /* summary@2x.png */ = {isa = PBXFileReference; lastKnownFileType = image.png; path = "summary@2x.png"; sourceTree = "<group>"; };
		BA9E6AD81977E88400609E69 /* summary_edit.png */ = {isa = PBXFileReference; lastKnownFileType = image.png; path = summary_edit.png; sourceTree = "<group>"; };
		BA9E6AD91977E88400609E69 /* summary_edit@2x.png */ = {isa = PBXFileReference; lastKnownFileType = image.png; path = "summary_edit@2x.png"; sourceTree = "<group>"; };
		BA9E6ADA1977E88400609E69 /* summary_pressed.png */ = {isa = PBXFileReference; lastKnownFileType = image.png; path = summary_pressed.png; sourceTree = "<group>"; };
		BA9E6ADB1977E88400609E69 /* summary_pressed@2x.png */ = {isa = PBXFileReference; lastKnownFileType = image.png; path = "summary_pressed@2x.png"; sourceTree = "<group>"; };
		BA9E6ADC1977E88400609E69 /* text_field_bg.png */ = {isa = PBXFileReference; lastKnownFileType = image.png; path = text_field_bg.png; sourceTree = "<group>"; };
		BA9E6ADD1977E88400609E69 /* text_field_bg@2x.png */ = {isa = PBXFileReference; lastKnownFileType = image.png; path = "text_field_bg@2x.png"; sourceTree = "<group>"; };
		BA9E6ADE1977E88400609E69 /* text_field_bg_with_btn.png */ = {isa = PBXFileReference; lastKnownFileType = image.png; path = text_field_bg_with_btn.png; sourceTree = "<group>"; };
		BA9E6ADF1977E88400609E69 /* text_field_bg_with_btn@2x.png */ = {isa = PBXFileReference; lastKnownFileType = image.png; path = "text_field_bg_with_btn@2x.png"; sourceTree = "<group>"; };
		BA9E6AE01977E88400609E69 /* trash@2x.png */ = {isa = PBXFileReference; lastKnownFileType = image.png; path = "trash@2x.png"; sourceTree = "<group>"; };
		BA9E6AE11977E88400609E69 /* unchecked.png */ = {isa = PBXFileReference; lastKnownFileType = image.png; path = unchecked.png; sourceTree = "<group>"; };
		BA9E6AE21977E88400609E69 /* unchecked@2x.png */ = {isa = PBXFileReference; lastKnownFileType = image.png; path = "unchecked@2x.png"; sourceTree = "<group>"; };
		BA9E6AE31977E88400609E69 /* view.png */ = {isa = PBXFileReference; lastKnownFileType = image.png; path = view.png; sourceTree = "<group>"; };
		BA9E6AE41977E88400609E69 /* view@2x.png */ = {isa = PBXFileReference; lastKnownFileType = image.png; path = "view@2x.png"; sourceTree = "<group>"; };
		BA9E6AE51977E88400609E69 /* view_pressed.png */ = {isa = PBXFileReference; lastKnownFileType = image.png; path = view_pressed.png; sourceTree = "<group>"; };
		BA9E6AE61977E88400609E69 /* view_pressed@2x.png */ = {isa = PBXFileReference; lastKnownFileType = image.png; path = "view_pressed@2x.png"; sourceTree = "<group>"; };
		BA9E6B681977E8EE00609E69 /* GISConstants.h */ = {isa = PBXFileReference; fileEncoding = 4; lastKnownFileType = sourcecode.c.h; path = GISConstants.h; sourceTree = "<group>"; };
/* End PBXFileReference section */

/* Begin PBXFrameworksBuildPhase section */
		BA3AF209196BBAF7006A1E3B /* Frameworks */ = {
			isa = PBXFrameworksBuildPhase;
			buildActionMask = 2147483647;
			files = (
				BA3AF212196BBAF7006A1E3B /* CoreGraphics.framework in Frameworks */,
				BA3AF214196BBAF7006A1E3B /* UIKit.framework in Frameworks */,
				BA3AF210196BBAF7006A1E3B /* Foundation.framework in Frameworks */,
			);
			runOnlyForDeploymentPostprocessing = 0;
		};
		BA3AF224196BBAF7006A1E3B /* Frameworks */ = {
			isa = PBXFrameworksBuildPhase;
			buildActionMask = 2147483647;
			files = (
				BA3AF229196BBAF7006A1E3B /* XCTest.framework in Frameworks */,
				BA3AF22B196BBAF7006A1E3B /* UIKit.framework in Frameworks */,
				BA3AF22A196BBAF7006A1E3B /* Foundation.framework in Frameworks */,
			);
			runOnlyForDeploymentPostprocessing = 0;
		};
/* End PBXFrameworksBuildPhase section */

/* Begin PBXGroup section */
		8A232EE41973ACC100E2BEDF /* GIS Login */ = {
			isa = PBXGroup;
			children = (
				8A232EE51973ACD700E2BEDF /* GISLoginViewController.h */,
				8A232EE61973ACD700E2BEDF /* GISLoginViewController.m */,
				8A232EE71973ACD700E2BEDF /* GISLoginViewController.xib */,
			);
			path = "GIS Login";
			sourceTree = "<group>";
		};
		8A5052BC1977D76F007288F5 /* DashBoard Views */ = {
			isa = PBXGroup;
			children = (
				BA59EC3E1977EC530083864D /* GISDashBoardListViewController.h */,
				BA59EC3F1977EC530083864D /* GISDashBoardListViewController.m */,
				BA59EC401977EC530083864D /* GISDashBoardListViewController.xib */,
				8A5052C71977D77E007288F5 /* GISDashBoardCell.h */,
				8A5052C81977D77E007288F5 /* GISDashBoardCell.m */,
				8A5052C91977D77E007288F5 /* GISDashBoardCell.xib */,
				8A5052C01977D76F007288F5 /* GISDashBoardViewController.h */,
				8A5052C11977D76F007288F5 /* GISDashBoardViewController.m */,
				8A5052C21977D76F007288F5 /* GISDashBoardViewController.xib */,
			);
			path = "DashBoard Views";
			sourceTree = "<group>";
		};
		8A5052CC1977DB91007288F5 /* Fonts */ = {
			isa = PBXGroup;
			children = (
				8A5052CD1977DB91007288F5 /* GISFonts.h */,
				8A5052CE1977DB91007288F5 /* GISFonts.m */,
				8A5052CF1977DB91007288F5 /* MyriadPro-Bold.otf */,
				8A5052D01977DB91007288F5 /* MyriadPro-Regular.otf */,
				8A5052D11977DB91007288F5 /* MyriadPro-Semibold.otf */,
			);
			path = Fonts;
			sourceTree = "<group>";
		};
		8A5E2E231974F9CE00BE3C04 /* View Edit Request */ = {
			isa = PBXGroup;
			children = (
				8A5E2E241974F9F000BE3C04 /* GISVIewEditRequestViewController.h */,
				8A5E2E251974F9F000BE3C04 /* GISVIewEditRequestViewController.m */,
				8A5E2E261974F9F000BE3C04 /* GISVIewEditRequestViewController.xib */,
			);
			path = "View Edit Request";
			sourceTree = "<group>";
		};
		8A5E2E2919753B3B00BE3C04 /* Event Details */ = {
			isa = PBXGroup;
			children = (
				8A5E2E2F19753BFC00BE3C04 /* EventDetail Cell */,
				8A5E2E2A19753B5D00BE3C04 /* GISEventDetailsViewController.h */,
				8A5E2E2B19753B5D00BE3C04 /* GISEventDetailsViewController.m */,
				8A5E2E2C19753B5D00BE3C04 /* GISEventDetailsViewController.xib */,
			);
			path = "Event Details";
			sourceTree = "<group>";
		};
		8A5E2E2F19753BFC00BE3C04 /* EventDetail Cell */ = {
			isa = PBXGroup;
			children = (
				8A5E2E3019753C2200BE3C04 /* GISEventDetailsCell.h */,
				8A5E2E3119753C2200BE3C04 /* GISEventDetailsCell.m */,
				8A5E2E3319753C8100BE3C04 /* GISEventDetailsCell.xib */,
				8A5052B319779CFD007288F5 /* GISPreparationMaterialCell.h */,
				8A5052B419779CFD007288F5 /* GISPreparationMaterialCell.m */,
				8A5052B619779D2A007288F5 /* GISPreparationMaterialCell.xib */,
			);
			path = "EventDetail Cell";
			sourceTree = "<group>";
		};
		8A9B25A3197676C1002F1AC0 /* Utility */ = {
			isa = PBXGroup;
			children = (
				8A9B25AC19767701002F1AC0 /* GISBaseViewController.m */,
				8A9B25AD19767701002F1AC0 /* GISBaseViewController.h */,
				8A9B25A4197676CE002F1AC0 /* GISUtility.h */,
				8A9B25A5197676CE002F1AC0 /* GISUtility.m */,
				8A9B25A6197676CE002F1AC0 /* GISDatabaseConstants.h */,
				8A9B25A7197676CE002F1AC0 /* GISNetworkUtility.h */,
				8A9B25A8197676CE002F1AC0 /* GISNetworkUtility.m */,
				8A9B25A9197676CE002F1AC0 /* GISDatabaseMnager.h */,
			);
			path = Utility;
			sourceTree = "<group>";
		};
		8A9B25AF1976796F002F1AC0 /* Reachability */ = {
			isa = PBXGroup;
			children = (
				8A9B25B01976796F002F1AC0 /* Reachability.h */,
				8A9B25B11976796F002F1AC0 /* Reachability.m */,
			);
			path = Reachability;
			sourceTree = "<group>";
		};
		BA3AF203196BBAF7006A1E3B = {
			isa = PBXGroup;
			children = (
				BA3AF215196BBAF7006A1E3B /* GIS_Scheduler */,
				BA3AF22E196BBAF8006A1E3B /* GIS_SchedulerTests */,
				BA3AF20E196BBAF7006A1E3B /* Frameworks */,
				BA3AF20D196BBAF7006A1E3B /* Products */,
			);
			sourceTree = "<group>";
		};
		BA3AF20D196BBAF7006A1E3B /* Products */ = {
			isa = PBXGroup;
			children = (
				BA3AF20C196BBAF7006A1E3B /* GIS_Scheduler.app */,
				BA3AF227196BBAF7006A1E3B /* GIS_SchedulerTests.xctest */,
			);
			name = Products;
			sourceTree = "<group>";
		};
		BA3AF20E196BBAF7006A1E3B /* Frameworks */ = {
			isa = PBXGroup;
			children = (
				BA3AF20F196BBAF7006A1E3B /* Foundation.framework */,
				BA3AF211196BBAF7006A1E3B /* CoreGraphics.framework */,
				BA3AF213196BBAF7006A1E3B /* UIKit.framework */,
				BA3AF228196BBAF7006A1E3B /* XCTest.framework */,
			);
			name = Frameworks;
			sourceTree = "<group>";
		};
		BA3AF215196BBAF7006A1E3B /* GIS_Scheduler */ = {
			isa = PBXGroup;
			children = (
				BA9E6A5E1977E88400609E69 /* AppDelegate */,
				8A232EE41973ACC100E2BEDF /* GIS Login */,
				8A5052BC1977D76F007288F5 /* DashBoard Views */,
				8A5E2E231974F9CE00BE3C04 /* View Edit Request */,
				BA694A4619751F6B00AC8CCC /* Contacts and Billing */,
				8A5E2E2919753B3B00BE3C04 /* Event Details */,
				BA9E6A611977E88400609E69 /* Attendees */,
				BA694A4C1975387300AC8CCC /* DatesAndTimes */,
				BA9E6B671977E8EE00609E69 /* GIS_Constants */,
				BA9E6A691977E88400609E69 /* Images */,
				8A5052CC1977DB91007288F5 /* Fonts */,
				8A9B25AF1976796F002F1AC0 /* Reachability */,
				8A9B25A3197676C1002F1AC0 /* Utility */,
				BA3AF221196BBAF7006A1E3B /* Images.xcassets */,
				BA3AF216196BBAF7006A1E3B /* Supporting Files */,
			);
			path = GIS_Scheduler;
			sourceTree = "<group>";
		};
		BA3AF216196BBAF7006A1E3B /* Supporting Files */ = {
			isa = PBXGroup;
			children = (
				BA3AF217196BBAF7006A1E3B /* GIS_Scheduler-Info.plist */,
				BA3AF218196BBAF7006A1E3B /* InfoPlist.strings */,
				BA3AF21B196BBAF7006A1E3B /* main.m */,
				BA3AF21D196BBAF7006A1E3B /* GIS_Scheduler-Prefix.pch */,
			);
			name = "Supporting Files";
			sourceTree = "<group>";
		};
		BA3AF22E196BBAF8006A1E3B /* GIS_SchedulerTests */ = {
			isa = PBXGroup;
			children = (
				BA3AF234196BBAF8006A1E3B /* GIS_SchedulerTests.m */,
				BA3AF22F196BBAF8006A1E3B /* Supporting Files */,
			);
			path = GIS_SchedulerTests;
			sourceTree = "<group>";
		};
		BA3AF22F196BBAF8006A1E3B /* Supporting Files */ = {
			isa = PBXGroup;
			children = (
				BA3AF230196BBAF8006A1E3B /* GIS_SchedulerTests-Info.plist */,
				BA3AF231196BBAF8006A1E3B /* InfoPlist.strings */,
			);
			name = "Supporting Files";
			sourceTree = "<group>";
		};
		BA694A4619751F6B00AC8CCC /* Contacts and Billing */ = {
			isa = PBXGroup;
			children = (
				BA694A471975306000AC8CCC /* GISContactsAndBillingViewController.h */,
				BA694A481975306000AC8CCC /* GISContactsAndBillingViewController.m */,
				BA694A491975306000AC8CCC /* GISContactsAndBillingViewController.xib */,
			);
			path = "Contacts and Billing";
			sourceTree = "<group>";
		};
		BA694A4C1975387300AC8CCC /* DatesAndTimes */ = {
			isa = PBXGroup;
			children = (
				BA694A4D1975389D00AC8CCC /* GISDatesAndTimesViewController.h */,
				BA694A4E1975389D00AC8CCC /* GISDatesAndTimesViewController.m */,
				BA694A4F1975389D00AC8CCC /* GISDatesAndTimesViewController.xib */,
			);
			path = DatesAndTimes;
			sourceTree = "<group>";
		};
		BA9E6A5E1977E88400609E69 /* AppDelegate */ = {
			isa = PBXGroup;
			children = (
				BA9E6A5F1977E88400609E69 /* GISAppDelegate.h */,
				BA9E6A601977E88400609E69 /* GISAppDelegate.m */,
			);
			path = AppDelegate;
			sourceTree = "<group>";
		};
		BA9E6A611977E88400609E69 /* Attendees */ = {
			isa = PBXGroup;
			children = (
				BA9E6A631977E88400609E69 /* GISAttendeesTopCell.h */,
				BA9E6A641977E88400609E69 /* GISAttendeesTopCell.m */,
				BA9E6A651977E88400609E69 /* GISAttendeesTopCell.xib */,
				BA9E6A621977E88400609E69 /* GISAttendeesCell.xib */,
				BA9E6A661977E88400609E69 /* GISAttendeesViewController.h */,
				BA9E6A671977E88400609E69 /* GISAttendeesViewController.m */,
				BA9E6A681977E88400609E69 /* GISAttendeesViewController.xib */,
			);
			path = Attendees;
			sourceTree = "<group>";
		};
		BA9E6A691977E88400609E69 /* Images */ = {
			isa = PBXGroup;
			children = (
				BA9E6A6A1977E88400609E69 /* add.png */,
				BA9E6A6B1977E88400609E69 /* add@2x.png */,
				BA9E6A6C1977E88400609E69 /* arrow.png */,
				BA9E6A6D1977E88400609E69 /* arrow@2x.png */,
				BA9E6A6E1977E88400609E69 /* attendees.png */,
				BA9E6A6F1977E88400609E69 /* attendees@2x.png */,
				BA9E6A701977E88400609E69 /* attendees_pressed.png */,
				BA9E6A711977E88400609E69 /* attendees_pressed@2x.png */,
				BA9E6A721977E88400609E69 /* calender.png */,
				BA9E6A731977E88400609E69 /* calender@2x.png */,
				BA9E6A741977E88400609E69 /* check.png */,
				BA9E6A751977E88400609E69 /* check@2x.png */,
				BA9E6A761977E88400609E69 /* check_pressed.png */,
				BA9E6A771977E88400609E69 /* check_pressed@2x.png */,
				BA9E6A781977E88400609E69 /* checked.png */,
				BA9E6A791977E88400609E69 /* checked@2x.png */,
				BA9E6A7A1977E88400609E69 /* choose_request_bg.png */,
				BA9E6A7B1977E88400609E69 /* choose_request_bg@2x.png */,
				BA9E6A7C1977E88400609E69 /* clock.png */,
				BA9E6A7D1977E88400609E69 /* clock@2x.png */,
				BA9E6A7E1977E88400609E69 /* comments.png */,
				BA9E6A7F1977E88400609E69 /* comments@2x.png */,
				BA9E6A801977E88400609E69 /* comments_pressed.png */,
				BA9E6A811977E88400609E69 /* comments_pressed@2x.png */,
				BA9E6A821977E88400609E69 /* contact_and_billing.png */,
				BA9E6A831977E88400609E69 /* contact_and_billing@2x.png */,
				BA9E6A841977E88400609E69 /* contact_and_billing_pressed.png */,
				BA9E6A851977E88400609E69 /* contact_and_billing_pressed@2x.png */,
				BA9E6A861977E88400609E69 /* dashbaord_pressed.png */,
				BA9E6A871977E88400609E69 /* dashboard.png */,
				BA9E6A881977E88400609E69 /* dashboard@2x.png */,
				BA9E6A891977E88400609E69 /* dashboard_pressed@2x.png */,
				BA9E6A941977E88400609E69 /* dates_and_times.png */,
				BA9E6A951977E88400609E69 /* dates_and_times@2x.png */,
				BA9E6A961977E88400609E69 /* dates_and_times_pressed.png */,
				BA9E6A971977E88400609E69 /* dates_and_times_pressed@2x.png */,
				BA9E6A981977E88400609E69 /* delete.png */,
				BA9E6A991977E88400609E69 /* delete@2x.png */,
				BA9E6A9A1977E88400609E69 /* delete_pressed.png */,
				BA9E6A9B1977E88400609E69 /* delete_pressed@2x.png */,
				BA9E6A9C1977E88400609E69 /* dropdown.png */,
				BA9E6A9D1977E88400609E69 /* dropdown@2x.png */,
				BA9E6A9E1977E88400609E69 /* edit.png */,
				BA9E6A9F1977E88400609E69 /* edit@2x.png */,
				BA9E6AA01977E88400609E69 /* edit_pressed.png */,
				BA9E6AA11977E88400609E69 /* edit_pressed@2x.png */,
				BA9E6AA21977E88400609E69 /* event_details.png */,
				BA9E6AA31977E88400609E69 /* event_details@2x.png */,
				BA9E6AA41977E88400609E69 /* event_details_pressed.png */,
				BA9E6AA51977E88400609E69 /* event_details_pressed@2x.png */,
				BA9E6AA61977E88400609E69 /* find_requests_jobs.png */,
				BA9E6AA71977E88400609E69 /* find_requests_jobs@2x.png */,
				BA9E6AA81977E88400609E69 /* find_requests_jobs_pressed.png */,
				BA9E6AA91977E88400609E69 /* find_requests_jobs_pressed@2x.png */,
				BA9E6AAA1977E88400609E69 /* incomplete_request.png */,
				BA9E6AAB1977E88400609E69 /* incomplete_request@2x.png */,
				BA9E6AAC1977E88400609E69 /* info.png */,
				BA9E6AAD1977E88400609E69 /* info@2x.png */,
				BA9E6AAE1977E88400609E69 /* job_details.png */,
				BA9E6AAF1977E88400609E69 /* job_details@2x.png */,
				BA9E6AB01977E88400609E69 /* job_details_pressed.png */,
				BA9E6AB11977E88400609E69 /* job_details_pressed@2x.png */,
				BA9E6AB21977E88400609E69 /* location.png */,
				BA9E6AB31977E88400609E69 /* location@2x.png */,
				BA9E6AB41977E88400609E69 /* location_pressed.png */,
				BA9E6AB51977E88400609E69 /* location_pressed@2x.png */,
				BA9E6AB61977E88400609E69 /* login_password.png */,
				BA9E6AB71977E88400609E69 /* login_password@2x.png */,
				BA9E6AB81977E88400609E69 /* login_username.png */,
				BA9E6AB91977E88400609E69 /* login_username@2x.png */,
				BA9E6ABA1977E88400609E69 /* logo.png */,
				BA9E6ABB1977E88400609E69 /* logo@2x.png */,
				BA9E6ABC1977E88400609E69 /* logout.png */,
				BA9E6ABD1977E88400609E69 /* logout@2x.png */,
				BA9E6ABE1977E88400609E69 /* logout_pressed.png */,
				BA9E6ABF1977E88400609E69 /* logout_pressed@2x.png */,
				BA9E6AC01977E88400609E69 /* radio_button_empty.png */,
				BA9E6AC11977E88400609E69 /* radio_button_empty@2x.png */,
				BA9E6AC21977E88400609E69 /* radio_button_filled.png */,
				BA9E6AC31977E88400609E69 /* radio_button_filled@2x.png */,
				BA9E6AC41977E88400609E69 /* requests_jobs.png */,
				BA9E6AC51977E88400609E69 /* requests_Jobs@2x */,
				BA9E6AC61977E88400609E69 /* requests_jobs_pressed.png */,
				BA9E6AC71977E88400609E69 /* requests_Jobs_pressed@2x */,
				BA9E6AC81977E88400609E69 /* save.png */,
				BA9E6AC91977E88400609E69 /* save@2x.png */,
				BA9E6ACA1977E88400609E69 /* scheduling.png */,
				BA9E6ACB1977E88400609E69 /* scheduling@2x.png */,
				BA9E6ACC1977E88400609E69 /* scheduling_pressed.png */,
				BA9E6ACD1977E88400609E69 /* scheduling_pressed@2x.png */,
				BA9E6ACE1977E88400609E69 /* search.png */,
				BA9E6ACF1977E88400609E69 /* search@2x.png */,
				BA9E6AD01977E88400609E69 /* service_provider_hollow.png */,
				BA9E6AD11977E88400609E69 /* service_provider_hollow@2x.png */,
				BA9E6AD21977E88400609E69 /* service_providers.png */,
				BA9E6AD31977E88400609E69 /* service_providers@2x.png */,
				BA9E6AD41977E88400609E69 /* slider.png */,
				BA9E6AD51977E88400609E69 /* slider@2x.png */,
				BA9E6AD61977E88400609E69 /* summary.png */,
				BA9E6AD71977E88400609E69 /* summary@2x.png */,
				BA9E6AD81977E88400609E69 /* summary_edit.png */,
				BA9E6AD91977E88400609E69 /* summary_edit@2x.png */,
				BA9E6ADA1977E88400609E69 /* summary_pressed.png */,
				BA9E6ADB1977E88400609E69 /* summary_pressed@2x.png */,
				BA9E6ADC1977E88400609E69 /* text_field_bg.png */,
				BA9E6ADD1977E88400609E69 /* text_field_bg@2x.png */,
				BA9E6ADE1977E88400609E69 /* text_field_bg_with_btn.png */,
				BA9E6ADF1977E88400609E69 /* text_field_bg_with_btn@2x.png */,
				BA9E6AE01977E88400609E69 /* trash@2x.png */,
				BA9E6AE11977E88400609E69 /* unchecked.png */,
				BA9E6AE21977E88400609E69 /* unchecked@2x.png */,
				BA9E6AE31977E88400609E69 /* view.png */,
				BA9E6AE41977E88400609E69 /* view@2x.png */,
				BA9E6AE51977E88400609E69 /* view_pressed.png */,
				BA9E6AE61977E88400609E69 /* view_pressed@2x.png */,
			);
			path = Images;
			sourceTree = "<group>";
		};
		BA9E6B671977E8EE00609E69 /* GIS_Constants */ = {
			isa = PBXGroup;
			children = (
				BA9E6B681977E8EE00609E69 /* GISConstants.h */,
			);
			path = GIS_Constants;
			sourceTree = "<group>";
		};
/* End PBXGroup section */

/* Begin PBXNativeTarget section */
		BA3AF20B196BBAF7006A1E3B /* GIS_Scheduler */ = {
			isa = PBXNativeTarget;
			buildConfigurationList = BA3AF238196BBAF8006A1E3B /* Build configuration list for PBXNativeTarget "GIS_Scheduler" */;
			buildPhases = (
				BA3AF208196BBAF7006A1E3B /* Sources */,
				BA3AF209196BBAF7006A1E3B /* Frameworks */,
				BA3AF20A196BBAF7006A1E3B /* Resources */,
			);
			buildRules = (
			);
			dependencies = (
			);
			name = GIS_Scheduler;
			productName = GIS_Scheduler;
			productReference = BA3AF20C196BBAF7006A1E3B /* GIS_Scheduler.app */;
			productType = "com.apple.product-type.application";
		};
		BA3AF226196BBAF7006A1E3B /* GIS_SchedulerTests */ = {
			isa = PBXNativeTarget;
			buildConfigurationList = BA3AF23B196BBAF8006A1E3B /* Build configuration list for PBXNativeTarget "GIS_SchedulerTests" */;
			buildPhases = (
				BA3AF223196BBAF7006A1E3B /* Sources */,
				BA3AF224196BBAF7006A1E3B /* Frameworks */,
				BA3AF225196BBAF7006A1E3B /* Resources */,
			);
			buildRules = (
			);
			dependencies = (
				BA3AF22D196BBAF8006A1E3B /* PBXTargetDependency */,
			);
			name = GIS_SchedulerTests;
			productName = GIS_SchedulerTests;
			productReference = BA3AF227196BBAF7006A1E3B /* GIS_SchedulerTests.xctest */;
			productType = "com.apple.product-type.bundle.unit-test";
		};
/* End PBXNativeTarget section */

/* Begin PBXProject section */
		BA3AF204196BBAF7006A1E3B /* Project object */ = {
			isa = PBXProject;
			attributes = {
				LastUpgradeCheck = 0500;
				ORGANIZATIONNAME = Paradigm;
				TargetAttributes = {
					BA3AF226196BBAF7006A1E3B = {
						TestTargetID = BA3AF20B196BBAF7006A1E3B;
					};
				};
			};
			buildConfigurationList = BA3AF207196BBAF7006A1E3B /* Build configuration list for PBXProject "GIS_Scheduler" */;
			compatibilityVersion = "Xcode 3.2";
			developmentRegion = English;
			hasScannedForEncodings = 0;
			knownRegions = (
				en,
			);
			mainGroup = BA3AF203196BBAF7006A1E3B;
			productRefGroup = BA3AF20D196BBAF7006A1E3B /* Products */;
			projectDirPath = "";
			projectRoot = "";
			targets = (
				BA3AF20B196BBAF7006A1E3B /* GIS_Scheduler */,
				BA3AF226196BBAF7006A1E3B /* GIS_SchedulerTests */,
			);
		};
/* End PBXProject section */

/* Begin PBXResourcesBuildPhase section */
		BA3AF20A196BBAF7006A1E3B /* Resources */ = {
			isa = PBXResourcesBuildPhase;
			buildActionMask = 2147483647;
			files = (
				BA9E6B2A1977E88400609E69 /* incomplete_request@2x.png in Resources */,
				BA9E6B501977E88400609E69 /* service_provider_hollow@2x.png in Resources */,
				BA9E6B141977E88400609E69 /* dates_and_times@2x.png in Resources */,
				BA9E6B471977E88400609E69 /* save.png in Resources */,
				BA9E6B2D1977E88400609E69 /* job_details.png in Resources */,
				BA9E6AF51977E88400609E69 /* calender.png in Resources */,
				BA9E6B391977E88400609E69 /* logo.png in Resources */,
				BA9E6AED1977E88400609E69 /* add.png in Resources */,
				BA9E6B4D1977E88400609E69 /* search.png in Resources */,
				BA59EC421977EC530083864D /* GISDashBoardListViewController.xib in Resources */,
				BA9E6B331977E88400609E69 /* location_pressed.png in Resources */,
				BA9E6B211977E88400609E69 /* event_details.png in Resources */,
				BA9E6B5F1977E88400609E69 /* trash@2x.png in Resources */,
				BA9E6AFC1977E88400609E69 /* checked@2x.png in Resources */,
				BA9E6AEF1977E88400609E69 /* arrow.png in Resources */,
				BA9E6B191977E88400609E69 /* delete_pressed.png in Resources */,
				BA9E6B291977E88400609E69 /* incomplete_request.png in Resources */,
				BA9E6B1A1977E88400609E69 /* delete_pressed@2x.png in Resources */,
				BA9E6B431977E88400609E69 /* requests_jobs.png in Resources */,
				BA9E6B3F1977E88400609E69 /* radio_button_empty.png in Resources */,
				BA9E6B5C1977E88400609E69 /* text_field_bg@2x.png in Resources */,
				BA3AF21A196BBAF7006A1E3B /* InfoPlist.strings in Resources */,
				BA9E6B481977E88400609E69 /* save@2x.png in Resources */,
				BA9E6B201977E88400609E69 /* edit_pressed@2x.png in Resources */,
				BA9E6B001977E88400609E69 /* clock@2x.png in Resources */,
				BA9E6B4B1977E88400609E69 /* scheduling_pressed.png in Resources */,
				BA9E6B281977E88400609E69 /* find_requests_jobs_pressed@2x.png in Resources */,
				BA9E6B511977E88400609E69 /* service_providers.png in Resources */,
				BA9E6B021977E88400609E69 /* comments@2x.png in Resources */,
				BA9E6B4A1977E88400609E69 /* scheduling@2x.png in Resources */,
				BA9E6B371977E88400609E69 /* login_username.png in Resources */,
				BA9E6B161977E88400609E69 /* dates_and_times_pressed@2x.png in Resources */,
				BA9E6B591977E88400609E69 /* summary_pressed.png in Resources */,
				BA9E6B241977E88400609E69 /* event_details_pressed@2x.png in Resources */,
				BA9E6AFA1977E88400609E69 /* check_pressed@2x.png in Resources */,
				BA3AF21A196BBAF7006A1E3B /* InfoPlist.strings in Resources */,
				BA9E6B3B1977E88400609E69 /* logout.png in Resources */,
				BA9E6AF71977E88400609E69 /* check.png in Resources */,
				BA9E6B351977E88400609E69 /* login_password.png in Resources */,
				BA9E6B451977E88400609E69 /* requests_jobs_pressed.png in Resources */,
				BA9E6B081977E88400609E69 /* contact_and_billing_pressed@2x.png in Resources */,
				BA9E6B5A1977E88400609E69 /* summary_pressed@2x.png in Resources */,
				BA3AF21A196BBAF7006A1E3B /* InfoPlist.strings in Resources */,
				BA9E6B011977E88400609E69 /* comments.png in Resources */,
				BA9E6B631977E88400609E69 /* view@2x.png in Resources */,
				BA9E6AF81977E88400609E69 /* check@2x.png in Resources */,
				BA9E6B531977E88400609E69 /* slider.png in Resources */,
				BA9E6B361977E88400609E69 /* login_password@2x.png in Resources */,
				8A232EE91973ACD700E2BEDF /* GISLoginViewController.xib in Resources */,
				BA9E6B651977E88400609E69 /* view_pressed@2x.png in Resources */,
				8A5E2E2E19753B5D00BE3C04 /* GISEventDetailsViewController.xib in Resources */,
				BA9E6AFF1977E88400609E69 /* clock.png in Resources */,
				8A5052C61977D76F007288F5 /* GISDashBoardViewController.xib in Resources */,
				BA9E6B4E1977E88400609E69 /* search@2x.png in Resources */,
				BA9E6B231977E88400609E69 /* event_details_pressed.png in Resources */,
				BA9E6B3A1977E88400609E69 /* logo@2x.png in Resources */,
				BA9E6AF11977E88400609E69 /* attendees.png in Resources */,
				8A5E2E3419753C8100BE3C04 /* GISEventDetailsCell.xib in Resources */,
				BA9E6B301977E88400609E69 /* job_details_pressed@2x.png in Resources */,
				BA9E6B621977E88400609E69 /* view.png in Resources */,
				BA9E6B251977E88400609E69 /* find_requests_jobs.png in Resources */,
				BA9E6B221977E88400609E69 /* event_details@2x.png in Resources */,
				BA9E6B541977E88400609E69 /* slider@2x.png in Resources */,
				BA9E6AF61977E88400609E69 /* calender@2x.png in Resources */,
				BA9E6B441977E88400609E69 /* requests_Jobs@2x in Resources */,
				BA9E6B601977E88400609E69 /* unchecked.png in Resources */,
				BA9E6B341977E88400609E69 /* location_pressed@2x.png in Resources */,
				BA9E6B0A1977E88400609E69 /* dashboard.png in Resources */,
				BA9E6AF41977E88400609E69 /* attendees_pressed@2x.png in Resources */,
				BA9E6B491977E88400609E69 /* scheduling.png in Resources */,
				BA694A4B1975306000AC8CCC /* GISContactsAndBillingViewController.xib in Resources */,
				BA9E6B091977E88400609E69 /* dashbaord_pressed.png in Resources */,
				BA9E6B061977E88400609E69 /* contact_and_billing@2x.png in Resources */,
				BA9E6B321977E88400609E69 /* location@2x.png in Resources */,
				BA9E6B041977E88400609E69 /* comments_pressed@2x.png in Resources */,
				BA9E6AEE1977E88400609E69 /* add@2x.png in Resources */,
				8A5052D41977DB91007288F5 /* MyriadPro-Regular.otf in Resources */,
				BA9E6AFD1977E88400609E69 /* choose_request_bg.png in Resources */,
				BA9E6B3C1977E88400609E69 /* logout@2x.png in Resources */,
				BA9E6AF21977E88400609E69 /* attendees@2x.png in Resources */,
				BA9E6AEA1977E88400609E69 /* GISAttendeesTopCell.xib in Resources */,
				BA9E6B031977E88400609E69 /* comments_pressed.png in Resources */,
				BA9E6B131977E88400609E69 /* dates_and_times.png in Resources */,
				BA9E6B071977E88400609E69 /* contact_and_billing_pressed.png in Resources */,
				8A5052D51977DB91007288F5 /* MyriadPro-Semibold.otf in Resources */,
				BA9E6B0B1977E88400609E69 /* dashboard@2x.png in Resources */,
				BA3AF222196BBAF7006A1E3B /* Images.xcassets in Resources */,
				8A5E2E281974F9F000BE3C04 /* GISVIewEditRequestViewController.xib in Resources */,
				BA9E6B641977E88400609E69 /* view_pressed.png in Resources */,
				BA9E6B381977E88400609E69 /* login_username@2x.png in Resources */,
				BA9E6B581977E88400609E69 /* summary_edit@2x.png in Resources */,
				BA9E6B5B1977E88400609E69 /* text_field_bg.png in Resources */,
				BA9E6B1B1977E88400609E69 /* dropdown.png in Resources */,
				BA9E6B571977E88400609E69 /* summary_edit.png in Resources */,
				BA9E6B551977E88400609E69 /* summary.png in Resources */,
				BA9E6AFB1977E88400609E69 /* checked.png in Resources */,
				BA9E6B421977E88400609E69 /* radio_button_filled@2x.png in Resources */,
				BA9E6AF91977E88400609E69 /* check_pressed.png in Resources */,
				BA9E6B521977E88400609E69 /* service_providers@2x.png in Resources */,
				BA9E6B4C1977E88400609E69 /* scheduling_pressed@2x.png in Resources */,
				BA9E6AF31977E88400609E69 /* attendees_pressed.png in Resources */,
				8A5052CB1977D77E007288F5 /* GISDashBoardCell.xib in Resources */,
				BA9E6B311977E88400609E69 /* location.png in Resources */,
				BA9E6B561977E88400609E69 /* summary@2x.png in Resources */,
				BA9E6B1C1977E88400609E69 /* dropdown@2x.png in Resources */,
				BA9E6B411977E88400609E69 /* radio_button_filled.png in Resources */,
				BA694A511975389D00AC8CCC /* GISDatesAndTimesViewController.xib in Resources */,
				BA9E6B181977E88400609E69 /* delete@2x.png in Resources */,
				BA9E6B5D1977E88400609E69 /* text_field_bg_with_btn.png in Resources */,
				BA9E6B2E1977E88400609E69 /* job_details@2x.png in Resources */,
				BA9E6B401977E88400609E69 /* radio_button_empty@2x.png in Resources */,
				BA9E6B171977E88400609E69 /* delete.png in Resources */,
				8A5052D31977DB91007288F5 /* MyriadPro-Bold.otf in Resources */,
				BA9E6AF01977E88400609E69 /* arrow@2x.png in Resources */,
				BA9E6B271977E88400609E69 /* find_requests_jobs_pressed.png in Resources */,
				BA9E6B0C1977E88400609E69 /* dashboard_pressed@2x.png in Resources */,
				BA9E6B461977E88400609E69 /* requests_Jobs_pressed@2x in Resources */,
				BA9E6B611977E88400609E69 /* unchecked@2x.png in Resources */,
				BA9E6B1F1977E88400609E69 /* edit_pressed.png in Resources */,
				BA9E6B051977E88400609E69 /* contact_and_billing.png in Resources */,
				BA9E6B1D1977E88400609E69 /* edit.png in Resources */,
				BA9E6B3E1977E88400609E69 /* logout_pressed@2x.png in Resources */,
				BA9E6B2B1977E88400609E69 /* info.png in Resources */,
				BA9E6B4F1977E88400609E69 /* service_provider_hollow.png in Resources */,
				BA9E6B2F1977E88400609E69 /* job_details_pressed.png in Resources */,
				BA9E6AFE1977E88400609E69 /* choose_request_bg@2x.png in Resources */,
				BA9E6B3D1977E88400609E69 /* logout_pressed.png in Resources */,
				8A5052B719779D2A007288F5 /* GISPreparationMaterialCell.xib in Resources */,
				BA9E6B1E1977E88400609E69 /* edit@2x.png in Resources */,
				BA9E6AEC1977E88400609E69 /* GISAttendeesViewController.xib in Resources */,
				BA9E6B261977E88400609E69 /* find_requests_jobs@2x.png in Resources */,
				BA9E6B2C1977E88400609E69 /* info@2x.png in Resources */,
				BA9E6B5E1977E88400609E69 /* text_field_bg_with_btn@2x.png in Resources */,
				BA9E6AE81977E88400609E69 /* GISAttendeesCell.xib in Resources */,
				BA9E6B151977E88400609E69 /* dates_and_times_pressed.png in Resources */,
			);
			runOnlyForDeploymentPostprocessing = 0;
		};
		BA3AF225196BBAF7006A1E3B /* Resources */ = {
			isa = PBXResourcesBuildPhase;
			buildActionMask = 2147483647;
			files = (
				BA3AF233196BBAF8006A1E3B /* InfoPlist.strings in Resources */,
			);
			runOnlyForDeploymentPostprocessing = 0;
		};
/* End PBXResourcesBuildPhase section */

/* Begin PBXSourcesBuildPhase section */
		BA3AF208196BBAF7006A1E3B /* Sources */ = {
			isa = PBXSourcesBuildPhase;
			buildActionMask = 2147483647;
			files = (
				BA7D6A031977EE720014C505 /* GISDashBoardViewController.m in Sources */,
				BA59EC411977EC530083864D /* GISDashBoardListViewController.m in Sources */,
				8A232EE81973ACD700E2BEDF /* GISLoginViewController.m in Sources */,
				BA9E6AEB1977E88400609E69 /* GISAttendeesViewController.m in Sources */,
				8A5E2E2D19753B5D00BE3C04 /* GISEventDetailsViewController.m in Sources */,
				8A5E2E271974F9F000BE3C04 /* GISVIewEditRequestViewController.m in Sources */,
				8A9B25AE19767701002F1AC0 /* GISBaseViewController.m in Sources */,
				8A9B25AA197676CE002F1AC0 /* GISUtility.m in Sources */,
				8A5E2E3219753C2200BE3C04 /* GISEventDetailsCell.m in Sources */,
				8A5052CA1977D77E007288F5 /* GISDashBoardCell.m in Sources */,
				8A5052D21977DB91007288F5 /* GISFonts.m in Sources */,
				BA9E6AE71977E88400609E69 /* GISAppDelegate.m in Sources */,
				8A9B25B21976796F002F1AC0 /* Reachability.m in Sources */,
				BA3AF21C196BBAF7006A1E3B /* main.m in Sources */,
				BA694A4A1975306000AC8CCC /* GISContactsAndBillingViewController.m in Sources */,
				BA694A501975389D00AC8CCC /* GISDatesAndTimesViewController.m in Sources */,
				BA9E6AE91977E88400609E69 /* GISAttendeesTopCell.m in Sources */,
				8A5052B519779CFD007288F5 /* GISPreparationMaterialCell.m in Sources */,
				8A9B25AB197676CE002F1AC0 /* GISNetworkUtility.m in Sources */,
			);
			runOnlyForDeploymentPostprocessing = 0;
		};
		BA3AF223196BBAF7006A1E3B /* Sources */ = {
			isa = PBXSourcesBuildPhase;
			buildActionMask = 2147483647;
			files = (
				BA3AF235196BBAF8006A1E3B /* GIS_SchedulerTests.m in Sources */,
			);
			runOnlyForDeploymentPostprocessing = 0;
		};
/* End PBXSourcesBuildPhase section */

/* Begin PBXTargetDependency section */
		BA3AF22D196BBAF8006A1E3B /* PBXTargetDependency */ = {
			isa = PBXTargetDependency;
			target = BA3AF20B196BBAF7006A1E3B /* GIS_Scheduler */;
			targetProxy = BA3AF22C196BBAF8006A1E3B /* PBXContainerItemProxy */;
		};
/* End PBXTargetDependency section */

/* Begin PBXVariantGroup section */
		BA3AF218196BBAF7006A1E3B /* InfoPlist.strings */ = {
			isa = PBXVariantGroup;
			children = (
				BA3AF219196BBAF7006A1E3B /* en */,
			);
			name = InfoPlist.strings;
			sourceTree = "<group>";
		};
		BA3AF231196BBAF8006A1E3B /* InfoPlist.strings */ = {
			isa = PBXVariantGroup;
			children = (
				BA3AF232196BBAF8006A1E3B /* en */,
			);
			name = InfoPlist.strings;
			sourceTree = "<group>";
		};
/* End PBXVariantGroup section */

/* Begin XCBuildConfiguration section */
		BA3AF236196BBAF8006A1E3B /* Debug */ = {
			isa = XCBuildConfiguration;
			buildSettings = {
				ALWAYS_SEARCH_USER_PATHS = NO;
				ARCHS = "$(ARCHS_STANDARD_INCLUDING_64_BIT)";
				CLANG_CXX_LANGUAGE_STANDARD = "gnu++0x";
				CLANG_CXX_LIBRARY = "libc++";
				CLANG_ENABLE_MODULES = YES;
				CLANG_ENABLE_OBJC_ARC = YES;
				CLANG_WARN_BOOL_CONVERSION = YES;
				CLANG_WARN_CONSTANT_CONVERSION = YES;
				CLANG_WARN_DIRECT_OBJC_ISA_USAGE = YES_ERROR;
				CLANG_WARN_EMPTY_BODY = YES;
				CLANG_WARN_ENUM_CONVERSION = YES;
				CLANG_WARN_INT_CONVERSION = YES;
				CLANG_WARN_OBJC_ROOT_CLASS = YES_ERROR;
				CLANG_WARN__DUPLICATE_METHOD_MATCH = YES;
				"CODE_SIGN_IDENTITY[sdk=iphoneos*]" = "iPhone Developer";
				COPY_PHASE_STRIP = NO;
				GCC_C_LANGUAGE_STANDARD = gnu99;
				GCC_DYNAMIC_NO_PIC = NO;
				GCC_OPTIMIZATION_LEVEL = 0;
				GCC_PREPROCESSOR_DEFINITIONS = (
					"DEBUG=1",
					"$(inherited)",
				);
				GCC_SYMBOLS_PRIVATE_EXTERN = NO;
				GCC_WARN_64_TO_32_BIT_CONVERSION = YES;
				GCC_WARN_ABOUT_RETURN_TYPE = YES_ERROR;
				GCC_WARN_UNDECLARED_SELECTOR = YES;
				GCC_WARN_UNINITIALIZED_AUTOS = YES;
				GCC_WARN_UNUSED_FUNCTION = YES;
				GCC_WARN_UNUSED_VARIABLE = YES;
				IPHONEOS_DEPLOYMENT_TARGET = 7.0;
				ONLY_ACTIVE_ARCH = YES;
				SDKROOT = iphoneos;
				TARGETED_DEVICE_FAMILY = 2;
			};
			name = Debug;
		};
		BA3AF237196BBAF8006A1E3B /* Release */ = {
			isa = XCBuildConfiguration;
			buildSettings = {
				ALWAYS_SEARCH_USER_PATHS = NO;
				ARCHS = "$(ARCHS_STANDARD_INCLUDING_64_BIT)";
				CLANG_CXX_LANGUAGE_STANDARD = "gnu++0x";
				CLANG_CXX_LIBRARY = "libc++";
				CLANG_ENABLE_MODULES = YES;
				CLANG_ENABLE_OBJC_ARC = YES;
				CLANG_WARN_BOOL_CONVERSION = YES;
				CLANG_WARN_CONSTANT_CONVERSION = YES;
				CLANG_WARN_DIRECT_OBJC_ISA_USAGE = YES_ERROR;
				CLANG_WARN_EMPTY_BODY = YES;
				CLANG_WARN_ENUM_CONVERSION = YES;
				CLANG_WARN_INT_CONVERSION = YES;
				CLANG_WARN_OBJC_ROOT_CLASS = YES_ERROR;
				CLANG_WARN__DUPLICATE_METHOD_MATCH = YES;
				"CODE_SIGN_IDENTITY[sdk=iphoneos*]" = "iPhone Developer";
				COPY_PHASE_STRIP = YES;
				ENABLE_NS_ASSERTIONS = NO;
				GCC_C_LANGUAGE_STANDARD = gnu99;
				GCC_WARN_64_TO_32_BIT_CONVERSION = YES;
				GCC_WARN_ABOUT_RETURN_TYPE = YES_ERROR;
				GCC_WARN_UNDECLARED_SELECTOR = YES;
				GCC_WARN_UNINITIALIZED_AUTOS = YES;
				GCC_WARN_UNUSED_FUNCTION = YES;
				GCC_WARN_UNUSED_VARIABLE = YES;
				IPHONEOS_DEPLOYMENT_TARGET = 7.0;
				SDKROOT = iphoneos;
				TARGETED_DEVICE_FAMILY = 2;
				VALIDATE_PRODUCT = YES;
			};
			name = Release;
		};
		BA3AF239196BBAF8006A1E3B /* Debug */ = {
			isa = XCBuildConfiguration;
			buildSettings = {
				ASSETCATALOG_COMPILER_APPICON_NAME = AppIcon;
				ASSETCATALOG_COMPILER_LAUNCHIMAGE_NAME = LaunchImage;
				GCC_PRECOMPILE_PREFIX_HEADER = YES;
				GCC_PREFIX_HEADER = "GIS_Scheduler/GIS_Scheduler-Prefix.pch";
				INFOPLIST_FILE = "GIS_Scheduler/GIS_Scheduler-Info.plist";
				PRODUCT_NAME = "$(TARGET_NAME)";
				WRAPPER_EXTENSION = app;
			};
			name = Debug;
		};
		BA3AF23A196BBAF8006A1E3B /* Release */ = {
			isa = XCBuildConfiguration;
			buildSettings = {
				ASSETCATALOG_COMPILER_APPICON_NAME = AppIcon;
				ASSETCATALOG_COMPILER_LAUNCHIMAGE_NAME = LaunchImage;
				GCC_PRECOMPILE_PREFIX_HEADER = YES;
				GCC_PREFIX_HEADER = "GIS_Scheduler/GIS_Scheduler-Prefix.pch";
				INFOPLIST_FILE = "GIS_Scheduler/GIS_Scheduler-Info.plist";
				PRODUCT_NAME = "$(TARGET_NAME)";
				WRAPPER_EXTENSION = app;
			};
			name = Release;
		};
		BA3AF23C196BBAF8006A1E3B /* Debug */ = {
			isa = XCBuildConfiguration;
			buildSettings = {
				ARCHS = "$(ARCHS_STANDARD_INCLUDING_64_BIT)";
				BUNDLE_LOADER = "$(BUILT_PRODUCTS_DIR)/GIS_Scheduler.app/GIS_Scheduler";
				FRAMEWORK_SEARCH_PATHS = (
					"$(SDKROOT)/Developer/Library/Frameworks",
					"$(inherited)",
					"$(DEVELOPER_FRAMEWORKS_DIR)",
				);
				GCC_PRECOMPILE_PREFIX_HEADER = YES;
				GCC_PREFIX_HEADER = "GIS_Scheduler/GIS_Scheduler-Prefix.pch";
				GCC_PREPROCESSOR_DEFINITIONS = (
					"DEBUG=1",
					"$(inherited)",
				);
				INFOPLIST_FILE = "GIS_SchedulerTests/GIS_SchedulerTests-Info.plist";
				PRODUCT_NAME = "$(TARGET_NAME)";
				TEST_HOST = "$(BUNDLE_LOADER)";
				WRAPPER_EXTENSION = xctest;
			};
			name = Debug;
		};
		BA3AF23D196BBAF8006A1E3B /* Release */ = {
			isa = XCBuildConfiguration;
			buildSettings = {
				ARCHS = "$(ARCHS_STANDARD_INCLUDING_64_BIT)";
				BUNDLE_LOADER = "$(BUILT_PRODUCTS_DIR)/GIS_Scheduler.app/GIS_Scheduler";
				FRAMEWORK_SEARCH_PATHS = (
					"$(SDKROOT)/Developer/Library/Frameworks",
					"$(inherited)",
					"$(DEVELOPER_FRAMEWORKS_DIR)",
				);
				GCC_PRECOMPILE_PREFIX_HEADER = YES;
				GCC_PREFIX_HEADER = "GIS_Scheduler/GIS_Scheduler-Prefix.pch";
				INFOPLIST_FILE = "GIS_SchedulerTests/GIS_SchedulerTests-Info.plist";
				PRODUCT_NAME = "$(TARGET_NAME)";
				TEST_HOST = "$(BUNDLE_LOADER)";
				WRAPPER_EXTENSION = xctest;
			};
			name = Release;
		};
/* End XCBuildConfiguration section */

/* Begin XCConfigurationList section */
		BA3AF207196BBAF7006A1E3B /* Build configuration list for PBXProject "GIS_Scheduler" */ = {
			isa = XCConfigurationList;
			buildConfigurations = (
				BA3AF236196BBAF8006A1E3B /* Debug */,
				BA3AF237196BBAF8006A1E3B /* Release */,
			);
			defaultConfigurationIsVisible = 0;
			defaultConfigurationName = Release;
		};
		BA3AF238196BBAF8006A1E3B /* Build configuration list for PBXNativeTarget "GIS_Scheduler" */ = {
			isa = XCConfigurationList;
			buildConfigurations = (
				BA3AF239196BBAF8006A1E3B /* Debug */,
				BA3AF23A196BBAF8006A1E3B /* Release */,
			);
			defaultConfigurationIsVisible = 0;
			defaultConfigurationName = Release;
		};
		BA3AF23B196BBAF8006A1E3B /* Build configuration list for PBXNativeTarget "GIS_SchedulerTests" */ = {
			isa = XCConfigurationList;
			buildConfigurations = (
				BA3AF23C196BBAF8006A1E3B /* Debug */,
				BA3AF23D196BBAF8006A1E3B /* Release */,
			);
			defaultConfigurationIsVisible = 0;
			defaultConfigurationName = Release;
		};
/* End XCConfigurationList section */
	};
	rootObject = BA3AF204196BBAF7006A1E3B /* Project object */;
}
